# THIS IS AN AUTOGENERATED FILE. DO NOT EDIT THIS FILE DIRECTLY.
# yarn lockfile v1


"@aws-crypto/sha256-browser@5.2.0":
  version "5.2.0"
  resolved "https://registry.yarnpkg.com/@aws-crypto/sha256-browser/-/sha256-browser-5.2.0.tgz#153895ef1dba6f9fce38af550e0ef58988eb649e"
  integrity sha512-AXfN/lGotSQwu6HNcEsIASo7kWXZ5HYWvfOmSNKDsEqC4OashTp8alTmaz+F7TC2L083SFv5RdB+qU3Vs1kZqw==
  dependencies:
    "@aws-crypto/sha256-js" "^5.2.0"
    "@aws-crypto/supports-web-crypto" "^5.2.0"
    "@aws-crypto/util" "^5.2.0"
    "@aws-sdk/types" "^3.222.0"
    "@aws-sdk/util-locate-window" "^3.0.0"
    "@smithy/util-utf8" "^2.0.0"
    tslib "^2.6.2"

"@aws-crypto/sha256-js@5.2.0", "@aws-crypto/sha256-js@^5.2.0":
  version "5.2.0"
  resolved "https://registry.yarnpkg.com/@aws-crypto/sha256-js/-/sha256-js-5.2.0.tgz#c4fdb773fdbed9a664fc1a95724e206cf3860042"
  integrity sha512-FFQQyu7edu4ufvIZ+OadFpHHOt+eSTBaYaki44c+akjg7qZg9oOQeLlk77F6tSYqjDAFClrHJk9tMf0HdVyOvA==
  dependencies:
    "@aws-crypto/util" "^5.2.0"
    "@aws-sdk/types" "^3.222.0"
    tslib "^2.6.2"

"@aws-crypto/supports-web-crypto@^5.2.0":
  version "5.2.0"
  resolved "https://registry.yarnpkg.com/@aws-crypto/supports-web-crypto/-/supports-web-crypto-5.2.0.tgz#a1e399af29269be08e695109aa15da0a07b5b5fb"
  integrity sha512-iAvUotm021kM33eCdNfwIN//F77/IADDSs58i+MDaOqFrVjZo9bAal0NK7HurRuWLLpF1iLX7gbWrjHjeo+YFg==
  dependencies:
    tslib "^2.6.2"

"@aws-crypto/util@^5.2.0":
  version "5.2.0"
  resolved "https://registry.yarnpkg.com/@aws-crypto/util/-/util-5.2.0.tgz#71284c9cffe7927ddadac793c14f14886d3876da"
  integrity sha512-4RkU9EsI6ZpBve5fseQlGNUWKMa1RLPQ1dnjnQoe07ldfIzcsGb5hC5W0Dm7u423KWzawlrpbjXBrXCEv9zazQ==
  dependencies:
    "@aws-sdk/types" "^3.222.0"
    "@smithy/util-utf8" "^2.0.0"
    tslib "^2.6.2"

"@aws-sdk/client-appsync@^3.565.0":
  version "3.893.0"
  resolved "https://registry.yarnpkg.com/@aws-sdk/client-appsync/-/client-appsync-3.893.0.tgz#3da4570cd96be330411e940782ec64df254fac04"
  integrity sha512-/5RLLWv1TDJFcyzAPznfOARVhQLvA7gJ6oEa9l+7RdmPQ37gTdsT/XmvE3atOaA0J16Z87a+HqOjeWK4vh1KyA==
  dependencies:
    "@aws-crypto/sha256-browser" "5.2.0"
    "@aws-crypto/sha256-js" "5.2.0"
    "@aws-sdk/core" "3.893.0"
    "@aws-sdk/credential-provider-node" "3.893.0"
    "@aws-sdk/middleware-host-header" "3.893.0"
    "@aws-sdk/middleware-logger" "3.893.0"
    "@aws-sdk/middleware-recursion-detection" "3.893.0"
    "@aws-sdk/middleware-user-agent" "3.893.0"
    "@aws-sdk/region-config-resolver" "3.893.0"
    "@aws-sdk/types" "3.893.0"
    "@aws-sdk/util-endpoints" "3.893.0"
    "@aws-sdk/util-user-agent-browser" "3.893.0"
    "@aws-sdk/util-user-agent-node" "3.893.0"
    "@smithy/config-resolver" "^4.2.2"
    "@smithy/core" "^3.11.1"
    "@smithy/fetch-http-handler" "^5.2.1"
    "@smithy/hash-node" "^4.1.1"
    "@smithy/invalid-dependency" "^4.1.1"
    "@smithy/middleware-content-length" "^4.1.1"
    "@smithy/middleware-endpoint" "^4.2.3"
    "@smithy/middleware-retry" "^4.2.4"
    "@smithy/middleware-serde" "^4.1.1"
    "@smithy/middleware-stack" "^4.1.1"
    "@smithy/node-config-provider" "^4.2.2"
    "@smithy/node-http-handler" "^4.2.1"
    "@smithy/protocol-http" "^5.2.1"
    "@smithy/smithy-client" "^4.6.3"
    "@smithy/types" "^4.5.0"
    "@smithy/url-parser" "^4.1.1"
    "@smithy/util-base64" "^4.1.0"
    "@smithy/util-body-length-browser" "^4.1.0"
    "@smithy/util-body-length-node" "^4.1.0"
    "@smithy/util-defaults-mode-browser" "^4.1.3"
    "@smithy/util-defaults-mode-node" "^4.1.3"
    "@smithy/util-endpoints" "^3.1.2"
    "@smithy/util-middleware" "^4.1.1"
    "@smithy/util-retry" "^4.1.2"
    "@smithy/util-stream" "^4.3.2"
    "@smithy/util-utf8" "^4.1.0"
    tslib "^2.6.2"

"@aws-sdk/client-sso@3.893.0":
  version "3.893.0"
  resolved "https://registry.yarnpkg.com/@aws-sdk/client-sso/-/client-sso-3.893.0.tgz#9ce6e0f08e8c4efc7c2f286c4399d64cb968d1f0"
  integrity sha512-0+qRGq7H8UNfxI0F02ObyOgOiYxkN4DSlFfwQUQMPfqENDNYOrL++2H9X3EInyc1lUM/+aK8TZqSbh473gdxcg==
  dependencies:
    "@aws-crypto/sha256-browser" "5.2.0"
    "@aws-crypto/sha256-js" "5.2.0"
    "@aws-sdk/core" "3.893.0"
    "@aws-sdk/middleware-host-header" "3.893.0"
    "@aws-sdk/middleware-logger" "3.893.0"
    "@aws-sdk/middleware-recursion-detection" "3.893.0"
    "@aws-sdk/middleware-user-agent" "3.893.0"
    "@aws-sdk/region-config-resolver" "3.893.0"
    "@aws-sdk/types" "3.893.0"
    "@aws-sdk/util-endpoints" "3.893.0"
    "@aws-sdk/util-user-agent-browser" "3.893.0"
    "@aws-sdk/util-user-agent-node" "3.893.0"
    "@smithy/config-resolver" "^4.2.2"
    "@smithy/core" "^3.11.1"
    "@smithy/fetch-http-handler" "^5.2.1"
    "@smithy/hash-node" "^4.1.1"
    "@smithy/invalid-dependency" "^4.1.1"
    "@smithy/middleware-content-length" "^4.1.1"
    "@smithy/middleware-endpoint" "^4.2.3"
    "@smithy/middleware-retry" "^4.2.4"
    "@smithy/middleware-serde" "^4.1.1"
    "@smithy/middleware-stack" "^4.1.1"
    "@smithy/node-config-provider" "^4.2.2"
    "@smithy/node-http-handler" "^4.2.1"
    "@smithy/protocol-http" "^5.2.1"
    "@smithy/smithy-client" "^4.6.3"
    "@smithy/types" "^4.5.0"
    "@smithy/url-parser" "^4.1.1"
    "@smithy/util-base64" "^4.1.0"
    "@smithy/util-body-length-browser" "^4.1.0"
    "@smithy/util-body-length-node" "^4.1.0"
    "@smithy/util-defaults-mode-browser" "^4.1.3"
    "@smithy/util-defaults-mode-node" "^4.1.3"
    "@smithy/util-endpoints" "^3.1.2"
    "@smithy/util-middleware" "^4.1.1"
    "@smithy/util-retry" "^4.1.2"
    "@smithy/util-utf8" "^4.1.0"
    tslib "^2.6.2"

"@aws-sdk/core@3.893.0":
  version "3.893.0"
  resolved "https://registry.yarnpkg.com/@aws-sdk/core/-/core-3.893.0.tgz#afe486bb1ec905a6f73cff99004dd37543986d05"
  integrity sha512-E1NAWHOprBXIJ9CVb6oTsRD/tNOozrKBD/Sb4t7WZd3dpby6KpYfM6FaEGfRGcJBIcB4245hww8Rmg16qDMJWg==
  dependencies:
    "@aws-sdk/types" "3.893.0"
    "@aws-sdk/xml-builder" "3.893.0"
    "@smithy/core" "^3.11.1"
    "@smithy/node-config-provider" "^4.2.2"
    "@smithy/property-provider" "^4.1.1"
    "@smithy/protocol-http" "^5.2.1"
    "@smithy/signature-v4" "^5.2.1"
    "@smithy/smithy-client" "^4.6.3"
    "@smithy/types" "^4.5.0"
    "@smithy/util-base64" "^4.1.0"
    "@smithy/util-body-length-browser" "^4.1.0"
    "@smithy/util-middleware" "^4.1.1"
    "@smithy/util-utf8" "^4.1.0"
    fast-xml-parser "5.2.5"
    tslib "^2.6.2"

"@aws-sdk/credential-provider-env@3.893.0":
  version "3.893.0"
  resolved "https://registry.yarnpkg.com/@aws-sdk/credential-provider-env/-/credential-provider-env-3.893.0.tgz#89931e281c5e9c08f6f107bbb89c86a79334d070"
  integrity sha512-h4sYNk1iDrSZQLqFfbuD1GWY6KoVCvourfqPl6JZCYj8Vmnox5y9+7taPxwlU2VVII0hiV8UUbO79P35oPBSyA==
  dependencies:
    "@aws-sdk/core" "3.893.0"
    "@aws-sdk/types" "3.893.0"
    "@smithy/property-provider" "^4.1.1"
    "@smithy/types" "^4.5.0"
    tslib "^2.6.2"

"@aws-sdk/credential-provider-http@3.893.0":
  version "3.893.0"
  resolved "https://registry.yarnpkg.com/@aws-sdk/credential-provider-http/-/credential-provider-http-3.893.0.tgz#b3c34d88203c0ae59b71a16435f471f9bbe81c5f"
  integrity sha512-xYoC7DRr++zWZ9jG7/hvd6YjCbGDQzsAu2fBHHf91RVmSETXUgdEaP9rOdfCM02iIK/MYlwiWEIVBcBxWY/GQw==
  dependencies:
    "@aws-sdk/core" "3.893.0"
    "@aws-sdk/types" "3.893.0"
    "@smithy/fetch-http-handler" "^5.2.1"
    "@smithy/node-http-handler" "^4.2.1"
    "@smithy/property-provider" "^4.1.1"
    "@smithy/protocol-http" "^5.2.1"
    "@smithy/smithy-client" "^4.6.3"
    "@smithy/types" "^4.5.0"
    "@smithy/util-stream" "^4.3.2"
    tslib "^2.6.2"

"@aws-sdk/credential-provider-ini@3.893.0":
  version "3.893.0"
  resolved "https://registry.yarnpkg.com/@aws-sdk/credential-provider-ini/-/credential-provider-ini-3.893.0.tgz#617754f4c23e83baf8f1720e3824bfdc102a0f92"
  integrity sha512-ZQWOl4jdLhJHHrHsOfNRjgpP98A5kw4YzkMOUoK+TgSQVLi7wjb957V0htvwpi6KmGr3f2F8J06D6u2OtIc62w==
  dependencies:
    "@aws-sdk/core" "3.893.0"
    "@aws-sdk/credential-provider-env" "3.893.0"
    "@aws-sdk/credential-provider-http" "3.893.0"
    "@aws-sdk/credential-provider-process" "3.893.0"
    "@aws-sdk/credential-provider-sso" "3.893.0"
    "@aws-sdk/credential-provider-web-identity" "3.893.0"
    "@aws-sdk/nested-clients" "3.893.0"
    "@aws-sdk/types" "3.893.0"
    "@smithy/credential-provider-imds" "^4.1.2"
    "@smithy/property-provider" "^4.1.1"
    "@smithy/shared-ini-file-loader" "^4.2.0"
    "@smithy/types" "^4.5.0"
    tslib "^2.6.2"

"@aws-sdk/credential-provider-node@3.893.0":
  version "3.893.0"
  resolved "https://registry.yarnpkg.com/@aws-sdk/credential-provider-node/-/credential-provider-node-3.893.0.tgz#e8d1bb203e8fb14dcac4f9d573db649320528631"
  integrity sha512-NjvDUXciC2+EaQnbL/u/ZuCXj9PZQ/9ciPhI62LGCoJ3ft91lI1Z58Dgut0OFPpV6i16GhpFxzmbuf40wTgDbA==
  dependencies:
    "@aws-sdk/credential-provider-env" "3.893.0"
    "@aws-sdk/credential-provider-http" "3.893.0"
    "@aws-sdk/credential-provider-ini" "3.893.0"
    "@aws-sdk/credential-provider-process" "3.893.0"
    "@aws-sdk/credential-provider-sso" "3.893.0"
    "@aws-sdk/credential-provider-web-identity" "3.893.0"
    "@aws-sdk/types" "3.893.0"
    "@smithy/credential-provider-imds" "^4.1.2"
    "@smithy/property-provider" "^4.1.1"
    "@smithy/shared-ini-file-loader" "^4.2.0"
    "@smithy/types" "^4.5.0"
    tslib "^2.6.2"

"@aws-sdk/credential-provider-process@3.893.0":
  version "3.893.0"
  resolved "https://registry.yarnpkg.com/@aws-sdk/credential-provider-process/-/credential-provider-process-3.893.0.tgz#83a09fcf58a917977e5d0d9765d09c9bbdeced9c"
  integrity sha512-5XitkZdiQhjWJV71qWqrH7hMXwuK/TvIRwiwKs7Pj0sapGSk3YgD3Ykdlolz7sQOleoKWYYqgoq73fIPpTTmFA==
  dependencies:
    "@aws-sdk/core" "3.893.0"
    "@aws-sdk/types" "3.893.0"
    "@smithy/property-provider" "^4.1.1"
    "@smithy/shared-ini-file-loader" "^4.2.0"
    "@smithy/types" "^4.5.0"
    tslib "^2.6.2"

"@aws-sdk/credential-provider-sso@3.893.0":
  version "3.893.0"
  resolved "https://registry.yarnpkg.com/@aws-sdk/credential-provider-sso/-/credential-provider-sso-3.893.0.tgz#738b6583512538a5c7db4636a2aa705bb48f50f1"
  integrity sha512-ms8v13G1r0aHZh5PLcJu6AnQZPs23sRm3Ph0A7+GdqbPvWewP8M7jgZTKyTXi+oYXswdYECU1zPVur8zamhtLg==
  dependencies:
    "@aws-sdk/client-sso" "3.893.0"
    "@aws-sdk/core" "3.893.0"
    "@aws-sdk/token-providers" "3.893.0"
    "@aws-sdk/types" "3.893.0"
    "@smithy/property-provider" "^4.1.1"
    "@smithy/shared-ini-file-loader" "^4.2.0"
    "@smithy/types" "^4.5.0"
    tslib "^2.6.2"

"@aws-sdk/credential-provider-web-identity@3.893.0":
  version "3.893.0"
  resolved "https://registry.yarnpkg.com/@aws-sdk/credential-provider-web-identity/-/credential-provider-web-identity-3.893.0.tgz#3c0b00127755b6a760c87742fd2d3c22473fdae0"
  integrity sha512-wWD8r2ot4jf/CoogdPTl13HbwNLW4UheGUCu6gW7n9GoHh1JImYyooPHK8K7kD42hihydIA7OW7iFAf7//JYTw==
  dependencies:
    "@aws-sdk/core" "3.893.0"
    "@aws-sdk/nested-clients" "3.893.0"
    "@aws-sdk/types" "3.893.0"
    "@smithy/property-provider" "^4.1.1"
    "@smithy/shared-ini-file-loader" "^4.2.0"
    "@smithy/types" "^4.5.0"
    tslib "^2.6.2"

"@aws-sdk/middleware-host-header@3.893.0":
  version "3.893.0"
  resolved "https://registry.yarnpkg.com/@aws-sdk/middleware-host-header/-/middleware-host-header-3.893.0.tgz#1a4b14c11cff158b383e2b859be5c468d2c2c162"
  integrity sha512-qL5xYRt80ahDfj9nDYLhpCNkDinEXvjLe/Qen/Y/u12+djrR2MB4DRa6mzBCkLkdXDtf0WAoW2EZsNCfGrmOEQ==
  dependencies:
    "@aws-sdk/types" "3.893.0"
    "@smithy/protocol-http" "^5.2.1"
    "@smithy/types" "^4.5.0"
    tslib "^2.6.2"

"@aws-sdk/middleware-logger@3.893.0":
  version "3.893.0"
  resolved "https://registry.yarnpkg.com/@aws-sdk/middleware-logger/-/middleware-logger-3.893.0.tgz#4ecb20ee0771a2f3afdc07c1310b97251d3854e2"
  integrity sha512-ZqzMecjju5zkBquSIfVfCORI/3Mge21nUY4nWaGQy+NUXehqCGG4W7AiVpiHGOcY2cGJa7xeEkYcr2E2U9U0AA==
  dependencies:
    "@aws-sdk/types" "3.893.0"
    "@smithy/types" "^4.5.0"
    tslib "^2.6.2"

"@aws-sdk/middleware-recursion-detection@3.893.0":
  version "3.893.0"
  resolved "https://registry.yarnpkg.com/@aws-sdk/middleware-recursion-detection/-/middleware-recursion-detection-3.893.0.tgz#9fde6f10e72fcbd8ce4f0eea629c07ca64ce86ba"
  integrity sha512-H7Zotd9zUHQAr/wr3bcWHULYhEeoQrF54artgsoUGIf/9emv6LzY89QUccKIxYd6oHKNTrTyXm9F0ZZrzXNxlg==
  dependencies:
    "@aws-sdk/types" "3.893.0"
    "@aws/lambda-invoke-store" "^0.0.1"
    "@smithy/protocol-http" "^5.2.1"
    "@smithy/types" "^4.5.0"
    tslib "^2.6.2"

"@aws-sdk/middleware-user-agent@3.893.0":
  version "3.893.0"
  resolved "https://registry.yarnpkg.com/@aws-sdk/middleware-user-agent/-/middleware-user-agent-3.893.0.tgz#b6175e4df8d6bf85fb01fafab5b2794b345b32c8"
  integrity sha512-n1vHj7bdC4ycIAKkny0rmgvgvGOIgYnGBAqfPAFPR26WuGWmCxH2cT9nQTNA+li8ofxX9F9FIFBTKkW92Pc8iQ==
  dependencies:
    "@aws-sdk/core" "3.893.0"
    "@aws-sdk/types" "3.893.0"
    "@aws-sdk/util-endpoints" "3.893.0"
    "@smithy/core" "^3.11.1"
    "@smithy/protocol-http" "^5.2.1"
    "@smithy/types" "^4.5.0"
    tslib "^2.6.2"

"@aws-sdk/nested-clients@3.893.0":
  version "3.893.0"
  resolved "https://registry.yarnpkg.com/@aws-sdk/nested-clients/-/nested-clients-3.893.0.tgz#96d469503c4bcbc41cda4e7a9f10b3096238ce26"
  integrity sha512-HIUCyNtWkxvc0BmaJPUj/A0/29OapT/dzBNxr2sjgKNZgO81JuDFp+aXCmnf7vQoA2D1RzCsAIgEtfTExNFZqA==
  dependencies:
    "@aws-crypto/sha256-browser" "5.2.0"
    "@aws-crypto/sha256-js" "5.2.0"
    "@aws-sdk/core" "3.893.0"
    "@aws-sdk/middleware-host-header" "3.893.0"
    "@aws-sdk/middleware-logger" "3.893.0"
    "@aws-sdk/middleware-recursion-detection" "3.893.0"
    "@aws-sdk/middleware-user-agent" "3.893.0"
    "@aws-sdk/region-config-resolver" "3.893.0"
    "@aws-sdk/types" "3.893.0"
    "@aws-sdk/util-endpoints" "3.893.0"
    "@aws-sdk/util-user-agent-browser" "3.893.0"
    "@aws-sdk/util-user-agent-node" "3.893.0"
    "@smithy/config-resolver" "^4.2.2"
    "@smithy/core" "^3.11.1"
    "@smithy/fetch-http-handler" "^5.2.1"
    "@smithy/hash-node" "^4.1.1"
    "@smithy/invalid-dependency" "^4.1.1"
    "@smithy/middleware-content-length" "^4.1.1"
    "@smithy/middleware-endpoint" "^4.2.3"
    "@smithy/middleware-retry" "^4.2.4"
    "@smithy/middleware-serde" "^4.1.1"
    "@smithy/middleware-stack" "^4.1.1"
    "@smithy/node-config-provider" "^4.2.2"
    "@smithy/node-http-handler" "^4.2.1"
    "@smithy/protocol-http" "^5.2.1"
    "@smithy/smithy-client" "^4.6.3"
    "@smithy/types" "^4.5.0"
    "@smithy/url-parser" "^4.1.1"
    "@smithy/util-base64" "^4.1.0"
    "@smithy/util-body-length-browser" "^4.1.0"
    "@smithy/util-body-length-node" "^4.1.0"
    "@smithy/util-defaults-mode-browser" "^4.1.3"
    "@smithy/util-defaults-mode-node" "^4.1.3"
    "@smithy/util-endpoints" "^3.1.2"
    "@smithy/util-middleware" "^4.1.1"
    "@smithy/util-retry" "^4.1.2"
    "@smithy/util-utf8" "^4.1.0"
    tslib "^2.6.2"

"@aws-sdk/region-config-resolver@3.893.0":
  version "3.893.0"
  resolved "https://registry.yarnpkg.com/@aws-sdk/region-config-resolver/-/region-config-resolver-3.893.0.tgz#570dfd2314b3f71eb263557bb06fea36b5188cd6"
  integrity sha512-/cJvh3Zsa+Of0Zbg7vl9wp/kZtdb40yk/2+XcroAMVPO9hPvmS9r/UOm6tO7FeX4TtkRFwWaQJiTZTgSdsPY+Q==
  dependencies:
    "@aws-sdk/types" "3.893.0"
    "@smithy/node-config-provider" "^4.2.2"
    "@smithy/types" "^4.5.0"
    "@smithy/util-config-provider" "^4.1.0"
    "@smithy/util-middleware" "^4.1.1"
    tslib "^2.6.2"

"@aws-sdk/token-providers@3.893.0":
  version "3.893.0"
  resolved "https://registry.yarnpkg.com/@aws-sdk/token-providers/-/token-providers-3.893.0.tgz#f4e08f1837f3a103a60c3c2261a48a66103e19bb"
  integrity sha512-nkzuE910TxW4pnIwJ+9xDMx5m+A8iXGM16Oa838YKsds07cgkRp7sPnpH9B8NbGK2szskAAkXfj7t1f59EKd1Q==
  dependencies:
    "@aws-sdk/core" "3.893.0"
    "@aws-sdk/nested-clients" "3.893.0"
    "@aws-sdk/types" "3.893.0"
    "@smithy/property-provider" "^4.1.1"
    "@smithy/shared-ini-file-loader" "^4.2.0"
    "@smithy/types" "^4.5.0"
    tslib "^2.6.2"

"@aws-sdk/types@3.893.0", "@aws-sdk/types@^3.222.0":
  version "3.893.0"
  resolved "https://registry.yarnpkg.com/@aws-sdk/types/-/types-3.893.0.tgz#1afbdb9d62bf86caeac380e3cac11a051076400a"
  integrity sha512-Aht1nn5SnA0N+Tjv0dzhAY7CQbxVtmq1bBR6xI0MhG7p2XYVh1wXuKTzrldEvQWwA3odOYunAfT9aBiKZx9qIg==
  dependencies:
    "@smithy/types" "^4.5.0"
    tslib "^2.6.2"

"@aws-sdk/util-endpoints@3.893.0":
  version "3.893.0"
  resolved "https://registry.yarnpkg.com/@aws-sdk/util-endpoints/-/util-endpoints-3.893.0.tgz#786874ece0b9daf3d75e2e0995de3830d56712ed"
  integrity sha512-xeMcL31jXHKyxRwB3oeNjs8YEpyvMnSYWr2OwLydgzgTr0G349AHlJHwYGCF9xiJ2C27kDxVvXV/Hpdp0p7TWw==
  dependencies:
    "@aws-sdk/types" "3.893.0"
    "@smithy/types" "^4.5.0"
    "@smithy/url-parser" "^4.1.1"
    "@smithy/util-endpoints" "^3.1.2"
    tslib "^2.6.2"

"@aws-sdk/util-locate-window@^3.0.0":
  version "3.893.0"
  resolved "https://registry.yarnpkg.com/@aws-sdk/util-locate-window/-/util-locate-window-3.893.0.tgz#5df15f24e1edbe12ff1fe8906f823b51cd53bae8"
  integrity sha512-T89pFfgat6c8nMmpI8eKjBcDcgJq36+m9oiXbcUzeU55MP9ZuGgBomGjGnHaEyF36jenW9gmg3NfZDm0AO2XPg==
  dependencies:
    tslib "^2.6.2"

"@aws-sdk/util-user-agent-browser@3.893.0":
  version "3.893.0"
  resolved "https://registry.yarnpkg.com/@aws-sdk/util-user-agent-browser/-/util-user-agent-browser-3.893.0.tgz#be0aac5c73a30c2a03aedb2e3501bb277bad79a1"
  integrity sha512-PE9NtbDBW6Kgl1bG6A5fF3EPo168tnkj8TgMcT0sg4xYBWsBpq0bpJZRh+Jm5Bkwiw9IgTCLjEU7mR6xWaMB9w==
  dependencies:
    "@aws-sdk/types" "3.893.0"
    "@smithy/types" "^4.5.0"
    bowser "^2.11.0"
    tslib "^2.6.2"

"@aws-sdk/util-user-agent-node@3.893.0":
  version "3.893.0"
  resolved "https://registry.yarnpkg.com/@aws-sdk/util-user-agent-node/-/util-user-agent-node-3.893.0.tgz#19c1660f92630611435cba42a199e7cf9598523e"
  integrity sha512-tTRkJo/fth9NPJ2AO/XLuJWVsOhbhejQRLyP0WXG3z0Waa5IWK5YBxBC1tWWATUCwsN748JQXU03C1aF9cRD9w==
  dependencies:
    "@aws-sdk/middleware-user-agent" "3.893.0"
    "@aws-sdk/types" "3.893.0"
    "@smithy/node-config-provider" "^4.2.2"
    "@smithy/types" "^4.5.0"
    tslib "^2.6.2"

"@aws-sdk/xml-builder@3.893.0":
  version "3.893.0"
  resolved "https://registry.yarnpkg.com/@aws-sdk/xml-builder/-/xml-builder-3.893.0.tgz#6f91bd81462ad8a2ee1c563ba38b026b11414cd2"
  integrity sha512-qKkJ2E0hU60iq0o2+hBSIWS8sf34xhqiRRGw5nbRhwEnE2MsWsWBpRoysmr32uq9dHMWUzII0c/fS29+wOSdMA==
  dependencies:
    "@smithy/types" "^4.5.0"
    tslib "^2.6.2"

"@aws/lambda-invoke-store@^0.0.1":
  version "0.0.1"
  resolved "https://registry.yarnpkg.com/@aws/lambda-invoke-store/-/lambda-invoke-store-0.0.1.tgz#92d792a7dda250dfcb902e13228f37a81be57c8f"
  integrity sha512-ORHRQ2tmvnBXc8t/X9Z8IcSbBA4xTLKuN873FopzklHMeqBst7YG0d+AX97inkvDX+NChYtSr+qGfcqGFaI8Zw==

"@smithy/abort-controller@^4.1.1":
  version "4.1.1"
  resolved "https://registry.yarnpkg.com/@smithy/abort-controller/-/abort-controller-4.1.1.tgz#9b3872ab6b2c061486175c281dadc0a853260533"
  integrity sha512-vkzula+IwRvPR6oKQhMYioM3A/oX/lFCZiwuxkQbRhqJS2S4YRY2k7k/SyR2jMf3607HLtbEwlRxi0ndXHMjRg==
  dependencies:
    "@smithy/types" "^4.5.0"
    tslib "^2.6.2"

"@smithy/config-resolver@^4.2.2":
  version "4.2.2"
  resolved "https://registry.yarnpkg.com/@smithy/config-resolver/-/config-resolver-4.2.2.tgz#3f6a3c163f9b5b7f852d7d1817bc9e3b2136fa5f"
  integrity sha512-IT6MatgBWagLybZl1xQcURXRICvqz1z3APSCAI9IqdvfCkrA7RaQIEfgC6G/KvfxnDfQUDqFV+ZlixcuFznGBQ==
  dependencies:
    "@smithy/node-config-provider" "^4.2.2"
    "@smithy/types" "^4.5.0"
    "@smithy/util-config-provider" "^4.1.0"
    "@smithy/util-middleware" "^4.1.1"
    tslib "^2.6.2"

"@smithy/core@^3.11.1":
  version "3.11.1"
  resolved "https://registry.yarnpkg.com/@smithy/core/-/core-3.11.1.tgz#670067d5c9e81f860b6d4d1494520ec518b38f43"
  integrity sha512-REH7crwORgdjSpYs15JBiIWOYjj0hJNC3aCecpJvAlMMaaqL5i2CLb1i6Hc4yevToTKSqslLMI9FKjhugEwALA==
  dependencies:
    "@smithy/middleware-serde" "^4.1.1"
    "@smithy/protocol-http" "^5.2.1"
    "@smithy/types" "^4.5.0"
    "@smithy/util-base64" "^4.1.0"
    "@smithy/util-body-length-browser" "^4.1.0"
    "@smithy/util-middleware" "^4.1.1"
    "@smithy/util-stream" "^4.3.2"
    "@smithy/util-utf8" "^4.1.0"
    "@types/uuid" "^9.0.1"
    tslib "^2.6.2"
    uuid "^9.0.1"

"@smithy/credential-provider-imds@^4.1.2":
  version "4.1.2"
  resolved "https://registry.yarnpkg.com/@smithy/credential-provider-imds/-/credential-provider-imds-4.1.2.tgz#68662c873dbe812c13159cb2be3c4ba8aeb52149"
  integrity sha512-JlYNq8TShnqCLg0h+afqe2wLAwZpuoSgOyzhYvTgbiKBWRov+uUve+vrZEQO6lkdLOWPh7gK5dtb9dS+KGendg==
  dependencies:
    "@smithy/node-config-provider" "^4.2.2"
    "@smithy/property-provider" "^4.1.1"
    "@smithy/types" "^4.5.0"
    "@smithy/url-parser" "^4.1.1"
    tslib "^2.6.2"

"@smithy/fetch-http-handler@^5.2.1":
  version "5.2.1"
  resolved "https://registry.yarnpkg.com/@smithy/fetch-http-handler/-/fetch-http-handler-5.2.1.tgz#fe284a00f1b3a35edf9fba454d287b7f74ef20af"
  integrity sha512-5/3wxKNtV3wO/hk1is+CZUhL8a1yy/U+9u9LKQ9kZTkMsHaQjJhc3stFfiujtMnkITjzWfndGA2f7g9Uh9vKng==
  dependencies:
    "@smithy/protocol-http" "^5.2.1"
    "@smithy/querystring-builder" "^4.1.1"
    "@smithy/types" "^4.5.0"
    "@smithy/util-base64" "^4.1.0"
    tslib "^2.6.2"

"@smithy/hash-node@^4.1.1":
  version "4.1.1"
  resolved "https://registry.yarnpkg.com/@smithy/hash-node/-/hash-node-4.1.1.tgz#86ceca92487492267e944e4f4507106b731e7971"
  integrity sha512-H9DIU9WBLhYrvPs9v4sYvnZ1PiAI0oc8CgNQUJ1rpN3pP7QADbTOUjchI2FB764Ub0DstH5xbTqcMJu1pnVqxA==
  dependencies:
    "@smithy/types" "^4.5.0"
    "@smithy/util-buffer-from" "^4.1.0"
    "@smithy/util-utf8" "^4.1.0"
    tslib "^2.6.2"

"@smithy/invalid-dependency@^4.1.1":
  version "4.1.1"
  resolved "https://registry.yarnpkg.com/@smithy/invalid-dependency/-/invalid-dependency-4.1.1.tgz#2511335ff889944701c7d2a3b1e4a4d6fe9ddfab"
  integrity sha512-1AqLyFlfrrDkyES8uhINRlJXmHA2FkG+3DY8X+rmLSqmFwk3DJnvhyGzyByPyewh2jbmV+TYQBEfngQax8IFGg==
  dependencies:
    "@smithy/types" "^4.5.0"
    tslib "^2.6.2"

"@smithy/is-array-buffer@^2.2.0":
  version "2.2.0"
  resolved "https://registry.yarnpkg.com/@smithy/is-array-buffer/-/is-array-buffer-2.2.0.tgz#f84f0d9f9a36601a9ca9381688bd1b726fd39111"
  integrity sha512-GGP3O9QFD24uGeAXYUjwSTXARoqpZykHadOmA8G5vfJPK0/DC67qa//0qvqrJzL1xc8WQWX7/yc7fwudjPHPhA==
  dependencies:
    tslib "^2.6.2"

"@smithy/is-array-buffer@^4.1.0":
  version "4.1.0"
  resolved "https://registry.yarnpkg.com/@smithy/is-array-buffer/-/is-array-buffer-4.1.0.tgz#d18a2f22280e7173633cb91a9bdb6f3d8a6560b8"
  integrity sha512-ePTYUOV54wMogio+he4pBybe8fwg4sDvEVDBU8ZlHOZXbXK3/C0XfJgUCu6qAZcawv05ZhZzODGUerFBPsPUDQ==
  dependencies:
    tslib "^2.6.2"

"@smithy/middleware-content-length@^4.1.1":
  version "4.1.1"
  resolved "https://registry.yarnpkg.com/@smithy/middleware-content-length/-/middleware-content-length-4.1.1.tgz#eaea7bd14c7a0b64aef87b8c372c2a04d7b9cb72"
  integrity sha512-9wlfBBgTsRvC2JxLJxv4xDGNBrZuio3AgSl0lSFX7fneW2cGskXTYpFxCdRYD2+5yzmsiTuaAJD1Wp7gWt9y9w==
  dependencies:
    "@smithy/protocol-http" "^5.2.1"
    "@smithy/types" "^4.5.0"
    tslib "^2.6.2"

"@smithy/middleware-endpoint@^4.2.3":
  version "4.2.3"
  resolved "https://registry.yarnpkg.com/@smithy/middleware-endpoint/-/middleware-endpoint-4.2.3.tgz#6d64026923420971f2da937d6ea642011471f7a5"
  integrity sha512-+1H5A28DeffRVrqmVmtqtRraEjoaC6JVap3xEQdVoBh2EagCVY7noPmcBcG4y7mnr9AJitR1ZAse2l+tEtK5vg==
  dependencies:
    "@smithy/core" "^3.11.1"
    "@smithy/middleware-serde" "^4.1.1"
    "@smithy/node-config-provider" "^4.2.2"
    "@smithy/shared-ini-file-loader" "^4.2.0"
    "@smithy/types" "^4.5.0"
    "@smithy/url-parser" "^4.1.1"
    "@smithy/util-middleware" "^4.1.1"
    tslib "^2.6.2"

"@smithy/middleware-retry@^4.2.4":
  version "4.2.4"
  resolved "https://registry.yarnpkg.com/@smithy/middleware-retry/-/middleware-retry-4.2.4.tgz#16334bf0f5b588a404255f5c827c79bb39888104"
  integrity sha512-amyqYQFewnAviX3yy/rI/n1HqAgfvUdkEhc04kDjxsngAUREKuOI24iwqQUirrj6GtodWmR4iO5Zeyl3/3BwWg==
  dependencies:
    "@smithy/node-config-provider" "^4.2.2"
    "@smithy/protocol-http" "^5.2.1"
    "@smithy/service-error-classification" "^4.1.2"
    "@smithy/smithy-client" "^4.6.3"
    "@smithy/types" "^4.5.0"
    "@smithy/util-middleware" "^4.1.1"
    "@smithy/util-retry" "^4.1.2"
    "@types/uuid" "^9.0.1"
    tslib "^2.6.2"
    uuid "^9.0.1"

"@smithy/middleware-serde@^4.1.1":
  version "4.1.1"
  resolved "https://registry.yarnpkg.com/@smithy/middleware-serde/-/middleware-serde-4.1.1.tgz#cfb99f53c744d7730928235cbe66cc7ff8a8a9b2"
  integrity sha512-lh48uQdbCoj619kRouev5XbWhCwRKLmphAif16c4J6JgJ4uXjub1PI6RL38d3BLliUvSso6klyB/LTNpWSNIyg==
  dependencies:
    "@smithy/protocol-http" "^5.2.1"
    "@smithy/types" "^4.5.0"
    tslib "^2.6.2"

"@smithy/middleware-stack@^4.1.1":
  version "4.1.1"
  resolved "https://registry.yarnpkg.com/@smithy/middleware-stack/-/middleware-stack-4.1.1.tgz#1d533fde4ccbb62d7fc0f0b8ac518b7e4791e311"
  integrity sha512-ygRnniqNcDhHzs6QAPIdia26M7e7z9gpkIMUe/pK0RsrQ7i5MblwxY8078/QCnGq6AmlUUWgljK2HlelsKIb/A==
  dependencies:
    "@smithy/types" "^4.5.0"
    tslib "^2.6.2"

"@smithy/node-config-provider@^4.2.2":
  version "4.2.2"
  resolved "https://registry.yarnpkg.com/@smithy/node-config-provider/-/node-config-provider-4.2.2.tgz#ede9ac2f689cfdf26815a53fadf139e6aa77bdbb"
  integrity sha512-SYGTKyPvyCfEzIN5rD8q/bYaOPZprYUPD2f5g9M7OjaYupWOoQFYJ5ho+0wvxIRf471i2SR4GoiZ2r94Jq9h6A==
  dependencies:
    "@smithy/property-provider" "^4.1.1"
    "@smithy/shared-ini-file-loader" "^4.2.0"
    "@smithy/types" "^4.5.0"
    tslib "^2.6.2"

"@smithy/node-http-handler@^4.2.1":
  version "4.2.1"
  resolved "https://registry.yarnpkg.com/@smithy/node-http-handler/-/node-http-handler-4.2.1.tgz#d7ab8e31659030d3d5a68f0982f15c00b1e67a0c"
  integrity sha512-REyybygHlxo3TJICPF89N2pMQSf+p+tBJqpVe1+77Cfi9HBPReNjTgtZ1Vg73exq24vkqJskKDpfF74reXjxfw==
  dependencies:
    "@smithy/abort-controller" "^4.1.1"
    "@smithy/protocol-http" "^5.2.1"
    "@smithy/querystring-builder" "^4.1.1"
    "@smithy/types" "^4.5.0"
    tslib "^2.6.2"

"@smithy/property-provider@^4.1.1":
  version "4.1.1"
  resolved "https://registry.yarnpkg.com/@smithy/property-provider/-/property-provider-4.1.1.tgz#6e11ae6729840314afed05fd6ab48f62c654116b"
  integrity sha512-gm3ZS7DHxUbzC2wr8MUCsAabyiXY0gaj3ROWnhSx/9sPMc6eYLMM4rX81w1zsMaObj2Lq3PZtNCC1J6lpEY7zg==
  dependencies:
    "@smithy/types" "^4.5.0"
    tslib "^2.6.2"

"@smithy/protocol-http@^5.2.1":
  version "5.2.1"
  resolved "https://registry.yarnpkg.com/@smithy/protocol-http/-/protocol-http-5.2.1.tgz#33f2b8e4e1082c3ae0372d1322577e6fa71d7824"
  integrity sha512-T8SlkLYCwfT/6m33SIU/JOVGNwoelkrvGjFKDSDtVvAXj/9gOT78JVJEas5a+ETjOu4SVvpCstKgd0PxSu/aHw==
  dependencies:
    "@smithy/types" "^4.5.0"
    tslib "^2.6.2"

"@smithy/querystring-builder@^4.1.1":
  version "4.1.1"
  resolved "https://registry.yarnpkg.com/@smithy/querystring-builder/-/querystring-builder-4.1.1.tgz#4d35c1735de8214055424045a117fa5d1d5cdec1"
  integrity sha512-J9b55bfimP4z/Jg1gNo+AT84hr90p716/nvxDkPGCD4W70MPms0h8KF50RDRgBGZeL83/u59DWNqJv6tEP/DHA==
  dependencies:
    "@smithy/types" "^4.5.0"
    "@smithy/util-uri-escape" "^4.1.0"
    tslib "^2.6.2"

"@smithy/querystring-parser@^4.1.1":
  version "4.1.1"
  resolved "https://registry.yarnpkg.com/@smithy/querystring-parser/-/querystring-parser-4.1.1.tgz#21b861439b2db16abeb0a6789b126705fa25eea1"
  integrity sha512-63TEp92YFz0oQ7Pj9IuI3IgnprP92LrZtRAkE3c6wLWJxfy/yOPRt39IOKerVr0JS770olzl0kGafXlAXZ1vng==
  dependencies:
    "@smithy/types" "^4.5.0"
    tslib "^2.6.2"

"@smithy/service-error-classification@^4.1.2":
  version "4.1.2"
  resolved "https://registry.yarnpkg.com/@smithy/service-error-classification/-/service-error-classification-4.1.2.tgz#06839c332f4620a4b80c78a0c32377732dc6697a"
  integrity sha512-Kqd8wyfmBWHZNppZSMfrQFpc3M9Y/kjyN8n8P4DqJJtuwgK1H914R471HTw7+RL+T7+kI1f1gOnL7Vb5z9+NgQ==
  dependencies:
    "@smithy/types" "^4.5.0"

"@smithy/shared-ini-file-loader@^4.2.0":
  version "4.2.0"
  resolved "https://registry.yarnpkg.com/@smithy/shared-ini-file-loader/-/shared-ini-file-loader-4.2.0.tgz#e4717242686bf611bd1a5d6f79870abe480c1c99"
  integrity sha512-OQTfmIEp2LLuWdxa8nEEPhZmiOREO6bcB6pjs0AySf4yiZhl6kMOfqmcwcY8BaBPX+0Tb+tG7/Ia/6mwpoZ7Pw==
  dependencies:
    "@smithy/types" "^4.5.0"
    tslib "^2.6.2"

"@smithy/signature-v4@^5.2.1":
  version "5.2.1"
  resolved "https://registry.yarnpkg.com/@smithy/signature-v4/-/signature-v4-5.2.1.tgz#0048489d2f1b3c888382595a085edd31967498f8"
  integrity sha512-M9rZhWQLjlQVCCR37cSjHfhriGRN+FQ8UfgrYNufv66TJgk+acaggShl3KS5U/ssxivvZLlnj7QH2CUOKlxPyA==
  dependencies:
    "@smithy/is-array-buffer" "^4.1.0"
    "@smithy/protocol-http" "^5.2.1"
    "@smithy/types" "^4.5.0"
    "@smithy/util-hex-encoding" "^4.1.0"
    "@smithy/util-middleware" "^4.1.1"
    "@smithy/util-uri-escape" "^4.1.0"
    "@smithy/util-utf8" "^4.1.0"
    tslib "^2.6.2"

"@smithy/smithy-client@^4.6.3":
  version "4.6.3"
  resolved "https://registry.yarnpkg.com/@smithy/smithy-client/-/smithy-client-4.6.3.tgz#5ec0c2c993371c246e061ac29550ab4f63db99bc"
  integrity sha512-K27LqywsaqKz4jusdUQYJh/YP2VbnbdskZ42zG8xfV+eovbTtMc2/ZatLWCfSkW0PDsTUXlpvlaMyu8925HsOw==
  dependencies:
    "@smithy/core" "^3.11.1"
    "@smithy/middleware-endpoint" "^4.2.3"
    "@smithy/middleware-stack" "^4.1.1"
    "@smithy/protocol-http" "^5.2.1"
    "@smithy/types" "^4.5.0"
    "@smithy/util-stream" "^4.3.2"
    tslib "^2.6.2"

"@smithy/types@^4.5.0":
  version "4.5.0"
  resolved "https://registry.yarnpkg.com/@smithy/types/-/types-4.5.0.tgz#850e334662a1ef1286c35814940c80880400a370"
  integrity sha512-RkUpIOsVlAwUIZXO1dsz8Zm+N72LClFfsNqf173catVlvRZiwPy0x2u0JLEA4byreOPKDZPGjmPDylMoP8ZJRg==
  dependencies:
    tslib "^2.6.2"

"@smithy/url-parser@^4.1.1":
  version "4.1.1"
  resolved "https://registry.yarnpkg.com/@smithy/url-parser/-/url-parser-4.1.1.tgz#0e9a5e72b3cf9d7ab7305f9093af5528d9debaf6"
  integrity sha512-bx32FUpkhcaKlEoOMbScvc93isaSiRM75pQ5IgIBaMkT7qMlIibpPRONyx/0CvrXHzJLpOn/u6YiDX2hcvs7Dg==
  dependencies:
    "@smithy/querystring-parser" "^4.1.1"
    "@smithy/types" "^4.5.0"
    tslib "^2.6.2"

"@smithy/util-base64@^4.1.0":
  version "4.1.0"
  resolved "https://registry.yarnpkg.com/@smithy/util-base64/-/util-base64-4.1.0.tgz#5965026081d9aef4a8246f5702807570abe538b2"
  integrity sha512-RUGd4wNb8GeW7xk+AY5ghGnIwM96V0l2uzvs/uVHf+tIuVX2WSvynk5CxNoBCsM2rQRSZElAo9rt3G5mJ/gktQ==
  dependencies:
    "@smithy/util-buffer-from" "^4.1.0"
    "@smithy/util-utf8" "^4.1.0"
    tslib "^2.6.2"

"@smithy/util-body-length-browser@^4.1.0":
  version "4.1.0"
  resolved "https://registry.yarnpkg.com/@smithy/util-body-length-browser/-/util-body-length-browser-4.1.0.tgz#636bdf4bc878c546627dab4b9b0e4db31b475be7"
  integrity sha512-V2E2Iez+bo6bUMOTENPr6eEmepdY8Hbs+Uc1vkDKgKNA/brTJqOW/ai3JO1BGj9GbCeLqw90pbbH7HFQyFotGQ==
  dependencies:
    tslib "^2.6.2"

"@smithy/util-body-length-node@^4.1.0":
  version "4.1.0"
  resolved "https://registry.yarnpkg.com/@smithy/util-body-length-node/-/util-body-length-node-4.1.0.tgz#646750e4af58f97254a5d5cfeaba7d992f0152ec"
  integrity sha512-BOI5dYjheZdgR9XiEM3HJcEMCXSoqbzu7CzIgYrx0UtmvtC3tC2iDGpJLsSRFffUpy8ymsg2ARMP5fR8mtuUQQ==
  dependencies:
    tslib "^2.6.2"

"@smithy/util-buffer-from@^2.2.0":
  version "2.2.0"
  resolved "https://registry.yarnpkg.com/@smithy/util-buffer-from/-/util-buffer-from-2.2.0.tgz#6fc88585165ec73f8681d426d96de5d402021e4b"
  integrity sha512-IJdWBbTcMQ6DA0gdNhh/BwrLkDR+ADW5Kr1aZmd4k3DIF6ezMV4R2NIAmT08wQJ3yUK82thHWmC/TnK/wpMMIA==
  dependencies:
    "@smithy/is-array-buffer" "^2.2.0"
    tslib "^2.6.2"

"@smithy/util-buffer-from@^4.1.0":
  version "4.1.0"
  resolved "https://registry.yarnpkg.com/@smithy/util-buffer-from/-/util-buffer-from-4.1.0.tgz#21f9e644a0eb41226d92e4eff763f76a7db7e9cc"
  integrity sha512-N6yXcjfe/E+xKEccWEKzK6M+crMrlwaCepKja0pNnlSkm6SjAeLKKA++er5Ba0I17gvKfN/ThV+ZOx/CntKTVw==
  dependencies:
    "@smithy/is-array-buffer" "^4.1.0"
    tslib "^2.6.2"

"@smithy/util-config-provider@^4.1.0":
  version "4.1.0"
  resolved "https://registry.yarnpkg.com/@smithy/util-config-provider/-/util-config-provider-4.1.0.tgz#6a07d73446c1e9a46d7a3c125f2a9301060bc957"
  integrity sha512-swXz2vMjrP1ZusZWVTB/ai5gK+J8U0BWvP10v9fpcFvg+Xi/87LHvHfst2IgCs1i0v4qFZfGwCmeD/KNCdJZbQ==
  dependencies:
    tslib "^2.6.2"

"@smithy/util-defaults-mode-browser@^4.1.3":
  version "4.1.3"
  resolved "https://registry.yarnpkg.com/@smithy/util-defaults-mode-browser/-/util-defaults-mode-browser-4.1.3.tgz#889e0999c6b1536e434c2814a97bb9e7a9febc60"
  integrity sha512-5fm3i2laE95uhY6n6O6uGFxI5SVbqo3/RWEuS3YsT0LVmSZk+0eUqPhKd4qk0KxBRPaT5VNT/WEBUqdMyYoRgg==
  dependencies:
    "@smithy/property-provider" "^4.1.1"
    "@smithy/smithy-client" "^4.6.3"
    "@smithy/types" "^4.5.0"
    bowser "^2.11.0"
    tslib "^2.6.2"

"@smithy/util-defaults-mode-node@^4.1.3":
  version "4.1.3"
  resolved "https://registry.yarnpkg.com/@smithy/util-defaults-mode-node/-/util-defaults-mode-node-4.1.3.tgz#7cc46d336dce27f716280a1979c51ca2bf5839ff"
  integrity sha512-lwnMzlMslZ9GJNt+/wVjz6+fe9Wp5tqR1xAyQn+iywmP+Ymj0F6NhU/KfHM5jhGPQchRSCcau5weKhFdLIM4cA==
  dependencies:
    "@smithy/config-resolver" "^4.2.2"
    "@smithy/credential-provider-imds" "^4.1.2"
    "@smithy/node-config-provider" "^4.2.2"
    "@smithy/property-provider" "^4.1.1"
    "@smithy/smithy-client" "^4.6.3"
    "@smithy/types" "^4.5.0"
    tslib "^2.6.2"

"@smithy/util-endpoints@^3.1.2":
  version "3.1.2"
  resolved "https://registry.yarnpkg.com/@smithy/util-endpoints/-/util-endpoints-3.1.2.tgz#be4005c8616923d453347048ef26a439267b2782"
  integrity sha512-+AJsaaEGb5ySvf1SKMRrPZdYHRYSzMkCoK16jWnIMpREAnflVspMIDeCVSZJuj+5muZfgGpNpijE3mUNtjv01Q==
  dependencies:
    "@smithy/node-config-provider" "^4.2.2"
    "@smithy/types" "^4.5.0"
    tslib "^2.6.2"

"@smithy/util-hex-encoding@^4.1.0":
  version "4.1.0"
  resolved "https://registry.yarnpkg.com/@smithy/util-hex-encoding/-/util-hex-encoding-4.1.0.tgz#9b27cf0c25d0de2c8ebfe75cc20df84e5014ccc9"
  integrity sha512-1LcueNN5GYC4tr8mo14yVYbh/Ur8jHhWOxniZXii+1+ePiIbsLZ5fEI0QQGtbRRP5mOhmooos+rLmVASGGoq5w==
  dependencies:
    tslib "^2.6.2"

"@smithy/util-middleware@^4.1.1":
  version "4.1.1"
  resolved "https://registry.yarnpkg.com/@smithy/util-middleware/-/util-middleware-4.1.1.tgz#e19749a127499c9bdada713a8afd807d92d846e2"
  integrity sha512-CGmZ72mL29VMfESz7S6dekqzCh8ZISj3B+w0g1hZFXaOjGTVaSqfAEFAq8EGp8fUL+Q2l8aqNmt8U1tglTikeg==
  dependencies:
    "@smithy/types" "^4.5.0"
    tslib "^2.6.2"

"@smithy/util-retry@^4.1.2":
  version "4.1.2"
  resolved "https://registry.yarnpkg.com/@smithy/util-retry/-/util-retry-4.1.2.tgz#8d28c27cf69643e173c75cc18ff0186deb7cefed"
  integrity sha512-NCgr1d0/EdeP6U5PSZ9Uv5SMR5XRRYoVr1kRVtKZxWL3tixEL3UatrPIMFZSKwHlCcp2zPLDvMubVDULRqeunA==
  dependencies:
    "@smithy/service-error-classification" "^4.1.2"
    "@smithy/types" "^4.5.0"
    tslib "^2.6.2"

"@smithy/util-stream@^4.3.2":
  version "4.3.2"
  resolved "https://registry.yarnpkg.com/@smithy/util-stream/-/util-stream-4.3.2.tgz#7ce40c266b1e828d73c27e545959cda4f42fd61f"
  integrity sha512-Ka+FA2UCC/Q1dEqUanCdpqwxOFdf5Dg2VXtPtB1qxLcSGh5C1HdzklIt18xL504Wiy9nNUKwDMRTVCbKGoK69g==
  dependencies:
    "@smithy/fetch-http-handler" "^5.2.1"
    "@smithy/node-http-handler" "^4.2.1"
    "@smithy/types" "^4.5.0"
    "@smithy/util-base64" "^4.1.0"
    "@smithy/util-buffer-from" "^4.1.0"
    "@smithy/util-hex-encoding" "^4.1.0"
    "@smithy/util-utf8" "^4.1.0"
    tslib "^2.6.2"

"@smithy/util-uri-escape@^4.1.0":
  version "4.1.0"
  resolved "https://registry.yarnpkg.com/@smithy/util-uri-escape/-/util-uri-escape-4.1.0.tgz#ed4a5c498f1da07122ca1e3df4ca3e2c67c6c18a"
  integrity sha512-b0EFQkq35K5NHUYxU72JuoheM6+pytEVUGlTwiFxWFpmddA+Bpz3LgsPRIpBk8lnPE47yT7AF2Egc3jVnKLuPg==
  dependencies:
    tslib "^2.6.2"

"@smithy/util-utf8@^2.0.0":
  version "2.3.0"
  resolved "https://registry.yarnpkg.com/@smithy/util-utf8/-/util-utf8-2.3.0.tgz#dd96d7640363259924a214313c3cf16e7dd329c5"
  integrity sha512-R8Rdn8Hy72KKcebgLiv8jQcQkXoLMOGGv5uI1/k0l+snqkOzQ1R0ChUBCxWMlBsFMekWjq0wRudIweFs7sKT5A==
  dependencies:
    "@smithy/util-buffer-from" "^2.2.0"
    tslib "^2.6.2"

"@smithy/util-utf8@^4.1.0":
  version "4.1.0"
  resolved "https://registry.yarnpkg.com/@smithy/util-utf8/-/util-utf8-4.1.0.tgz#912c33c1a06913f39daa53da79cb8f7ab740d97b"
  integrity sha512-mEu1/UIXAdNYuBcyEPbjScKi/+MQVXNIuY/7Cm5XLIWe319kDrT5SizBE95jqtmEXoDbGoZxKLCMttdZdqTZKQ==
  dependencies:
    "@smithy/util-buffer-from" "^4.1.0"
    tslib "^2.6.2"

"@types/aws-lambda@^8.10.92":
  version "8.10.152"
  resolved "https://registry.yarnpkg.com/@types/aws-lambda/-/aws-lambda-8.10.152.tgz#f68424a8175f0a54a2a941e65b76c3f51f3bd89d"
  integrity sha512-soT/c2gYBnT5ygwiHPmd9a1bftj462NWVk2tKCc1PYHSIacB2UwbTS2zYG4jzag1mRDuzg/OjtxQjQ2NKRB6Rw==

"@types/uuid@^9.0.1":
  version "9.0.8"
  resolved "https://registry.yarnpkg.com/@types/uuid/-/uuid-9.0.8.tgz#7545ba4fc3c003d6c756f651f3bf163d8f0f29ba"
  integrity sha512-jg+97EGIcY9AGHJJRaaPVgetKDsrTgbRjQ5Msgjh/DQKEFl0DtyRr/VCOyD1T2R1MNeWPK/u7JoGhlDZnKBAfA==

bowser@^2.11.0:
  version "2.12.1"
  resolved "https://registry.yarnpkg.com/bowser/-/bowser-2.12.1.tgz#f9ad78d7aebc472feb63dd9635e3ce2337e0e2c1"
  integrity sha512-z4rE2Gxh7tvshQ4hluIT7XcFrgLIQaw9X3A+kTTRdovCz5PMukm/0QC/BKSYPj3omF5Qfypn9O/c5kgpmvYUCw==

data-uri-to-buffer@^4.0.0:
  version "4.0.1"
  resolved "https://registry.yarnpkg.com/data-uri-to-buffer/-/data-uri-to-buffer-4.0.1.tgz#d8feb2b2881e6a4f58c2e08acfd0e2834e26222e"
  integrity sha512-0R9ikRb668HB7QDxT1vkpuUBtqc53YyAwMwGeUFKRojY/NWKvdZ+9UYtRfGmhqNbRkTSVpMbmyhXipFFv2cb/A==

fast-xml-parser@5.2.5:
  version "5.2.5"
  resolved "https://registry.yarnpkg.com/fast-xml-parser/-/fast-xml-parser-5.2.5.tgz#4809fdfb1310494e341098c25cb1341a01a9144a"
  integrity sha512-pfX9uG9Ki0yekDHx2SiuRIyFdyAr1kMIMitPvb0YBo8SUfKvia7w7FIyd/l6av85pFYRhZscS75MwMnbvY+hcQ==
  dependencies:
    strnum "^2.1.0"

fetch-blob@^3.1.2, fetch-blob@^3.1.4:
  version "3.2.0"
  resolved "https://registry.yarnpkg.com/fetch-blob/-/fetch-blob-3.2.0.tgz#f09b8d4bbd45adc6f0c20b7e787e793e309dcce9"
  integrity sha512-7yAQpD2UMJzLi1Dqv7qFYnPbaPx7ZfFK6PiIxQ4PfkGPyNyl2Ugx+a/umUonmKqjhM4DnfbMvdX6otXq83soQQ==
  dependencies:
    node-domexception "^1.0.0"
    web-streams-polyfill "^3.0.3"

formdata-polyfill@^4.0.10:
  version "4.0.10"
  resolved "https://registry.yarnpkg.com/formdata-polyfill/-/formdata-polyfill-4.0.10.tgz#24807c31c9d402e002ab3d8c720144ceb8848423"
  integrity sha512-buewHzMvYL29jdeQTVILecSaZKnt/RJWjoZCF5OW60Z67/GmSLBkOFM7qh1PI3zFNtJbaZL5eQu1vLfazOwj4g==
  dependencies:
    fetch-blob "^3.1.2"

node-domexception@^1.0.0:
  version "1.0.0"
  resolved "https://registry.yarnpkg.com/node-domexception/-/node-domexception-1.0.0.tgz#6888db46a1f71c0b76b3f7555016b63fe64766e5"
  integrity sha512-/jKZoMpw0F8GRwl4/eLROPA3cfcXtLApP0QzLmUT/HuPCZWyB7IY9ZrMeKw2O/nFIqPQB3PVM9aYm0F312AXDQ==

node-fetch@^3.3.2:
  version "3.3.2"
  resolved "https://registry.yarnpkg.com/node-fetch/-/node-fetch-3.3.2.tgz#d1e889bacdf733b4ff3b2b243eb7a12866a0b78b"
  integrity sha512-dRB78srN/l6gqWulah9SrxeYnxeddIG30+GOqK/9OlLVyLg3HPnr6SqOWTWOXKRwC2eGYCkZ59NNuSgvSrpgOA==
  dependencies:
    data-uri-to-buffer "^4.0.0"
    fetch-blob "^3.1.4"
    formdata-polyfill "^4.0.10"

strnum@^2.1.0:
  version "2.1.1"
  resolved "https://registry.yarnpkg.com/strnum/-/strnum-2.1.1.tgz#cf2a6e0cf903728b8b2c4b971b7e36b4e82d46ab"
  integrity sha512-7ZvoFTiCnGxBtDqJ//Cu6fWtZtc7Y3x+QOirG15wztbdngGSkht27o2pyGWrVy0b4WAy3jbKmnoK6g5VlVNUUw==

tslib@^2.6.2:
  version "2.8.1"
  resolved "https://registry.yarnpkg.com/tslib/-/tslib-2.8.1.tgz#612efe4ed235d567e8aba5f2a5fab70280ade83f"
  integrity sha512-oJFu94HQb+KVduSUQL7wnpmqnfmLsOA/nAh6b6EH0wCEoK0/mPeXU6c3wKDV83MkOuHPRHtSXKKU99IBazS/2w==

uuid@^9.0.1:
  version "9.0.1"
  resolved "https://registry.yarnpkg.com/uuid/-/uuid-9.0.1.tgz#e188d4c8853cc722220392c424cd637f32293f30"
  integrity sha512-b+1eJOlsR9K8HJpow9Ok3fiWOWSIcIzXodvv0rQjVoOVNpWMpxf1wZNpt4y9h10odCNrqnYp1OBzRktckBe3sA==

web-streams-polyfill@^3.0.3:
  version "3.3.3"
  resolved "https://registry.yarnpkg.com/web-streams-polyfill/-/web-streams-polyfill-3.3.3.tgz#2073b91a2fdb1fbfbd401e7de0ac9f8214cecb4b"
  integrity sha512-d2JWLCivmZYTSIoge9MsgFCZrt571BikcWGYkjC1khllbTeDlGqZ2D8vD8E/lJa8WGWbb7Plm8/XJYV7IJHZZw==
