# THIS IS AN AUTOGENERATED FILE. DO NOT EDIT THIS FILE DIRECTLY.
# yarn lockfile v1


"@types/lodash@^4.17.7":
  version "4.17.7"
  resolved "https://registry.yarnpkg.com/@types/lodash/-/lodash-4.17.7.tgz#2f776bcb53adc9e13b2c0dfd493dfcbd7de43612"
  integrity sha512-8wTvZawATi/lsmNu10/j2hk1KEP0IvjubqPE3cu1Xz7xfXXt5oCq3SNUz4fMIP4XGF9Ky+Ue2tBA3hcS7LSBlA==

framer-motion@^12.23.5:
  version "12.23.5"
  resolved "https://registry.yarnpkg.com/framer-motion/-/framer-motion-12.23.5.tgz#f9bd014d3bbce42ea5a2f2f918328295857fada4"
  integrity sha512-t+6/f2TUowkr1gVuGwVwxR3ZQupCdCZj0mivG8M8CW2kwHPqtSePomECvmto15qoFCwost77O/XuEsq59MLDKw==
  dependencies:
    motion-dom "^12.23.5"
    motion-utils "^12.23.2"
    tslib "^2.4.0"

lodash@^4.17.21:
  version "4.17.21"
  resolved "https://registry.npmjs.org/lodash/-/lodash-4.17.21.tgz"
  integrity sha512-v2kDEe57lecTulaDIuNTPy3Ry4gLGJ6Z1O3vE1krgXZNrsQ+LFTGHVxVjcXPs17LhbZVGedAJv8XZ1tvj5FvSg==

motion-dom@^12.23.5:
  version "12.23.5"
  resolved "https://registry.yarnpkg.com/motion-dom/-/motion-dom-12.23.5.tgz#1ca561f24fdd1542d2763a6899b0b04006b3be66"
  integrity sha512-RrUS4X11w7kIU1COoSVptuYTx1QQ/sViDEI1Yl1zL0nem8UXn3HRcsMrFTCkZSSRLXeVpN540bFP1iS87SicPQ==
  dependencies:
    motion-utils "^12.23.2"

motion-utils@^12.23.2:
  version "12.23.2"
  resolved "https://registry.yarnpkg.com/motion-utils/-/motion-utils-12.23.2.tgz#93e13c5abd611bf270fa3da5e962a72f80158d2d"
  integrity sha512-cIEXlBlXAOUyiAtR0S+QPQUM9L3Diz23Bo+zM420NvSd/oPQJwg6U+rT+WRTpp0rizMsBGQOsAwhWIfglUcZfA==

react-infinite-scroll-component@^6.1.0:
  version "6.1.0"
  resolved "https://registry.npmjs.org/react-infinite-scroll-component/-/react-infinite-scroll-component-6.1.0.tgz"
  integrity sha512-SQu5nCqy8DxQWpnUVLx7V7b7LcA37aM7tvoWjTLZp1dk6EJibM5/4EJKzOnl07/BsM1Y40sKLuqjCwwH/xV0TQ==
  dependencies:
    throttle-debounce "^2.1.0"

throttle-debounce@^2.1.0:
  version "2.3.0"
  resolved "https://registry.npmjs.org/throttle-debounce/-/throttle-debounce-2.3.0.tgz"
  integrity sha512-H7oLPV0P7+jgvrk+6mwwwBDmxTaxnu9HMXmloNLXwnNO0ZxZ31Orah2n8lU1eMPvsaowP2CX+USCgyovXfdOFQ==

tslib@^2.4.0:
  version "2.8.1"
  resolved "https://registry.yarnpkg.com/tslib/-/tslib-2.8.1.tgz#612efe4ed235d567e8aba5f2a5fab70280ade83f"
  integrity sha512-oJFu94HQb+KVduSUQL7wnpmqnfmLsOA/nAh6b6EH0wCEoK0/mPeXU6c3wKDV83MkOuHPRHtSXKKU99IBazS/2w==
