# THIS IS AN AUTOGENERATED FILE. DO NOT EDIT THIS FILE DIRECTLY.
# yarn lockfile v1


"@aws-crypto/crc32@5.2.0":
  version "5.2.0"
  resolved "https://registry.yarnpkg.com/@aws-crypto/crc32/-/crc32-5.2.0.tgz#cfcc22570949c98c6689cfcbd2d693d36cdae2e1"
  integrity sha512-nLbCWqQNgUiwwtFsen1AdzAtvuLRsQS8rYgMuxCrdKf9kOssamGLuPwyTY9wyYblNr9+1XM8v6zoDTPPSIeANg==
  dependencies:
    "@aws-crypto/util" "^5.2.0"
    "@aws-sdk/types" "^3.222.0"
    tslib "^2.6.2"

"@aws-crypto/sha256-browser@5.2.0":
  version "5.2.0"
  resolved "https://registry.yarnpkg.com/@aws-crypto/sha256-browser/-/sha256-browser-5.2.0.tgz#153895ef1dba6f9fce38af550e0ef58988eb649e"
  integrity sha512-AXfN/lGotSQwu6HNcEsIASo7kWXZ5HYWvfOmSNKDsEqC4OashTp8alTmaz+F7TC2L083SFv5RdB+qU3Vs1kZqw==
  dependencies:
    "@aws-crypto/sha256-js" "^5.2.0"
    "@aws-crypto/supports-web-crypto" "^5.2.0"
    "@aws-crypto/util" "^5.2.0"
    "@aws-sdk/types" "^3.222.0"
    "@aws-sdk/util-locate-window" "^3.0.0"
    "@smithy/util-utf8" "^2.0.0"
    tslib "^2.6.2"

"@aws-crypto/sha256-js@5.2.0", "@aws-crypto/sha256-js@^5.2.0":
  version "5.2.0"
  resolved "https://registry.yarnpkg.com/@aws-crypto/sha256-js/-/sha256-js-5.2.0.tgz#c4fdb773fdbed9a664fc1a95724e206cf3860042"
  integrity sha512-FFQQyu7edu4ufvIZ+OadFpHHOt+eSTBaYaki44c+akjg7qZg9oOQeLlk77F6tSYqjDAFClrHJk9tMf0HdVyOvA==
  dependencies:
    "@aws-crypto/util" "^5.2.0"
    "@aws-sdk/types" "^3.222.0"
    tslib "^2.6.2"

"@aws-crypto/supports-web-crypto@^5.2.0":
  version "5.2.0"
  resolved "https://registry.yarnpkg.com/@aws-crypto/supports-web-crypto/-/supports-web-crypto-5.2.0.tgz#a1e399af29269be08e695109aa15da0a07b5b5fb"
  integrity sha512-iAvUotm021kM33eCdNfwIN//F77/IADDSs58i+MDaOqFrVjZo9bAal0NK7HurRuWLLpF1iLX7gbWrjHjeo+YFg==
  dependencies:
    tslib "^2.6.2"

"@aws-crypto/util@^5.2.0":
  version "5.2.0"
  resolved "https://registry.yarnpkg.com/@aws-crypto/util/-/util-5.2.0.tgz#71284c9cffe7927ddadac793c14f14886d3876da"
  integrity sha512-4RkU9EsI6ZpBve5fseQlGNUWKMa1RLPQ1dnjnQoe07ldfIzcsGb5hC5W0Dm7u423KWzawlrpbjXBrXCEv9zazQ==
  dependencies:
    "@aws-sdk/types" "^3.222.0"
    "@smithy/util-utf8" "^2.0.0"
    tslib "^2.6.2"

"@aws-sdk/client-lambda@^3.600.0":
  version "3.1014.0"
  resolved "https://registry.yarnpkg.com/@aws-sdk/client-lambda/-/client-lambda-3.1014.0.tgz#a5e7bdc2ea8ba2abc4134f17f59e9c539955b73d"
  integrity sha512-PWcGDKHbTZdOin7kmJuDJR8TgvBQVQy4FQy/RNrKql6nGz26HvHSbUp5Um2KvMPSaiAfPSUXbmbJDN6fYBScBQ==
  dependencies:
    "@aws-crypto/sha256-browser" "5.2.0"
    "@aws-crypto/sha256-js" "5.2.0"
    "@aws-sdk/core" "^3.973.23"
    "@aws-sdk/credential-provider-node" "^3.972.24"
    "@aws-sdk/middleware-host-header" "^3.972.8"
    "@aws-sdk/middleware-logger" "^3.972.8"
    "@aws-sdk/middleware-recursion-detection" "^3.972.8"
    "@aws-sdk/middleware-user-agent" "^3.972.24"
    "@aws-sdk/region-config-resolver" "^3.972.9"
    "@aws-sdk/types" "^3.973.6"
    "@aws-sdk/util-endpoints" "^3.996.5"
    "@aws-sdk/util-user-agent-browser" "^3.972.8"
    "@aws-sdk/util-user-agent-node" "^3.973.10"
    "@smithy/config-resolver" "^4.4.13"
    "@smithy/core" "^3.23.12"
    "@smithy/eventstream-serde-browser" "^4.2.12"
    "@smithy/eventstream-serde-config-resolver" "^4.3.12"
    "@smithy/eventstream-serde-node" "^4.2.12"
    "@smithy/fetch-http-handler" "^5.3.15"
    "@smithy/hash-node" "^4.2.12"
    "@smithy/invalid-dependency" "^4.2.12"
    "@smithy/middleware-content-length" "^4.2.12"
    "@smithy/middleware-endpoint" "^4.4.27"
    "@smithy/middleware-retry" "^4.4.44"
    "@smithy/middleware-serde" "^4.2.15"
    "@smithy/middleware-stack" "^4.2.12"
    "@smithy/node-config-provider" "^4.3.12"
    "@smithy/node-http-handler" "^4.5.0"
    "@smithy/protocol-http" "^5.3.12"
    "@smithy/smithy-client" "^4.12.7"
    "@smithy/types" "^4.13.1"
    "@smithy/url-parser" "^4.2.12"
    "@smithy/util-base64" "^4.3.2"
    "@smithy/util-body-length-browser" "^4.2.2"
    "@smithy/util-body-length-node" "^4.2.3"
    "@smithy/util-defaults-mode-browser" "^4.3.43"
    "@smithy/util-defaults-mode-node" "^4.2.47"
    "@smithy/util-endpoints" "^3.3.3"
    "@smithy/util-middleware" "^4.2.12"
    "@smithy/util-retry" "^4.2.12"
    "@smithy/util-stream" "^4.5.20"
    "@smithy/util-utf8" "^4.2.2"
    "@smithy/util-waiter" "^4.2.13"
    tslib "^2.6.2"

"@aws-sdk/client-secrets-manager@^3.600.0":
  version "3.1014.0"
  resolved "https://registry.yarnpkg.com/@aws-sdk/client-secrets-manager/-/client-secrets-manager-3.1014.0.tgz#8146dfe547dc0108f0efb351cf47988cab9d89c9"
  integrity sha512-XRp6t0AHGxmCWwYqfELxJUiHnOIR5yUyWBNXJjeEp4t9Pzdg86pQw1aXfmfZ4sVdebT06lL9+D0NsP12ztoSlQ==
  dependencies:
    "@aws-crypto/sha256-browser" "5.2.0"
    "@aws-crypto/sha256-js" "5.2.0"
    "@aws-sdk/core" "^3.973.23"
    "@aws-sdk/credential-provider-node" "^3.972.24"
    "@aws-sdk/middleware-host-header" "^3.972.8"
    "@aws-sdk/middleware-logger" "^3.972.8"
    "@aws-sdk/middleware-recursion-detection" "^3.972.8"
    "@aws-sdk/middleware-user-agent" "^3.972.24"
    "@aws-sdk/region-config-resolver" "^3.972.9"
    "@aws-sdk/types" "^3.973.6"
    "@aws-sdk/util-endpoints" "^3.996.5"
    "@aws-sdk/util-user-agent-browser" "^3.972.8"
    "@aws-sdk/util-user-agent-node" "^3.973.10"
    "@smithy/config-resolver" "^4.4.13"
    "@smithy/core" "^3.23.12"
    "@smithy/fetch-http-handler" "^5.3.15"
    "@smithy/hash-node" "^4.2.12"
    "@smithy/invalid-dependency" "^4.2.12"
    "@smithy/middleware-content-length" "^4.2.12"
    "@smithy/middleware-endpoint" "^4.4.27"
    "@smithy/middleware-retry" "^4.4.44"
    "@smithy/middleware-serde" "^4.2.15"
    "@smithy/middleware-stack" "^4.2.12"
    "@smithy/node-config-provider" "^4.3.12"
    "@smithy/node-http-handler" "^4.5.0"
    "@smithy/protocol-http" "^5.3.12"
    "@smithy/smithy-client" "^4.12.7"
    "@smithy/types" "^4.13.1"
    "@smithy/url-parser" "^4.2.12"
    "@smithy/util-base64" "^4.3.2"
    "@smithy/util-body-length-browser" "^4.2.2"
    "@smithy/util-body-length-node" "^4.2.3"
    "@smithy/util-defaults-mode-browser" "^4.3.43"
    "@smithy/util-defaults-mode-node" "^4.2.47"
    "@smithy/util-endpoints" "^3.3.3"
    "@smithy/util-middleware" "^4.2.12"
    "@smithy/util-retry" "^4.2.12"
    "@smithy/util-utf8" "^4.2.2"
    tslib "^2.6.2"

"@aws-sdk/client-ses@^3.600.0":
  version "3.1014.0"
  resolved "https://registry.yarnpkg.com/@aws-sdk/client-ses/-/client-ses-3.1014.0.tgz#54527787064b4eabe98559647e13748f4af6a29a"
  integrity sha512-HXLdpIDatHAzEHFoiwwcoYQ5Sx6FP1pkjTwvhgW5zQ+4E69/zC7quQ0dzxX8I38Itvyr8Dq/CmNLUM76XErAVw==
  dependencies:
    "@aws-crypto/sha256-browser" "5.2.0"
    "@aws-crypto/sha256-js" "5.2.0"
    "@aws-sdk/core" "^3.973.23"
    "@aws-sdk/credential-provider-node" "^3.972.24"
    "@aws-sdk/middleware-host-header" "^3.972.8"
    "@aws-sdk/middleware-logger" "^3.972.8"
    "@aws-sdk/middleware-recursion-detection" "^3.972.8"
    "@aws-sdk/middleware-user-agent" "^3.972.24"
    "@aws-sdk/region-config-resolver" "^3.972.9"
    "@aws-sdk/types" "^3.973.6"
    "@aws-sdk/util-endpoints" "^3.996.5"
    "@aws-sdk/util-user-agent-browser" "^3.972.8"
    "@aws-sdk/util-user-agent-node" "^3.973.10"
    "@smithy/config-resolver" "^4.4.13"
    "@smithy/core" "^3.23.12"
    "@smithy/fetch-http-handler" "^5.3.15"
    "@smithy/hash-node" "^4.2.12"
    "@smithy/invalid-dependency" "^4.2.12"
    "@smithy/middleware-content-length" "^4.2.12"
    "@smithy/middleware-endpoint" "^4.4.27"
    "@smithy/middleware-retry" "^4.4.44"
    "@smithy/middleware-serde" "^4.2.15"
    "@smithy/middleware-stack" "^4.2.12"
    "@smithy/node-config-provider" "^4.3.12"
    "@smithy/node-http-handler" "^4.5.0"
    "@smithy/protocol-http" "^5.3.12"
    "@smithy/smithy-client" "^4.12.7"
    "@smithy/types" "^4.13.1"
    "@smithy/url-parser" "^4.2.12"
    "@smithy/util-base64" "^4.3.2"
    "@smithy/util-body-length-browser" "^4.2.2"
    "@smithy/util-body-length-node" "^4.2.3"
    "@smithy/util-defaults-mode-browser" "^4.3.43"
    "@smithy/util-defaults-mode-node" "^4.2.47"
    "@smithy/util-endpoints" "^3.3.3"
    "@smithy/util-middleware" "^4.2.12"
    "@smithy/util-retry" "^4.2.12"
    "@smithy/util-utf8" "^4.2.2"
    "@smithy/util-waiter" "^4.2.13"
    tslib "^2.6.2"

"@aws-sdk/core@^3.973.23":
  version "3.973.23"
  resolved "https://registry.yarnpkg.com/@aws-sdk/core/-/core-3.973.23.tgz#76c6d4c94dd21ed298769a75e30ab0af8120af01"
  integrity sha512-aoJncvD1XvloZ9JLnKqTRL9dBy+Szkryoag9VT+V1TqsuUgIxV9cnBVM/hrDi2vE8bDqLiDR8nirdRcCdtJu0w==
  dependencies:
    "@aws-sdk/types" "^3.973.6"
    "@aws-sdk/xml-builder" "^3.972.15"
    "@smithy/core" "^3.23.12"
    "@smithy/node-config-provider" "^4.3.12"
    "@smithy/property-provider" "^4.2.12"
    "@smithy/protocol-http" "^5.3.12"
    "@smithy/signature-v4" "^5.3.12"
    "@smithy/smithy-client" "^4.12.7"
    "@smithy/types" "^4.13.1"
    "@smithy/util-base64" "^4.3.2"
    "@smithy/util-middleware" "^4.2.12"
    "@smithy/util-utf8" "^4.2.2"
    tslib "^2.6.2"

"@aws-sdk/credential-provider-env@^3.972.21":
  version "3.972.21"
  resolved "https://registry.yarnpkg.com/@aws-sdk/credential-provider-env/-/credential-provider-env-3.972.21.tgz#3c6dc8bb6c87091f97067310f684f4ce2e73e600"
  integrity sha512-BkAfKq8Bd4shCtec1usNz//urPJF/SZy14qJyxkSaRJQ/Vv1gVh0VZSTmS7aE6aLMELkFV5wHHrS9ZcdG8Kxsg==
  dependencies:
    "@aws-sdk/core" "^3.973.23"
    "@aws-sdk/types" "^3.973.6"
    "@smithy/property-provider" "^4.2.12"
    "@smithy/types" "^4.13.1"
    tslib "^2.6.2"

"@aws-sdk/credential-provider-http@^3.972.23":
  version "3.972.23"
  resolved "https://registry.yarnpkg.com/@aws-sdk/credential-provider-http/-/credential-provider-http-3.972.23.tgz#1e0e9b3b1e24b904589223c142ef100b22d417f7"
  integrity sha512-4XZ3+Gu5DY8/n8zQFHBgcKTF7hWQl42G6CY9xfXVo2d25FM/lYkpmuzhYopYoPL1ITWkJ2OSBQfYEu5JRfHOhA==
  dependencies:
    "@aws-sdk/core" "^3.973.23"
    "@aws-sdk/types" "^3.973.6"
    "@smithy/fetch-http-handler" "^5.3.15"
    "@smithy/node-http-handler" "^4.5.0"
    "@smithy/property-provider" "^4.2.12"
    "@smithy/protocol-http" "^5.3.12"
    "@smithy/smithy-client" "^4.12.7"
    "@smithy/types" "^4.13.1"
    "@smithy/util-stream" "^4.5.20"
    tslib "^2.6.2"

"@aws-sdk/credential-provider-ini@^3.972.23":
  version "3.972.23"
  resolved "https://registry.yarnpkg.com/@aws-sdk/credential-provider-ini/-/credential-provider-ini-3.972.23.tgz#d9509de67b50e907d3e7c3f6af9c43f032bc2c2c"
  integrity sha512-PZLSmU0JFpNCDFReidBezsgL5ji9jOBry8CnZdw4Jj6d0K2z3Ftnp44NXgADqYx5BLMu/ZHujfeJReaDoV+IwQ==
  dependencies:
    "@aws-sdk/core" "^3.973.23"
    "@aws-sdk/credential-provider-env" "^3.972.21"
    "@aws-sdk/credential-provider-http" "^3.972.23"
    "@aws-sdk/credential-provider-login" "^3.972.23"
    "@aws-sdk/credential-provider-process" "^3.972.21"
    "@aws-sdk/credential-provider-sso" "^3.972.23"
    "@aws-sdk/credential-provider-web-identity" "^3.972.23"
    "@aws-sdk/nested-clients" "^3.996.13"
    "@aws-sdk/types" "^3.973.6"
    "@smithy/credential-provider-imds" "^4.2.12"
    "@smithy/property-provider" "^4.2.12"
    "@smithy/shared-ini-file-loader" "^4.4.7"
    "@smithy/types" "^4.13.1"
    tslib "^2.6.2"

"@aws-sdk/credential-provider-login@^3.972.23":
  version "3.972.23"
  resolved "https://registry.yarnpkg.com/@aws-sdk/credential-provider-login/-/credential-provider-login-3.972.23.tgz#8d9bd6d3e6866b1f0f7a7891f081997911aa2f2f"
  integrity sha512-OmE/pSkbMM3dCj1HdOnZ5kXnKK+R/Yz+kbBugraBecp0pGAs21eEURfQRz+1N2gzIHLVyGIP1MEjk/uSrFsngg==
  dependencies:
    "@aws-sdk/core" "^3.973.23"
    "@aws-sdk/nested-clients" "^3.996.13"
    "@aws-sdk/types" "^3.973.6"
    "@smithy/property-provider" "^4.2.12"
    "@smithy/protocol-http" "^5.3.12"
    "@smithy/shared-ini-file-loader" "^4.4.7"
    "@smithy/types" "^4.13.1"
    tslib "^2.6.2"

"@aws-sdk/credential-provider-node@^3.972.24":
  version "3.972.24"
  resolved "https://registry.yarnpkg.com/@aws-sdk/credential-provider-node/-/credential-provider-node-3.972.24.tgz#3d7dfa3c7cad207411e9d6e0fddc1fd8d87a498d"
  integrity sha512-9Jwi7aps3AfUicJyF5udYadPypPpCwUZ6BSKr/QjRbVCpRVS1wc+1Q6AEZ/qz8J4JraeRd247pSzyMQSIHVebw==
  dependencies:
    "@aws-sdk/credential-provider-env" "^3.972.21"
    "@aws-sdk/credential-provider-http" "^3.972.23"
    "@aws-sdk/credential-provider-ini" "^3.972.23"
    "@aws-sdk/credential-provider-process" "^3.972.21"
    "@aws-sdk/credential-provider-sso" "^3.972.23"
    "@aws-sdk/credential-provider-web-identity" "^3.972.23"
    "@aws-sdk/types" "^3.973.6"
    "@smithy/credential-provider-imds" "^4.2.12"
    "@smithy/property-provider" "^4.2.12"
    "@smithy/shared-ini-file-loader" "^4.4.7"
    "@smithy/types" "^4.13.1"
    tslib "^2.6.2"

"@aws-sdk/credential-provider-process@^3.972.21":
  version "3.972.21"
  resolved "https://registry.yarnpkg.com/@aws-sdk/credential-provider-process/-/credential-provider-process-3.972.21.tgz#33b1747e4db0a96eeeff3a882aff70bad9723d2c"
  integrity sha512-nRxbeOJ1E1gVA0lNQezuMVndx+ZcuyaW/RB05pUsznN5BxykSlH6KkZ/7Ca/ubJf3i5N3p0gwNO5zgPSCzj+ww==
  dependencies:
    "@aws-sdk/core" "^3.973.23"
    "@aws-sdk/types" "^3.973.6"
    "@smithy/property-provider" "^4.2.12"
    "@smithy/shared-ini-file-loader" "^4.4.7"
    "@smithy/types" "^4.13.1"
    tslib "^2.6.2"

"@aws-sdk/credential-provider-sso@^3.972.23":
  version "3.972.23"
  resolved "https://registry.yarnpkg.com/@aws-sdk/credential-provider-sso/-/credential-provider-sso-3.972.23.tgz#a470ecd46d1d1a97c2173936e5bb4e43b3c0fb2d"
  integrity sha512-APUccADuYPLL0f2htpM8Z4czabSmHOdo4r41W6lKEZdy++cNJ42Radqy6x4TopENzr3hR6WYMyhiuiqtbf/nAA==
  dependencies:
    "@aws-sdk/core" "^3.973.23"
    "@aws-sdk/nested-clients" "^3.996.13"
    "@aws-sdk/token-providers" "3.1014.0"
    "@aws-sdk/types" "^3.973.6"
    "@smithy/property-provider" "^4.2.12"
    "@smithy/shared-ini-file-loader" "^4.4.7"
    "@smithy/types" "^4.13.1"
    tslib "^2.6.2"

"@aws-sdk/credential-provider-web-identity@^3.972.23":
  version "3.972.23"
  resolved "https://registry.yarnpkg.com/@aws-sdk/credential-provider-web-identity/-/credential-provider-web-identity-3.972.23.tgz#7e5b359e0e21f4840511053b4151502cacb39919"
  integrity sha512-H5JNqtIwOu/feInmMMWcK0dL5r897ReEn7n2m16Dd0DPD9gA2Hg8Cq4UDzZ/9OzaLh/uqBM6seixz0U6Fi2Eag==
  dependencies:
    "@aws-sdk/core" "^3.973.23"
    "@aws-sdk/nested-clients" "^3.996.13"
    "@aws-sdk/types" "^3.973.6"
    "@smithy/property-provider" "^4.2.12"
    "@smithy/shared-ini-file-loader" "^4.4.7"
    "@smithy/types" "^4.13.1"
    tslib "^2.6.2"

"@aws-sdk/middleware-host-header@^3.972.8":
  version "3.972.8"
  resolved "https://registry.yarnpkg.com/@aws-sdk/middleware-host-header/-/middleware-host-header-3.972.8.tgz#72186e96500b49b38fb5482d6b7bf95e5b985281"
  integrity sha512-wAr2REfKsqoKQ+OkNqvOShnBoh+nkPurDKW7uAeVSu6kUECnWlSJiPvnoqxGlfousEY/v9LfS9sNc46hjSYDIQ==
  dependencies:
    "@aws-sdk/types" "^3.973.6"
    "@smithy/protocol-http" "^5.3.12"
    "@smithy/types" "^4.13.1"
    tslib "^2.6.2"

"@aws-sdk/middleware-logger@^3.972.8":
  version "3.972.8"
  resolved "https://registry.yarnpkg.com/@aws-sdk/middleware-logger/-/middleware-logger-3.972.8.tgz#7fee4223afcb6f7828dbdf4ea745ce15027cf384"
  integrity sha512-CWl5UCM57WUFaFi5kB7IBY1UmOeLvNZAZ2/OZ5l20ldiJ3TiIz1pC65gYj8X0BCPWkeR1E32mpsCk1L1I4n+lA==
  dependencies:
    "@aws-sdk/types" "^3.973.6"
    "@smithy/types" "^4.13.1"
    tslib "^2.6.2"

"@aws-sdk/middleware-recursion-detection@^3.972.8":
  version "3.972.8"
  resolved "https://registry.yarnpkg.com/@aws-sdk/middleware-recursion-detection/-/middleware-recursion-detection-3.972.8.tgz#072f3f0960a666c7f5756661f9340f5544c2633a"
  integrity sha512-BnnvYs2ZEpdlmZ2PNlV2ZyQ8j8AEkMTjN79y/YA475ER1ByFYrkVR85qmhni8oeTaJcDqbx364wDpitDAA/wCA==
  dependencies:
    "@aws-sdk/types" "^3.973.6"
    "@aws/lambda-invoke-store" "^0.2.2"
    "@smithy/protocol-http" "^5.3.12"
    "@smithy/types" "^4.13.1"
    tslib "^2.6.2"

"@aws-sdk/middleware-user-agent@^3.972.24":
  version "3.972.24"
  resolved "https://registry.yarnpkg.com/@aws-sdk/middleware-user-agent/-/middleware-user-agent-3.972.24.tgz#a82a80aeca0ff0d0aab94a8925fd934557c37da5"
  integrity sha512-dLTWy6IfAMhNiSEvMr07g/qZ54be6pLqlxVblbF6AzafmmGAzMMj8qMoY9B4+YgT+gY9IcuxZslNh03L6PyMCQ==
  dependencies:
    "@aws-sdk/core" "^3.973.23"
    "@aws-sdk/types" "^3.973.6"
    "@aws-sdk/util-endpoints" "^3.996.5"
    "@smithy/core" "^3.23.12"
    "@smithy/protocol-http" "^5.3.12"
    "@smithy/types" "^4.13.1"
    "@smithy/util-retry" "^4.2.12"
    tslib "^2.6.2"

"@aws-sdk/nested-clients@^3.996.13":
  version "3.996.13"
  resolved "https://registry.yarnpkg.com/@aws-sdk/nested-clients/-/nested-clients-3.996.13.tgz#d564a9e1d3db58bc96f2eaa1f014d38ab332a104"
  integrity sha512-ptZ1HF4yYHNJX8cgFF+8NdYO69XJKZn7ft0/ynV3c0hCbN+89fAbrLS+fqniU2tW8o9Kfqhj8FUh+IPXb2Qsuw==
  dependencies:
    "@aws-crypto/sha256-browser" "5.2.0"
    "@aws-crypto/sha256-js" "5.2.0"
    "@aws-sdk/core" "^3.973.23"
    "@aws-sdk/middleware-host-header" "^3.972.8"
    "@aws-sdk/middleware-logger" "^3.972.8"
    "@aws-sdk/middleware-recursion-detection" "^3.972.8"
    "@aws-sdk/middleware-user-agent" "^3.972.24"
    "@aws-sdk/region-config-resolver" "^3.972.9"
    "@aws-sdk/types" "^3.973.6"
    "@aws-sdk/util-endpoints" "^3.996.5"
    "@aws-sdk/util-user-agent-browser" "^3.972.8"
    "@aws-sdk/util-user-agent-node" "^3.973.10"
    "@smithy/config-resolver" "^4.4.13"
    "@smithy/core" "^3.23.12"
    "@smithy/fetch-http-handler" "^5.3.15"
    "@smithy/hash-node" "^4.2.12"
    "@smithy/invalid-dependency" "^4.2.12"
    "@smithy/middleware-content-length" "^4.2.12"
    "@smithy/middleware-endpoint" "^4.4.27"
    "@smithy/middleware-retry" "^4.4.44"
    "@smithy/middleware-serde" "^4.2.15"
    "@smithy/middleware-stack" "^4.2.12"
    "@smithy/node-config-provider" "^4.3.12"
    "@smithy/node-http-handler" "^4.5.0"
    "@smithy/protocol-http" "^5.3.12"
    "@smithy/smithy-client" "^4.12.7"
    "@smithy/types" "^4.13.1"
    "@smithy/url-parser" "^4.2.12"
    "@smithy/util-base64" "^4.3.2"
    "@smithy/util-body-length-browser" "^4.2.2"
    "@smithy/util-body-length-node" "^4.2.3"
    "@smithy/util-defaults-mode-browser" "^4.3.43"
    "@smithy/util-defaults-mode-node" "^4.2.47"
    "@smithy/util-endpoints" "^3.3.3"
    "@smithy/util-middleware" "^4.2.12"
    "@smithy/util-retry" "^4.2.12"
    "@smithy/util-utf8" "^4.2.2"
    tslib "^2.6.2"

"@aws-sdk/region-config-resolver@^3.972.9":
  version "3.972.9"
  resolved "https://registry.yarnpkg.com/@aws-sdk/region-config-resolver/-/region-config-resolver-3.972.9.tgz#1716d17a7fe1eac0415e759dd294348b74bfd579"
  integrity sha512-eQ+dFU05ZRC/lC2XpYlYSPlXtX3VT8sn5toxN2Fv7EXlMoA2p9V7vUBKqHunfD4TRLpxUq8Y8Ol/nCqiv327Ng==
  dependencies:
    "@aws-sdk/types" "^3.973.6"
    "@smithy/config-resolver" "^4.4.13"
    "@smithy/node-config-provider" "^4.3.12"
    "@smithy/types" "^4.13.1"
    tslib "^2.6.2"

"@aws-sdk/token-providers@3.1014.0":
  version "3.1014.0"
  resolved "https://registry.yarnpkg.com/@aws-sdk/token-providers/-/token-providers-3.1014.0.tgz#64116c6a815864aaee0664ff9d6b5a4f1050bd13"
  integrity sha512-gHTHNUoaOGNrSWkl32A7wFsU78jlNTlqMccLu0byUk5CysYYXaxNMIonIVr4YcykC7vgtDS5ABuz83giy6fzJA==
  dependencies:
    "@aws-sdk/core" "^3.973.23"
    "@aws-sdk/nested-clients" "^3.996.13"
    "@aws-sdk/types" "^3.973.6"
    "@smithy/property-provider" "^4.2.12"
    "@smithy/shared-ini-file-loader" "^4.4.7"
    "@smithy/types" "^4.13.1"
    tslib "^2.6.2"

"@aws-sdk/types@^3.222.0", "@aws-sdk/types@^3.973.6":
  version "3.973.6"
  resolved "https://registry.yarnpkg.com/@aws-sdk/types/-/types-3.973.6.tgz#1964a7c01b5cb18befa445998ad1d02f86c5432d"
  integrity sha512-Atfcy4E++beKtwJHiDln2Nby8W/mam64opFPTiHEqgsthqeydFS1pY+OUlN1ouNOmf8ArPU/6cDS65anOP3KQw==
  dependencies:
    "@smithy/types" "^4.13.1"
    tslib "^2.6.2"

"@aws-sdk/util-endpoints@^3.996.5":
  version "3.996.5"
  resolved "https://registry.yarnpkg.com/@aws-sdk/util-endpoints/-/util-endpoints-3.996.5.tgz#6b12e80869ae6e84075bc24c2a4e6273ea87dfc2"
  integrity sha512-Uh93L5sXFNbyR5sEPMzUU8tJ++Ku97EY4udmC01nB8Zu+xfBPwpIwJ6F7snqQeq8h2pf+8SGN5/NoytfKgYPIw==
  dependencies:
    "@aws-sdk/types" "^3.973.6"
    "@smithy/types" "^4.13.1"
    "@smithy/url-parser" "^4.2.12"
    "@smithy/util-endpoints" "^3.3.3"
    tslib "^2.6.2"

"@aws-sdk/util-locate-window@^3.0.0":
  version "3.965.5"
  resolved "https://registry.yarnpkg.com/@aws-sdk/util-locate-window/-/util-locate-window-3.965.5.tgz#e30e6ff2aff6436209ed42c765dec2d2a48df7c0"
  integrity sha512-WhlJNNINQB+9qtLtZJcpQdgZw3SCDCpXdUJP7cToGwHbCWCnRckGlc6Bx/OhWwIYFNAn+FIydY8SZ0QmVu3xTQ==
  dependencies:
    tslib "^2.6.2"

"@aws-sdk/util-user-agent-browser@^3.972.8":
  version "3.972.8"
  resolved "https://registry.yarnpkg.com/@aws-sdk/util-user-agent-browser/-/util-user-agent-browser-3.972.8.tgz#1044845c97c898cd68fc3f9c773494a6a98cdf80"
  integrity sha512-B3KGXJviV2u6Cdw2SDY2aDhoJkVfY/Q/Trwk2CMSkikE1Oi6gRzxhvhIfiRpHfmIsAhV4EA54TVEX8K6CbHbkA==
  dependencies:
    "@aws-sdk/types" "^3.973.6"
    "@smithy/types" "^4.13.1"
    bowser "^2.11.0"
    tslib "^2.6.2"

"@aws-sdk/util-user-agent-node@^3.973.10":
  version "3.973.10"
  resolved "https://registry.yarnpkg.com/@aws-sdk/util-user-agent-node/-/util-user-agent-node-3.973.10.tgz#19ee724466b7b78b0bdab6ac2252de36873b468a"
  integrity sha512-E99zeTscCc+pTMfsvnfi6foPpKmdD1cZfOC7/P8UUrjsoQdg9VEWPRD+xdFduKnfPXwcvby58AlO9jwwF6U96g==
  dependencies:
    "@aws-sdk/middleware-user-agent" "^3.972.24"
    "@aws-sdk/types" "^3.973.6"
    "@smithy/node-config-provider" "^4.3.12"
    "@smithy/types" "^4.13.1"
    "@smithy/util-config-provider" "^4.2.2"
    tslib "^2.6.2"

"@aws-sdk/xml-builder@^3.972.15":
  version "3.972.15"
  resolved "https://registry.yarnpkg.com/@aws-sdk/xml-builder/-/xml-builder-3.972.15.tgz#7cbc823f8eb11fa8c02d81a744892e41b1762619"
  integrity sha512-PxMRlCFNiQnke9YR29vjFQwz4jq+6Q04rOVFeTDR2K7Qpv9h9FOWOxG+zJjageimYbWqE3bTuLjmryWHAWbvaA==
  dependencies:
    "@smithy/types" "^4.13.1"
    fast-xml-parser "5.5.8"
    tslib "^2.6.2"

"@aws/lambda-invoke-store@^0.2.2":
  version "0.2.4"
  resolved "https://registry.yarnpkg.com/@aws/lambda-invoke-store/-/lambda-invoke-store-0.2.4.tgz#802f6a50f6b6589063ef63ba8acdee86fcb9f395"
  integrity sha512-iY8yvjE0y651BixKNPgmv1WrQc+GZ142sb0z4gYnChDDY2YqI4P/jsSopBWrKfAt7LOJAkOXt7rC/hms+WclQQ==

"@smithy/abort-controller@^4.2.12":
  version "4.2.12"
  resolved "https://registry.yarnpkg.com/@smithy/abort-controller/-/abort-controller-4.2.12.tgz#80c86416f232b0b4e79cef530877ef87d626ac42"
  integrity sha512-xolrFw6b+2iYGl6EcOL7IJY71vvyZ0DJ3mcKtpykqPe2uscwtzDZJa1uVQXyP7w9Dd+kGwYnPbMsJrGISKiY/Q==
  dependencies:
    "@smithy/types" "^4.13.1"
    tslib "^2.6.2"

"@smithy/config-resolver@^4.4.13":
  version "4.4.13"
  resolved "https://registry.yarnpkg.com/@smithy/config-resolver/-/config-resolver-4.4.13.tgz#8bffd41de647ec349b4a74bf02bdd1b32452bacd"
  integrity sha512-iIzMC5NmOUP6WL6o8iPBjFhUhBZ9pPjpUpQYWMUFQqKyXXzOftbfK8zcQCz/jFV1Psmf05BK5ypx4K2r4Tnwdg==
  dependencies:
    "@smithy/node-config-provider" "^4.3.12"
    "@smithy/types" "^4.13.1"
    "@smithy/util-config-provider" "^4.2.2"
    "@smithy/util-endpoints" "^3.3.3"
    "@smithy/util-middleware" "^4.2.12"
    tslib "^2.6.2"

"@smithy/core@^3.23.12":
  version "3.23.12"
  resolved "https://registry.yarnpkg.com/@smithy/core/-/core-3.23.12.tgz#a16537bb03260337ac5adda31aedb325fcf9bb06"
  integrity sha512-o9VycsYNtgC+Dy3I0yrwCqv9CWicDnke0L7EVOrZtJpjb2t0EjaEofmMrYc0T1Kn3yk32zm6cspxF9u9Bj7e5w==
  dependencies:
    "@smithy/protocol-http" "^5.3.12"
    "@smithy/types" "^4.13.1"
    "@smithy/url-parser" "^4.2.12"
    "@smithy/util-base64" "^4.3.2"
    "@smithy/util-body-length-browser" "^4.2.2"
    "@smithy/util-middleware" "^4.2.12"
    "@smithy/util-stream" "^4.5.20"
    "@smithy/util-utf8" "^4.2.2"
    "@smithy/uuid" "^1.1.2"
    tslib "^2.6.2"

"@smithy/credential-provider-imds@^4.2.12":
  version "4.2.12"
  resolved "https://registry.yarnpkg.com/@smithy/credential-provider-imds/-/credential-provider-imds-4.2.12.tgz#fa2e52116cac7eaf5625e0bfd399a4927b598f66"
  integrity sha512-cr2lR792vNZcYMriSIj+Um3x9KWrjcu98kn234xA6reOAFMmbRpQMOv8KPgEmLLtx3eldU6c5wALKFqNOhugmg==
  dependencies:
    "@smithy/node-config-provider" "^4.3.12"
    "@smithy/property-provider" "^4.2.12"
    "@smithy/types" "^4.13.1"
    "@smithy/url-parser" "^4.2.12"
    tslib "^2.6.2"

"@smithy/eventstream-codec@^4.2.12":
  version "4.2.12"
  resolved "https://registry.yarnpkg.com/@smithy/eventstream-codec/-/eventstream-codec-4.2.12.tgz#8cd62d08709344fb8b35fd17870fdf1435de61a3"
  integrity sha512-FE3bZdEl62ojmy8x4FHqxq2+BuOHlcxiH5vaZ6aqHJr3AIZzwF5jfx8dEiU/X0a8RboyNDjmXjlbr8AdEyLgiA==
  dependencies:
    "@aws-crypto/crc32" "5.2.0"
    "@smithy/types" "^4.13.1"
    "@smithy/util-hex-encoding" "^4.2.2"
    tslib "^2.6.2"

"@smithy/eventstream-serde-browser@^4.2.12":
  version "4.2.12"
  resolved "https://registry.yarnpkg.com/@smithy/eventstream-serde-browser/-/eventstream-serde-browser-4.2.12.tgz#3ceb8743750edaf5d6e42cd1a2327e048f85ba4e"
  integrity sha512-XUSuMxlTxV5pp4VpqZf6Sa3vT/Q75FVkLSpSSE3KkWBvAQWeuWt1msTv8fJfgA4/jcJhrbrbMzN1AC/hvPmm5A==
  dependencies:
    "@smithy/eventstream-serde-universal" "^4.2.12"
    "@smithy/types" "^4.13.1"
    tslib "^2.6.2"

"@smithy/eventstream-serde-config-resolver@^4.3.12":
  version "4.3.12"
  resolved "https://registry.yarnpkg.com/@smithy/eventstream-serde-config-resolver/-/eventstream-serde-config-resolver-4.3.12.tgz#a29164bc5480d935ece9dbdca0f79924259e519a"
  integrity sha512-7epsAZ3QvfHkngz6RXQYseyZYHlmWXSTPOfPmXkiS+zA6TBNo1awUaMFL9vxyXlGdoELmCZyZe1nQE+imbmV+Q==
  dependencies:
    "@smithy/types" "^4.13.1"
    tslib "^2.6.2"

"@smithy/eventstream-serde-node@^4.2.12":
  version "4.2.12"
  resolved "https://registry.yarnpkg.com/@smithy/eventstream-serde-node/-/eventstream-serde-node-4.2.12.tgz#2cc06a1ea1108f679d376aab81e95a6f69877b4a"
  integrity sha512-D1pFuExo31854eAvg89KMn9Oab/wEeJR6Buy32B49A9Ogdtx5fwZPqBHUlDzaCDpycTFk2+fSQgX689Qsk7UGA==
  dependencies:
    "@smithy/eventstream-serde-universal" "^4.2.12"
    "@smithy/types" "^4.13.1"
    tslib "^2.6.2"

"@smithy/eventstream-serde-universal@^4.2.12":
  version "4.2.12"
  resolved "https://registry.yarnpkg.com/@smithy/eventstream-serde-universal/-/eventstream-serde-universal-4.2.12.tgz#a3640d1e7c3e348168360035661db8d21b51e078"
  integrity sha512-+yNuTiyBACxOJUTvbsNsSOfH9G9oKbaJE1lNL3YHpGcuucl6rPZMi3nrpehpVOVR2E07YqFFmtwpImtpzlouHQ==
  dependencies:
    "@smithy/eventstream-codec" "^4.2.12"
    "@smithy/types" "^4.13.1"
    tslib "^2.6.2"

"@smithy/fetch-http-handler@^5.3.15":
  version "5.3.15"
  resolved "https://registry.yarnpkg.com/@smithy/fetch-http-handler/-/fetch-http-handler-5.3.15.tgz#acf69a8b3bab0396d2782fc901bad0b957c8c6a2"
  integrity sha512-T4jFU5N/yiIfrtrsb9uOQn7RdELdM/7HbyLNr6uO/mpkj1ctiVs7CihVr51w4LyQlXWDpXFn4BElf1WmQvZu/A==
  dependencies:
    "@smithy/protocol-http" "^5.3.12"
    "@smithy/querystring-builder" "^4.2.12"
    "@smithy/types" "^4.13.1"
    "@smithy/util-base64" "^4.3.2"
    tslib "^2.6.2"

"@smithy/hash-node@^4.2.12":
  version "4.2.12"
  resolved "https://registry.yarnpkg.com/@smithy/hash-node/-/hash-node-4.2.12.tgz#0ee7f6a1d2958c313ee24b07159dcb9547792441"
  integrity sha512-QhBYbGrbxTkZ43QoTPrK72DoYviDeg6YKDrHTMJbbC+A0sml3kSjzFtXP7BtbyJnXojLfTQldGdUR0RGD8dA3w==
  dependencies:
    "@smithy/types" "^4.13.1"
    "@smithy/util-buffer-from" "^4.2.2"
    "@smithy/util-utf8" "^4.2.2"
    tslib "^2.6.2"

"@smithy/invalid-dependency@^4.2.12":
  version "4.2.12"
  resolved "https://registry.yarnpkg.com/@smithy/invalid-dependency/-/invalid-dependency-4.2.12.tgz#1a28c13fb33684b91848d4d6ec5104a1c1413e7f"
  integrity sha512-/4F1zb7Z8LOu1PalTdESFHR0RbPwHd3FcaG1sI3UEIriQTWakysgJr65lc1jj6QY5ye7aFsisajotH6UhWfm/g==
  dependencies:
    "@smithy/types" "^4.13.1"
    tslib "^2.6.2"

"@smithy/is-array-buffer@^2.2.0":
  version "2.2.0"
  resolved "https://registry.yarnpkg.com/@smithy/is-array-buffer/-/is-array-buffer-2.2.0.tgz#f84f0d9f9a36601a9ca9381688bd1b726fd39111"
  integrity sha512-GGP3O9QFD24uGeAXYUjwSTXARoqpZykHadOmA8G5vfJPK0/DC67qa//0qvqrJzL1xc8WQWX7/yc7fwudjPHPhA==
  dependencies:
    tslib "^2.6.2"

"@smithy/is-array-buffer@^4.2.2":
  version "4.2.2"
  resolved "https://registry.yarnpkg.com/@smithy/is-array-buffer/-/is-array-buffer-4.2.2.tgz#c401ce54b12a16529eb1c938a0b6c2247cb763b8"
  integrity sha512-n6rQ4N8Jj4YTQO3YFrlgZuwKodf4zUFs7EJIWH86pSCWBaAtAGBFfCM7Wx6D2bBJ2xqFNxGBSrUWswT3M0VJow==
  dependencies:
    tslib "^2.6.2"

"@smithy/middleware-content-length@^4.2.12":
  version "4.2.12"
  resolved "https://registry.yarnpkg.com/@smithy/middleware-content-length/-/middleware-content-length-4.2.12.tgz#dec97ea1444b12e734156b764e9953b2b37c70fd"
  integrity sha512-YE58Yz+cvFInWI/wOTrB+DbvUVz/pLn5mC5MvOV4fdRUc6qGwygyngcucRQjAhiCEbmfLOXX0gntSIcgMvAjmA==
  dependencies:
    "@smithy/protocol-http" "^5.3.12"
    "@smithy/types" "^4.13.1"
    tslib "^2.6.2"

"@smithy/middleware-endpoint@^4.4.27":
  version "4.4.27"
  resolved "https://registry.yarnpkg.com/@smithy/middleware-endpoint/-/middleware-endpoint-4.4.27.tgz#cf2b334f7fc302e7ebf3fe00c1a1279ee9214afd"
  integrity sha512-T3TFfUgXQlpcg+UdzcAISdZpj4Z+XECZ/cefgA6wLBd6V4lRi0svN2hBouN/be9dXQ31X4sLWz3fAQDf+nt6BA==
  dependencies:
    "@smithy/core" "^3.23.12"
    "@smithy/middleware-serde" "^4.2.15"
    "@smithy/node-config-provider" "^4.3.12"
    "@smithy/shared-ini-file-loader" "^4.4.7"
    "@smithy/types" "^4.13.1"
    "@smithy/url-parser" "^4.2.12"
    "@smithy/util-middleware" "^4.2.12"
    tslib "^2.6.2"

"@smithy/middleware-retry@^4.4.44":
  version "4.4.44"
  resolved "https://registry.yarnpkg.com/@smithy/middleware-retry/-/middleware-retry-4.4.44.tgz#5c678ea74bde3a480cb28d013156a24009063c5e"
  integrity sha512-Y1Rav7m5CFRPQyM4CI0koD/bXjyjJu3EQxZZhtLGD88WIrBrQ7kqXM96ncd6rYnojwOo/u9MXu57JrEvu/nLrA==
  dependencies:
    "@smithy/node-config-provider" "^4.3.12"
    "@smithy/protocol-http" "^5.3.12"
    "@smithy/service-error-classification" "^4.2.12"
    "@smithy/smithy-client" "^4.12.7"
    "@smithy/types" "^4.13.1"
    "@smithy/util-middleware" "^4.2.12"
    "@smithy/util-retry" "^4.2.12"
    "@smithy/uuid" "^1.1.2"
    tslib "^2.6.2"

"@smithy/middleware-serde@^4.2.15":
  version "4.2.15"
  resolved "https://registry.yarnpkg.com/@smithy/middleware-serde/-/middleware-serde-4.2.15.tgz#18c6ed60339389b62e7955e822abe88e6f53ea55"
  integrity sha512-ExYhcltZSli0pgAKOpQQe1DLFBLryeZ22605y/YS+mQpdNWekum9Ujb/jMKfJKgjtz1AZldtwA/wCYuKJgjjlg==
  dependencies:
    "@smithy/core" "^3.23.12"
    "@smithy/protocol-http" "^5.3.12"
    "@smithy/types" "^4.13.1"
    tslib "^2.6.2"

"@smithy/middleware-stack@^4.2.12":
  version "4.2.12"
  resolved "https://registry.yarnpkg.com/@smithy/middleware-stack/-/middleware-stack-4.2.12.tgz#96b43b2fab0d4a6723f813f76b72418b0fdb6ba0"
  integrity sha512-kruC5gRHwsCOuyCd4ouQxYjgRAym2uDlCvQ5acuMtRrcdfg7mFBg6blaxcJ09STpt3ziEkis6bhg1uwrWU7txw==
  dependencies:
    "@smithy/types" "^4.13.1"
    tslib "^2.6.2"

"@smithy/node-config-provider@^4.3.12":
  version "4.3.12"
  resolved "https://registry.yarnpkg.com/@smithy/node-config-provider/-/node-config-provider-4.3.12.tgz#bb722da6e2a130ae585754fa7bc8d909f9f5d702"
  integrity sha512-tr2oKX2xMcO+rBOjobSwVAkV05SIfUKz8iI53rzxEmgW3GOOPOv0UioSDk+J8OpRQnpnhsO3Af6IEBabQBVmiw==
  dependencies:
    "@smithy/property-provider" "^4.2.12"
    "@smithy/shared-ini-file-loader" "^4.4.7"
    "@smithy/types" "^4.13.1"
    tslib "^2.6.2"

"@smithy/node-http-handler@^4.5.0":
  version "4.5.0"
  resolved "https://registry.yarnpkg.com/@smithy/node-http-handler/-/node-http-handler-4.5.0.tgz#6a506a0da462c79e725fdbcfa55b0eed5b929727"
  integrity sha512-Rnq9vQWiR1+/I6NZZMNzJHV6pZYyEHt2ZnuV3MG8z2NNenC4i/8Kzttz7CjZiHSmsN5frhXhg17z3Zqjjhmz1A==
  dependencies:
    "@smithy/abort-controller" "^4.2.12"
    "@smithy/protocol-http" "^5.3.12"
    "@smithy/querystring-builder" "^4.2.12"
    "@smithy/types" "^4.13.1"
    tslib "^2.6.2"

"@smithy/property-provider@^4.2.12":
  version "4.2.12"
  resolved "https://registry.yarnpkg.com/@smithy/property-provider/-/property-provider-4.2.12.tgz#e9f8e5ce125413973b16e39c87cf4acd41324e21"
  integrity sha512-jqve46eYU1v7pZ5BM+fmkbq3DerkSluPr5EhvOcHxygxzD05ByDRppRwRPPpFrsFo5yDtCYLKu+kreHKVrvc7A==
  dependencies:
    "@smithy/types" "^4.13.1"
    tslib "^2.6.2"

"@smithy/protocol-http@^5.3.12":
  version "5.3.12"
  resolved "https://registry.yarnpkg.com/@smithy/protocol-http/-/protocol-http-5.3.12.tgz#c913053e7dfbac6cdd7f374f0b4f5aa7c518d0e1"
  integrity sha512-fit0GZK9I1xoRlR4jXmbLhoN0OdEpa96ul8M65XdmXnxXkuMxM0Y8HDT0Fh0Xb4I85MBvBClOzgSrV1X2s1Hxw==
  dependencies:
    "@smithy/types" "^4.13.1"
    tslib "^2.6.2"

"@smithy/querystring-builder@^4.2.12":
  version "4.2.12"
  resolved "https://registry.yarnpkg.com/@smithy/querystring-builder/-/querystring-builder-4.2.12.tgz#20a0266b151a4b58409f901e1463257a72835c16"
  integrity sha512-6wTZjGABQufekycfDGMEB84BgtdOE/rCVTov+EDXQ8NHKTUNIp/j27IliwP7tjIU9LR+sSzyGBOXjeEtVgzCHg==
  dependencies:
    "@smithy/types" "^4.13.1"
    "@smithy/util-uri-escape" "^4.2.2"
    tslib "^2.6.2"

"@smithy/querystring-parser@^4.2.12":
  version "4.2.12"
  resolved "https://registry.yarnpkg.com/@smithy/querystring-parser/-/querystring-parser-4.2.12.tgz#918cb609b2d606ab81f2727bfde0265d2ebb2758"
  integrity sha512-P2OdvrgiAKpkPNKlKUtWbNZKB1XjPxM086NeVhK+W+wI46pIKdWBe5QyXvhUm3MEcyS/rkLvY8rZzyUdmyDZBw==
  dependencies:
    "@smithy/types" "^4.13.1"
    tslib "^2.6.2"

"@smithy/service-error-classification@^4.2.12":
  version "4.2.12"
  resolved "https://registry.yarnpkg.com/@smithy/service-error-classification/-/service-error-classification-4.2.12.tgz#795e9484207acf63817a9e9cf67e90b42e720840"
  integrity sha512-LlP29oSQN0Tw0b6D0Xo6BIikBswuIiGYbRACy5ujw/JgWSzTdYj46U83ssf6Ux0GyNJVivs2uReU8pt7Eu9okQ==
  dependencies:
    "@smithy/types" "^4.13.1"

"@smithy/shared-ini-file-loader@^4.4.7":
  version "4.4.7"
  resolved "https://registry.yarnpkg.com/@smithy/shared-ini-file-loader/-/shared-ini-file-loader-4.4.7.tgz#18cc5a21f871509fafbe535a7bf44bde5a500727"
  integrity sha512-HrOKWsUb+otTeo1HxVWeEb99t5ER1XrBi/xka2Wv6NVmTbuCUC1dvlrksdvxFtODLBjsC+PHK+fuy2x/7Ynyiw==
  dependencies:
    "@smithy/types" "^4.13.1"
    tslib "^2.6.2"

"@smithy/signature-v4@^5.3.12":
  version "5.3.12"
  resolved "https://registry.yarnpkg.com/@smithy/signature-v4/-/signature-v4-5.3.12.tgz#b61ce40a94bdd91dfdd8f5f2136631c8eb67f253"
  integrity sha512-B/FBwO3MVOL00DaRSXfXfa/TRXRheagt/q5A2NM13u7q+sHS59EOVGQNfG7DkmVtdQm5m3vOosoKAXSqn/OEgw==
  dependencies:
    "@smithy/is-array-buffer" "^4.2.2"
    "@smithy/protocol-http" "^5.3.12"
    "@smithy/types" "^4.13.1"
    "@smithy/util-hex-encoding" "^4.2.2"
    "@smithy/util-middleware" "^4.2.12"
    "@smithy/util-uri-escape" "^4.2.2"
    "@smithy/util-utf8" "^4.2.2"
    tslib "^2.6.2"

"@smithy/smithy-client@^4.12.7":
  version "4.12.7"
  resolved "https://registry.yarnpkg.com/@smithy/smithy-client/-/smithy-client-4.12.7.tgz#3867272c062e39d3d4b719bf83ba491c76e1ee93"
  integrity sha512-q3gqnwml60G44FECaEEsdQMplYhDMZYCtYhMCzadCnRnnHIobZJjegmdoUo6ieLQlPUzvrMdIJUpx6DoPmzANQ==
  dependencies:
    "@smithy/core" "^3.23.12"
    "@smithy/middleware-endpoint" "^4.4.27"
    "@smithy/middleware-stack" "^4.2.12"
    "@smithy/protocol-http" "^5.3.12"
    "@smithy/types" "^4.13.1"
    "@smithy/util-stream" "^4.5.20"
    tslib "^2.6.2"

"@smithy/types@^4.13.1":
  version "4.13.1"
  resolved "https://registry.yarnpkg.com/@smithy/types/-/types-4.13.1.tgz#8aaf15bb0f42b4e7c93c87018a3678a06d74691d"
  integrity sha512-787F3yzE2UiJIQ+wYW1CVg2odHjmaWLGksnKQHUrK/lYZSEcy1msuLVvxaR/sI2/aDe9U+TBuLsXnr3vod1g0g==
  dependencies:
    tslib "^2.6.2"

"@smithy/url-parser@^4.2.12":
  version "4.2.12"
  resolved "https://registry.yarnpkg.com/@smithy/url-parser/-/url-parser-4.2.12.tgz#e940557bf0b8e9a25538a421970f64bd827f456f"
  integrity sha512-wOPKPEpso+doCZGIlr+e1lVI6+9VAKfL4kZWFgzVgGWY2hZxshNKod4l2LXS3PRC9otH/JRSjtEHqQ/7eLciRA==
  dependencies:
    "@smithy/querystring-parser" "^4.2.12"
    "@smithy/types" "^4.13.1"
    tslib "^2.6.2"

"@smithy/util-base64@^4.3.2":
  version "4.3.2"
  resolved "https://registry.yarnpkg.com/@smithy/util-base64/-/util-base64-4.3.2.tgz#be02bcb29a87be744356467ea25ffa413e695cea"
  integrity sha512-XRH6b0H/5A3SgblmMa5ErXQ2XKhfbQB+Fm/oyLZ2O2kCUrwgg55bU0RekmzAhuwOjA9qdN5VU2BprOvGGUkOOQ==
  dependencies:
    "@smithy/util-buffer-from" "^4.2.2"
    "@smithy/util-utf8" "^4.2.2"
    tslib "^2.6.2"

"@smithy/util-body-length-browser@^4.2.2":
  version "4.2.2"
  resolved "https://registry.yarnpkg.com/@smithy/util-body-length-browser/-/util-body-length-browser-4.2.2.tgz#c4404277d22039872abdb80e7800f9a63f263862"
  integrity sha512-JKCrLNOup3OOgmzeaKQwi4ZCTWlYR5H4Gm1r2uTMVBXoemo1UEghk5vtMi1xSu2ymgKVGW631e2fp9/R610ZjQ==
  dependencies:
    tslib "^2.6.2"

"@smithy/util-body-length-node@^4.2.3":
  version "4.2.3"
  resolved "https://registry.yarnpkg.com/@smithy/util-body-length-node/-/util-body-length-node-4.2.3.tgz#f923ca530defb86a9ac3ca2d3066bcca7b304fbc"
  integrity sha512-ZkJGvqBzMHVHE7r/hcuCxlTY8pQr1kMtdsVPs7ex4mMU+EAbcXppfo5NmyxMYi2XU49eqaz56j2gsk4dHHPG/g==
  dependencies:
    tslib "^2.6.2"

"@smithy/util-buffer-from@^2.2.0":
  version "2.2.0"
  resolved "https://registry.yarnpkg.com/@smithy/util-buffer-from/-/util-buffer-from-2.2.0.tgz#6fc88585165ec73f8681d426d96de5d402021e4b"
  integrity sha512-IJdWBbTcMQ6DA0gdNhh/BwrLkDR+ADW5Kr1aZmd4k3DIF6ezMV4R2NIAmT08wQJ3yUK82thHWmC/TnK/wpMMIA==
  dependencies:
    "@smithy/is-array-buffer" "^2.2.0"
    tslib "^2.6.2"

"@smithy/util-buffer-from@^4.2.2":
  version "4.2.2"
  resolved "https://registry.yarnpkg.com/@smithy/util-buffer-from/-/util-buffer-from-4.2.2.tgz#2c6b7857757dfd88f6cd2d36016179a40ccc913b"
  integrity sha512-FDXD7cvUoFWwN6vtQfEta540Y/YBe5JneK3SoZg9bThSoOAC/eGeYEua6RkBgKjGa/sz6Y+DuBZj3+YEY21y4Q==
  dependencies:
    "@smithy/is-array-buffer" "^4.2.2"
    tslib "^2.6.2"

"@smithy/util-config-provider@^4.2.2":
  version "4.2.2"
  resolved "https://registry.yarnpkg.com/@smithy/util-config-provider/-/util-config-provider-4.2.2.tgz#52ebf9d8942838d18bc5fb1520de1e8699d7aad6"
  integrity sha512-dWU03V3XUprJwaUIFVv4iOnS1FC9HnMHDfUrlNDSh4315v0cWyaIErP8KiqGVbf5z+JupoVpNM7ZB3jFiTejvQ==
  dependencies:
    tslib "^2.6.2"

"@smithy/util-defaults-mode-browser@^4.3.43":
  version "4.3.43"
  resolved "https://registry.yarnpkg.com/@smithy/util-defaults-mode-browser/-/util-defaults-mode-browser-4.3.43.tgz#8e2667c31cacdc0d59d414863f9a475daef79b28"
  integrity sha512-Qd/0wCKMaXxev/z00TvNzGCH2jlKKKxXP1aDxB6oKwSQthe3Og2dMhSayGCnsma1bK/kQX1+X7SMP99t6FgiiQ==
  dependencies:
    "@smithy/property-provider" "^4.2.12"
    "@smithy/smithy-client" "^4.12.7"
    "@smithy/types" "^4.13.1"
    tslib "^2.6.2"

"@smithy/util-defaults-mode-node@^4.2.47":
  version "4.2.47"
  resolved "https://registry.yarnpkg.com/@smithy/util-defaults-mode-node/-/util-defaults-mode-node-4.2.47.tgz#95ab7663f21513dff5c13b5ab7fa2957418254c5"
  integrity sha512-qSRbYp1EQ7th+sPFuVcVO05AE0QH635hycdEXlpzIahqHHf2Fyd/Zl+8v0XYMJ3cgDVPa0lkMefU7oNUjAP+DQ==
  dependencies:
    "@smithy/config-resolver" "^4.4.13"
    "@smithy/credential-provider-imds" "^4.2.12"
    "@smithy/node-config-provider" "^4.3.12"
    "@smithy/property-provider" "^4.2.12"
    "@smithy/smithy-client" "^4.12.7"
    "@smithy/types" "^4.13.1"
    tslib "^2.6.2"

"@smithy/util-endpoints@^3.3.3":
  version "3.3.3"
  resolved "https://registry.yarnpkg.com/@smithy/util-endpoints/-/util-endpoints-3.3.3.tgz#0119f15bcac30b3b9af1d3cc0a8477e7199d0185"
  integrity sha512-VACQVe50j0HZPjpwWcjyT51KUQ4AnsvEaQ2lKHOSL4mNLD0G9BjEniQ+yCt1qqfKfiAHRAts26ud7hBjamrwig==
  dependencies:
    "@smithy/node-config-provider" "^4.3.12"
    "@smithy/types" "^4.13.1"
    tslib "^2.6.2"

"@smithy/util-hex-encoding@^4.2.2":
  version "4.2.2"
  resolved "https://registry.yarnpkg.com/@smithy/util-hex-encoding/-/util-hex-encoding-4.2.2.tgz#4abf3335dd1eb884041d8589ca7628d81a6fd1d3"
  integrity sha512-Qcz3W5vuHK4sLQdyT93k/rfrUwdJ8/HZ+nMUOyGdpeGA1Wxt65zYwi3oEl9kOM+RswvYq90fzkNDahPS8K0OIg==
  dependencies:
    tslib "^2.6.2"

"@smithy/util-middleware@^4.2.12":
  version "4.2.12"
  resolved "https://registry.yarnpkg.com/@smithy/util-middleware/-/util-middleware-4.2.12.tgz#d6cb837c2390375e2b6957e7f917350ca4bd8757"
  integrity sha512-Er805uFUOvgc0l8nv0e0su0VFISoxhJ/AwOn3gL2NWNY2LUEldP5WtVcRYSQBcjg0y9NfG8JYrCJaYDpupBHJQ==
  dependencies:
    "@smithy/types" "^4.13.1"
    tslib "^2.6.2"

"@smithy/util-retry@^4.2.12":
  version "4.2.12"
  resolved "https://registry.yarnpkg.com/@smithy/util-retry/-/util-retry-4.2.12.tgz#be4805afee530f95b00a6ba771e18cb4c324f822"
  integrity sha512-1zopLDUEOwumjcHdJ1mwBHddubYF8GMQvstVCLC54Y46rqoHwlIU+8ZzUeaBcD+WCJHyDGSeZ2ml9YSe9aqcoQ==
  dependencies:
    "@smithy/service-error-classification" "^4.2.12"
    "@smithy/types" "^4.13.1"
    tslib "^2.6.2"

"@smithy/util-stream@^4.5.20":
  version "4.5.20"
  resolved "https://registry.yarnpkg.com/@smithy/util-stream/-/util-stream-4.5.20.tgz#2d312ac8b9ea1780561a77048b027e7db1c6a3d4"
  integrity sha512-4yXLm5n/B5SRBR2p8cZ90Sbv4zL4NKsgxdzCzp/83cXw2KxLEumt5p+GAVyRNZgQOSrzXn9ARpO0lUe8XSlSDw==
  dependencies:
    "@smithy/fetch-http-handler" "^5.3.15"
    "@smithy/node-http-handler" "^4.5.0"
    "@smithy/types" "^4.13.1"
    "@smithy/util-base64" "^4.3.2"
    "@smithy/util-buffer-from" "^4.2.2"
    "@smithy/util-hex-encoding" "^4.2.2"
    "@smithy/util-utf8" "^4.2.2"
    tslib "^2.6.2"

"@smithy/util-uri-escape@^4.2.2":
  version "4.2.2"
  resolved "https://registry.yarnpkg.com/@smithy/util-uri-escape/-/util-uri-escape-4.2.2.tgz#48e40206e7fe9daefc8d44bb43a1ab17e76abf4a"
  integrity sha512-2kAStBlvq+lTXHyAZYfJRb/DfS3rsinLiwb+69SstC9Vb0s9vNWkRwpnj918Pfi85mzi42sOqdV72OLxWAISnw==
  dependencies:
    tslib "^2.6.2"

"@smithy/util-utf8@^2.0.0":
  version "2.3.0"
  resolved "https://registry.yarnpkg.com/@smithy/util-utf8/-/util-utf8-2.3.0.tgz#dd96d7640363259924a214313c3cf16e7dd329c5"
  integrity sha512-R8Rdn8Hy72KKcebgLiv8jQcQkXoLMOGGv5uI1/k0l+snqkOzQ1R0ChUBCxWMlBsFMekWjq0wRudIweFs7sKT5A==
  dependencies:
    "@smithy/util-buffer-from" "^2.2.0"
    tslib "^2.6.2"

"@smithy/util-utf8@^4.2.2":
  version "4.2.2"
  resolved "https://registry.yarnpkg.com/@smithy/util-utf8/-/util-utf8-4.2.2.tgz#21db686982e6f3393ac262e49143b42370130f13"
  integrity sha512-75MeYpjdWRe8M5E3AW0O4Cx3UadweS+cwdXjwYGBW5h/gxxnbeZ877sLPX/ZJA9GVTlL/qG0dXP29JWFCD1Ayw==
  dependencies:
    "@smithy/util-buffer-from" "^4.2.2"
    tslib "^2.6.2"

"@smithy/util-waiter@^4.2.13":
  version "4.2.13"
  resolved "https://registry.yarnpkg.com/@smithy/util-waiter/-/util-waiter-4.2.13.tgz#fea123340d650825a0ae3cc6c4525337806811ca"
  integrity sha512-2zdZ9DTHngRtcYxJK1GUDxruNr53kv5W2Lupe0LMU+Imr6ohQg8M2T14MNkj1Y0wS3FFwpgpGQyvuaMF7CiTmQ==
  dependencies:
    "@smithy/abort-controller" "^4.2.12"
    "@smithy/types" "^4.13.1"
    tslib "^2.6.2"

"@smithy/uuid@^1.1.2":
  version "1.1.2"
  resolved "https://registry.yarnpkg.com/@smithy/uuid/-/uuid-1.1.2.tgz#b6e97c7158615e4a3c775e809c00d8c269b5a12e"
  integrity sha512-O/IEdcCUKkubz60tFbGA7ceITTAJsty+lBjNoorP4Z6XRqaFb/OjQjZODophEcuq68nKm6/0r+6/lLQ+XVpk8g==
  dependencies:
    tslib "^2.6.2"

bowser@^2.11.0:
  version "2.14.1"
  resolved "https://registry.yarnpkg.com/bowser/-/bowser-2.14.1.tgz#4ea39bf31e305184522d7ad7bfd91389e4f0cb79"
  integrity sha512-tzPjzCxygAKWFOJP011oxFHs57HzIhOEracIgAePE4pqB3LikALKnSzUyU4MGs9/iCEUuHlAJTjTc5M+u7YEGg==

fast-xml-builder@^1.1.4:
  version "1.1.4"
  resolved "https://registry.yarnpkg.com/fast-xml-builder/-/fast-xml-builder-1.1.4.tgz#0c407a1d9d5996336c0cd76f7ff785cac6413017"
  integrity sha512-f2jhpN4Eccy0/Uz9csxh3Nu6q4ErKxf0XIsasomfOihuSUa3/xw6w8dnOtCDgEItQFJG8KyXPzQXzcODDrrbOg==
  dependencies:
    path-expression-matcher "^1.1.3"

fast-xml-parser@5.5.8:
  version "5.5.8"
  resolved "https://registry.yarnpkg.com/fast-xml-parser/-/fast-xml-parser-5.5.8.tgz#929571ed8c5eb96e6d9bd572ba14fc4b84875716"
  integrity sha512-Z7Fh2nVQSb2d+poDViM063ix2ZGt9jmY1nWhPfHBOK2Hgnb/OW3P4Et3P/81SEej0J7QbWtJqxO05h8QYfK7LQ==
  dependencies:
    fast-xml-builder "^1.1.4"
    path-expression-matcher "^1.2.0"
    strnum "^2.2.0"

path-expression-matcher@^1.1.3, path-expression-matcher@^1.2.0:
  version "1.2.0"
  resolved "https://registry.yarnpkg.com/path-expression-matcher/-/path-expression-matcher-1.2.0.tgz#9bdae3787f43b0857b0269e9caaa586c12c8abee"
  integrity sha512-DwmPWeFn+tq7TiyJ2CxezCAirXjFxvaiD03npak3cRjlP9+OjTmSy1EpIrEbh+l6JgUundniloMLDQ/6VTdhLQ==

strnum@^2.2.0:
  version "2.2.2"
  resolved "https://registry.yarnpkg.com/strnum/-/strnum-2.2.2.tgz#f11fd94ab62b536ba2ecc615858f3747c2881b3f"
  integrity sha512-DnR90I+jtXNSTXWdwrEy9FakW7UX+qUZg28gj5fk2vxxl7uS/3bpI4fjFYVmdK9etptYBPNkpahuQnEwhwECqA==

tslib@^2.6.2:
  version "2.8.1"
  resolved "https://registry.yarnpkg.com/tslib/-/tslib-2.8.1.tgz#612efe4ed235d567e8aba5f2a5fab70280ade83f"
  integrity sha512-oJFu94HQb+KVduSUQL7wnpmqnfmLsOA/nAh6b6EH0wCEoK0/mPeXU6c3wKDV83MkOuHPRHtSXKKU99IBazS/2w==
