PODS:
  - appcenter-analytics (3.1.0):
    - AppCenter/Analytics
    - AppCenterReactNativeShared
    - React
  - appcenter-core (3.1.0):
    - AppCenterReactNativeShared
    - React
  - appcenter-crashes (3.1.0):
    - AppCenter/Crashes
    - AppCenterReactNativeShared
    - React
  - AppCenter/Analytics (3.3.1):
    - AppCenter/Core
  - AppCenter/Core (3.3.1)
  - AppCenter/Crashes (3.3.1):
    - AppCenter/Core
  - AppCenterReactNativeShared (3.1.0):
    - AppCenter/Core (= 3.3.1)
  - Base64 (1.1.2)
  - boost-for-react-native (1.63.0)
  - BVLinearGradient (2.5.6):
    - React
  - CocoaAsyncSocket (7.6.4)
  - CocoaLibEvent (1.0.0)
  - CodePush (6.3.0):
    - Base64 (~> 1.1)
    - JWT (~> 3.0.0-beta.12)
    - React
    - SSZipArchive (~> 2.2.2)
  - DoubleConversion (1.1.6)
  - FBLazyVector (0.63.1)
  - FBReactNativeSpec (0.63.1):
    - Folly (= 2020.01.13.00)
    - RCTRequired (= 0.63.1)
    - RCTTypeSafety (= 0.63.1)
    - React-Core (= 0.63.1)
    - React-jsi (= 0.63.1)
    - ReactCommon/turbomodule/core (= 0.63.1)
  - Flipper (0.41.5):
    - Flipper-Folly (~> 2.2)
    - Flipper-RSocket (~> 1.1)
  - Flipper-DoubleConversion (1.1.7)
  - Flipper-Folly (2.2.0):
    - boost-for-react-native
    - CocoaLibEvent (~> 1.0)
    - Flipper-DoubleConversion
    - Flipper-Glog
    - OpenSSL-Universal (= 1.0.2.19)
  - Flipper-Glog (0.3.6)
  - Flipper-PeerTalk (0.0.4)
  - Flipper-RSocket (1.1.0):
    - Flipper-Folly (~> 2.2)
  - FlipperKit (0.41.5):
    - FlipperKit/Core (= 0.41.5)
  - FlipperKit/Core (0.41.5):
    - Flipper (~> 0.41.5)
    - FlipperKit/CppBridge
    - FlipperKit/FBCxxFollyDynamicConvert
    - FlipperKit/FBDefines
    - FlipperKit/FKPortForwarding
  - FlipperKit/CppBridge (0.41.5):
    - Flipper (~> 0.41.5)
  - FlipperKit/FBCxxFollyDynamicConvert (0.41.5):
    - Flipper-Folly (~> 2.2)
  - FlipperKit/FBDefines (0.41.5)
  - FlipperKit/FKPortForwarding (0.41.5):
    - CocoaAsyncSocket (~> 7.6)
    - Flipper-PeerTalk (~> 0.0.4)
  - FlipperKit/FlipperKitHighlightOverlay (0.41.5)
  - FlipperKit/FlipperKitLayoutPlugin (0.41.5):
    - FlipperKit/Core
    - FlipperKit/FlipperKitHighlightOverlay
    - FlipperKit/FlipperKitLayoutTextSearchable
    - YogaKit (~> 1.18)
  - FlipperKit/FlipperKitLayoutTextSearchable (0.41.5)
  - FlipperKit/FlipperKitNetworkPlugin (0.41.5):
    - FlipperKit/Core
  - FlipperKit/FlipperKitReactPlugin (0.41.5):
    - FlipperKit/Core
  - FlipperKit/FlipperKitUserDefaultsPlugin (0.41.5):
    - FlipperKit/Core
  - FlipperKit/SKIOSNetworkPlugin (0.41.5):
    - FlipperKit/Core
    - FlipperKit/FlipperKitNetworkPlugin
  - Folly (2020.01.13.00):
    - boost-for-react-native
    - DoubleConversion
    - Folly/Default (= 2020.01.13.00)
    - glog
  - Folly/Default (2020.01.13.00):
    - boost-for-react-native
    - DoubleConversion
    - glog
  - glog (0.3.5)
  - JKBigInteger2 (0.0.5)
  - JWT (3.0.0-beta.12):
    - Base64 (~> 1.1.2)
  - OpenSSL-Universal (1.0.2.19):
    - OpenSSL-Universal/Static (= 1.0.2.19)
  - OpenSSL-Universal/Static (1.0.2.19)
  - RCTRequired (0.63.1)
  - RCTTypeSafety (0.63.1):
    - FBLazyVector (= 0.63.1)
    - Folly (= 2020.01.13.00)
    - RCTRequired (= 0.63.1)
    - React-Core (= 0.63.1)
  - React (0.63.1):
    - React-Core (= 0.63.1)
    - React-Core/DevSupport (= 0.63.1)
    - React-Core/RCTWebSocket (= 0.63.1)
    - React-RCTActionSheet (= 0.63.1)
    - React-RCTAnimation (= 0.63.1)
    - React-RCTBlob (= 0.63.1)
    - React-RCTImage (= 0.63.1)
    - React-RCTLinking (= 0.63.1)
    - React-RCTNetwork (= 0.63.1)
    - React-RCTSettings (= 0.63.1)
    - React-RCTText (= 0.63.1)
    - React-RCTVibration (= 0.63.1)
  - React-callinvoker (0.63.1)
  - React-Core (0.63.1):
    - Folly (= 2020.01.13.00)
    - glog
    - React-Core/Default (= 0.63.1)
    - React-cxxreact (= 0.63.1)
    - React-jsi (= 0.63.1)
    - React-jsiexecutor (= 0.63.1)
    - Yoga
  - React-Core/CoreModulesHeaders (0.63.1):
    - Folly (= 2020.01.13.00)
    - glog
    - React-Core/Default
    - React-cxxreact (= 0.63.1)
    - React-jsi (= 0.63.1)
    - React-jsiexecutor (= 0.63.1)
    - Yoga
  - React-Core/Default (0.63.1):
    - Folly (= 2020.01.13.00)
    - glog
    - React-cxxreact (= 0.63.1)
    - React-jsi (= 0.63.1)
    - React-jsiexecutor (= 0.63.1)
    - Yoga
  - React-Core/DevSupport (0.63.1):
    - Folly (= 2020.01.13.00)
    - glog
    - React-Core/Default (= 0.63.1)
    - React-Core/RCTWebSocket (= 0.63.1)
    - React-cxxreact (= 0.63.1)
    - React-jsi (= 0.63.1)
    - React-jsiexecutor (= 0.63.1)
    - React-jsinspector (= 0.63.1)
    - Yoga
  - React-Core/RCTActionSheetHeaders (0.63.1):
    - Folly (= 2020.01.13.00)
    - glog
    - React-Core/Default
    - React-cxxreact (= 0.63.1)
    - React-jsi (= 0.63.1)
    - React-jsiexecutor (= 0.63.1)
    - Yoga
  - React-Core/RCTAnimationHeaders (0.63.1):
    - Folly (= 2020.01.13.00)
    - glog
    - React-Core/Default
    - React-cxxreact (= 0.63.1)
    - React-jsi (= 0.63.1)
    - React-jsiexecutor (= 0.63.1)
    - Yoga
  - React-Core/RCTBlobHeaders (0.63.1):
    - Folly (= 2020.01.13.00)
    - glog
    - React-Core/Default
    - React-cxxreact (= 0.63.1)
    - React-jsi (= 0.63.1)
    - React-jsiexecutor (= 0.63.1)
    - Yoga
  - React-Core/RCTImageHeaders (0.63.1):
    - Folly (= 2020.01.13.00)
    - glog
    - React-Core/Default
    - React-cxxreact (= 0.63.1)
    - React-jsi (= 0.63.1)
    - React-jsiexecutor (= 0.63.1)
    - Yoga
  - React-Core/RCTLinkingHeaders (0.63.1):
    - Folly (= 2020.01.13.00)
    - glog
    - React-Core/Default
    - React-cxxreact (= 0.63.1)
    - React-jsi (= 0.63.1)
    - React-jsiexecutor (= 0.63.1)
    - Yoga
  - React-Core/RCTNetworkHeaders (0.63.1):
    - Folly (= 2020.01.13.00)
    - glog
    - React-Core/Default
    - React-cxxreact (= 0.63.1)
    - React-jsi (= 0.63.1)
    - React-jsiexecutor (= 0.63.1)
    - Yoga
  - React-Core/RCTSettingsHeaders (0.63.1):
    - Folly (= 2020.01.13.00)
    - glog
    - React-Core/Default
    - React-cxxreact (= 0.63.1)
    - React-jsi (= 0.63.1)
    - React-jsiexecutor (= 0.63.1)
    - Yoga
  - React-Core/RCTTextHeaders (0.63.1):
    - Folly (= 2020.01.13.00)
    - glog
    - React-Core/Default
    - React-cxxreact (= 0.63.1)
    - React-jsi (= 0.63.1)
    - React-jsiexecutor (= 0.63.1)
    - Yoga
  - React-Core/RCTVibrationHeaders (0.63.1):
    - Folly (= 2020.01.13.00)
    - glog
    - React-Core/Default
    - React-cxxreact (= 0.63.1)
    - React-jsi (= 0.63.1)
    - React-jsiexecutor (= 0.63.1)
    - Yoga
  - React-Core/RCTWebSocket (0.63.1):
    - Folly (= 2020.01.13.00)
    - glog
    - React-Core/Default (= 0.63.1)
    - React-cxxreact (= 0.63.1)
    - React-jsi (= 0.63.1)
    - React-jsiexecutor (= 0.63.1)
    - Yoga
  - React-CoreModules (0.63.1):
    - FBReactNativeSpec (= 0.63.1)
    - Folly (= 2020.01.13.00)
    - RCTTypeSafety (= 0.63.1)
    - React-Core/CoreModulesHeaders (= 0.63.1)
    - React-jsi (= 0.63.1)
    - React-RCTImage (= 0.63.1)
    - ReactCommon/turbomodule/core (= 0.63.1)
  - React-cxxreact (0.63.1):
    - boost-for-react-native (= 1.63.0)
    - DoubleConversion
    - Folly (= 2020.01.13.00)
    - glog
    - React-callinvoker (= 0.63.1)
    - React-jsinspector (= 0.63.1)
  - React-jsi (0.63.1):
    - boost-for-react-native (= 1.63.0)
    - DoubleConversion
    - Folly (= 2020.01.13.00)
    - glog
    - React-jsi/Default (= 0.63.1)
  - React-jsi/Default (0.63.1):
    - boost-for-react-native (= 1.63.0)
    - DoubleConversion
    - Folly (= 2020.01.13.00)
    - glog
  - React-jsiexecutor (0.63.1):
    - DoubleConversion
    - Folly (= 2020.01.13.00)
    - glog
    - React-cxxreact (= 0.63.1)
    - React-jsi (= 0.63.1)
  - React-jsinspector (0.63.1)
  - react-native-image-picker (2.3.3):
    - React
  - react-native-keep-awake (4.0.0):
    - React
  - react-native-netinfo (5.9.5):
    - React
  - react-native-safe-area-context (3.1.1):
    - React
  - react-native-viewpager (4.1.0):
    - React
  - React-RCTActionSheet (0.63.1):
    - React-Core/RCTActionSheetHeaders (= 0.63.1)
  - React-RCTAnimation (0.63.1):
    - FBReactNativeSpec (= 0.63.1)
    - Folly (= 2020.01.13.00)
    - RCTTypeSafety (= 0.63.1)
    - React-Core/RCTAnimationHeaders (= 0.63.1)
    - React-jsi (= 0.63.1)
    - ReactCommon/turbomodule/core (= 0.63.1)
  - React-RCTBlob (0.63.1):
    - FBReactNativeSpec (= 0.63.1)
    - Folly (= 2020.01.13.00)
    - React-Core/RCTBlobHeaders (= 0.63.1)
    - React-Core/RCTWebSocket (= 0.63.1)
    - React-jsi (= 0.63.1)
    - React-RCTNetwork (= 0.63.1)
    - ReactCommon/turbomodule/core (= 0.63.1)
  - React-RCTImage (0.63.1):
    - FBReactNativeSpec (= 0.63.1)
    - Folly (= 2020.01.13.00)
    - RCTTypeSafety (= 0.63.1)
    - React-Core/RCTImageHeaders (= 0.63.1)
    - React-jsi (= 0.63.1)
    - React-RCTNetwork (= 0.63.1)
    - ReactCommon/turbomodule/core (= 0.63.1)
  - React-RCTLinking (0.63.1):
    - FBReactNativeSpec (= 0.63.1)
    - React-Core/RCTLinkingHeaders (= 0.63.1)
    - React-jsi (= 0.63.1)
    - ReactCommon/turbomodule/core (= 0.63.1)
  - React-RCTNetwork (0.63.1):
    - FBReactNativeSpec (= 0.63.1)
    - Folly (= 2020.01.13.00)
    - RCTTypeSafety (= 0.63.1)
    - React-Core/RCTNetworkHeaders (= 0.63.1)
    - React-jsi (= 0.63.1)
    - ReactCommon/turbomodule/core (= 0.63.1)
  - React-RCTSettings (0.63.1):
    - FBReactNativeSpec (= 0.63.1)
    - Folly (= 2020.01.13.00)
    - RCTTypeSafety (= 0.63.1)
    - React-Core/RCTSettingsHeaders (= 0.63.1)
    - React-jsi (= 0.63.1)
    - ReactCommon/turbomodule/core (= 0.63.1)
  - React-RCTText (0.63.1):
    - React-Core/RCTTextHeaders (= 0.63.1)
  - React-RCTVibration (0.63.1):
    - FBReactNativeSpec (= 0.63.1)
    - Folly (= 2020.01.13.00)
    - React-Core/RCTVibrationHeaders (= 0.63.1)
    - React-jsi (= 0.63.1)
    - ReactCommon/turbomodule/core (= 0.63.1)
  - ReactCommon/turbomodule/core (0.63.1):
    - DoubleConversion
    - Folly (= 2020.01.13.00)
    - glog
    - React-callinvoker (= 0.63.1)
    - React-Core (= 0.63.1)
    - React-cxxreact (= 0.63.1)
    - React-jsi (= 0.63.1)
  - ReactNativeAutogrowTextinput (5.4.0):
    - React
  - rn-fetch-blob (0.12.0):
    - React-Core
  - RNAWSCognito (4.3.3):
    - JKBigInteger2 (= 0.0.5)
    - React
  - RNCAsyncStorage (1.11.0):
    - React
  - RNCMaskedView (0.1.10):
    - React
  - RNGestureHandler (1.6.1):
    - React
  - RNReanimated (1.9.0):
    - React
  - RNScreens (2.9.0):
    - React
  - RNSVG (12.1.0):
    - React
  - RNVectorIcons (7.0.0):
    - React
  - SSZipArchive (2.2.3)
  - Yoga (1.14.0)
  - YogaKit (1.18.1):
    - Yoga (~> 1.14)

DEPENDENCIES:
  - appcenter-analytics (from `../node_modules/appcenter-analytics/ios`)
  - appcenter-core (from `../node_modules/appcenter/ios`)
  - appcenter-crashes (from `../node_modules/appcenter-crashes/ios`)
  - BVLinearGradient (from `../node_modules/react-native-linear-gradient`)
  - CodePush (from `../node_modules/react-native-code-push`)
  - DoubleConversion (from `../node_modules/react-native/third-party-podspecs/DoubleConversion.podspec`)
  - FBLazyVector (from `../node_modules/react-native/Libraries/FBLazyVector`)
  - FBReactNativeSpec (from `../node_modules/react-native/Libraries/FBReactNativeSpec`)
  - Flipper (~> 0.41.1)
  - Flipper-DoubleConversion (= 1.1.7)
  - Flipper-Folly (~> 2.2)
  - Flipper-Glog (= 0.3.6)
  - Flipper-PeerTalk (~> 0.0.4)
  - Flipper-RSocket (~> 1.1)
  - FlipperKit (~> 0.41.1)
  - FlipperKit/Core (~> 0.41.1)
  - FlipperKit/CppBridge (~> 0.41.1)
  - FlipperKit/FBCxxFollyDynamicConvert (~> 0.41.1)
  - FlipperKit/FBDefines (~> 0.41.1)
  - FlipperKit/FKPortForwarding (~> 0.41.1)
  - FlipperKit/FlipperKitHighlightOverlay (~> 0.41.1)
  - FlipperKit/FlipperKitLayoutPlugin (~> 0.41.1)
  - FlipperKit/FlipperKitLayoutTextSearchable (~> 0.41.1)
  - FlipperKit/FlipperKitNetworkPlugin (~> 0.41.1)
  - FlipperKit/FlipperKitReactPlugin (~> 0.41.1)
  - FlipperKit/FlipperKitUserDefaultsPlugin (~> 0.41.1)
  - FlipperKit/SKIOSNetworkPlugin (~> 0.41.1)
  - Folly (from `../node_modules/react-native/third-party-podspecs/Folly.podspec`)
  - glog (from `../node_modules/react-native/third-party-podspecs/glog.podspec`)
  - RCTRequired (from `../node_modules/react-native/Libraries/RCTRequired`)
  - RCTTypeSafety (from `../node_modules/react-native/Libraries/TypeSafety`)
  - React (from `../node_modules/react-native/`)
  - React-callinvoker (from `../node_modules/react-native/ReactCommon/callinvoker`)
  - React-Core (from `../node_modules/react-native/`)
  - React-Core/DevSupport (from `../node_modules/react-native/`)
  - React-Core/RCTWebSocket (from `../node_modules/react-native/`)
  - React-CoreModules (from `../node_modules/react-native/React/CoreModules`)
  - React-cxxreact (from `../node_modules/react-native/ReactCommon/cxxreact`)
  - React-jsi (from `../node_modules/react-native/ReactCommon/jsi`)
  - React-jsiexecutor (from `../node_modules/react-native/ReactCommon/jsiexecutor`)
  - React-jsinspector (from `../node_modules/react-native/ReactCommon/jsinspector`)
  - react-native-image-picker (from `../node_modules/react-native-image-picker`)
  - react-native-keep-awake (from `../node_modules/react-native-keep-awake`)
  - "react-native-netinfo (from `../node_modules/@react-native-community/netinfo`)"
  - react-native-safe-area-context (from `../node_modules/react-native-safe-area-context`)
  - "react-native-viewpager (from `../node_modules/@react-native-community/viewpager`)"
  - React-RCTActionSheet (from `../node_modules/react-native/Libraries/ActionSheetIOS`)
  - React-RCTAnimation (from `../node_modules/react-native/Libraries/NativeAnimation`)
  - React-RCTBlob (from `../node_modules/react-native/Libraries/Blob`)
  - React-RCTImage (from `../node_modules/react-native/Libraries/Image`)
  - React-RCTLinking (from `../node_modules/react-native/Libraries/LinkingIOS`)
  - React-RCTNetwork (from `../node_modules/react-native/Libraries/Network`)
  - React-RCTSettings (from `../node_modules/react-native/Libraries/Settings`)
  - React-RCTText (from `../node_modules/react-native/Libraries/Text`)
  - React-RCTVibration (from `../node_modules/react-native/Libraries/Vibration`)
  - ReactCommon/turbomodule/core (from `../node_modules/react-native/ReactCommon`)
  - ReactNativeAutogrowTextinput (from `../node_modules/react-native-autogrow-textinput`)
  - rn-fetch-blob (from `../node_modules/rn-fetch-blob`)
  - RNAWSCognito (from `../node_modules/amazon-cognito-identity-js`)
  - "RNCAsyncStorage (from `../node_modules/@react-native-community/async-storage`)"
  - "RNCMaskedView (from `../node_modules/@react-native-community/masked-view`)"
  - RNGestureHandler (from `../node_modules/react-native-gesture-handler`)
  - RNReanimated (from `../node_modules/react-native-reanimated`)
  - RNScreens (from `../node_modules/react-native-screens`)
  - RNSVG (from `../node_modules/react-native-svg`)
  - RNVectorIcons (from `../node_modules/react-native-vector-icons`)
  - Yoga (from `../node_modules/react-native/ReactCommon/yoga`)

SPEC REPOS:
  trunk:
    - AppCenter
    - AppCenterReactNativeShared
    - Base64
    - boost-for-react-native
    - CocoaAsyncSocket
    - CocoaLibEvent
    - Flipper
    - Flipper-DoubleConversion
    - Flipper-Folly
    - Flipper-Glog
    - Flipper-PeerTalk
    - Flipper-RSocket
    - FlipperKit
    - JKBigInteger2
    - JWT
    - OpenSSL-Universal
    - SSZipArchive
    - YogaKit

EXTERNAL SOURCES:
  appcenter-analytics:
    :path: "../node_modules/appcenter-analytics/ios"
  appcenter-core:
    :path: "../node_modules/appcenter/ios"
  appcenter-crashes:
    :path: "../node_modules/appcenter-crashes/ios"
  BVLinearGradient:
    :path: "../node_modules/react-native-linear-gradient"
  CodePush:
    :path: "../node_modules/react-native-code-push"
  DoubleConversion:
    :podspec: "../node_modules/react-native/third-party-podspecs/DoubleConversion.podspec"
  FBLazyVector:
    :path: "../node_modules/react-native/Libraries/FBLazyVector"
  FBReactNativeSpec:
    :path: "../node_modules/react-native/Libraries/FBReactNativeSpec"
  Folly:
    :podspec: "../node_modules/react-native/third-party-podspecs/Folly.podspec"
  glog:
    :podspec: "../node_modules/react-native/third-party-podspecs/glog.podspec"
  RCTRequired:
    :path: "../node_modules/react-native/Libraries/RCTRequired"
  RCTTypeSafety:
    :path: "../node_modules/react-native/Libraries/TypeSafety"
  React:
    :path: "../node_modules/react-native/"
  React-callinvoker:
    :path: "../node_modules/react-native/ReactCommon/callinvoker"
  React-Core:
    :path: "../node_modules/react-native/"
  React-CoreModules:
    :path: "../node_modules/react-native/React/CoreModules"
  React-cxxreact:
    :path: "../node_modules/react-native/ReactCommon/cxxreact"
  React-jsi:
    :path: "../node_modules/react-native/ReactCommon/jsi"
  React-jsiexecutor:
    :path: "../node_modules/react-native/ReactCommon/jsiexecutor"
  React-jsinspector:
    :path: "../node_modules/react-native/ReactCommon/jsinspector"
  react-native-image-picker:
    :path: "../node_modules/react-native-image-picker"
  react-native-keep-awake:
    :path: "../node_modules/react-native-keep-awake"
  react-native-netinfo:
    :path: "../node_modules/@react-native-community/netinfo"
  react-native-safe-area-context:
    :path: "../node_modules/react-native-safe-area-context"
  react-native-viewpager:
    :path: "../node_modules/@react-native-community/viewpager"
  React-RCTActionSheet:
    :path: "../node_modules/react-native/Libraries/ActionSheetIOS"
  React-RCTAnimation:
    :path: "../node_modules/react-native/Libraries/NativeAnimation"
  React-RCTBlob:
    :path: "../node_modules/react-native/Libraries/Blob"
  React-RCTImage:
    :path: "../node_modules/react-native/Libraries/Image"
  React-RCTLinking:
    :path: "../node_modules/react-native/Libraries/LinkingIOS"
  React-RCTNetwork:
    :path: "../node_modules/react-native/Libraries/Network"
  React-RCTSettings:
    :path: "../node_modules/react-native/Libraries/Settings"
  React-RCTText:
    :path: "../node_modules/react-native/Libraries/Text"
  React-RCTVibration:
    :path: "../node_modules/react-native/Libraries/Vibration"
  ReactCommon:
    :path: "../node_modules/react-native/ReactCommon"
  ReactNativeAutogrowTextinput:
    :path: "../node_modules/react-native-autogrow-textinput"
  rn-fetch-blob:
    :path: "../node_modules/rn-fetch-blob"
  RNAWSCognito:
    :path: "../node_modules/amazon-cognito-identity-js"
  RNCAsyncStorage:
    :path: "../node_modules/@react-native-community/async-storage"
  RNCMaskedView:
    :path: "../node_modules/@react-native-community/masked-view"
  RNGestureHandler:
    :path: "../node_modules/react-native-gesture-handler"
  RNReanimated:
    :path: "../node_modules/react-native-reanimated"
  RNScreens:
    :path: "../node_modules/react-native-screens"
  RNSVG:
    :path: "../node_modules/react-native-svg"
  RNVectorIcons:
    :path: "../node_modules/react-native-vector-icons"
  Yoga:
    :path: "../node_modules/react-native/ReactCommon/yoga"

SPEC CHECKSUMS:
  AppCenter: 76ecf7e959a68e36b0fd314e8dc5897660214423
  appcenter-analytics: cca12b5d07593a309e99db475f6da7f1a61ae694
  appcenter-core: cd5eaa48cfc6dd87dad2912d6718f21f4955327f
  appcenter-crashes: 369cc9160392c137b791304ee96957f28ef143d1
  AppCenterReactNativeShared: 2ec88a4ac2c52cdbc828a1f9c16244b534c84026
  Base64: cecfb41a004124895a7bcee567a89bae5a89d49b
  boost-for-react-native: 39c7adb57c4e60d6c5479dd8623128eb5b3f0f2c
  BVLinearGradient: e3aad03778a456d77928f594a649e96995f1c872
  CocoaAsyncSocket: 694058e7c0ed05a9e217d1b3c7ded962f4180845
  CocoaLibEvent: 2fab71b8bd46dd33ddb959f7928ec5909f838e3f
  CodePush: 18dd72e6176d261832d036f22c70f910370d6b64
  DoubleConversion: cde416483dac037923206447da6e1454df403714
  FBLazyVector: a50434c875bd42f2b1c99c712bda892a1dc659c7
  FBReactNativeSpec: 393853a536428e05a9da00b6290042f09809b15b
  Flipper: 33585e2d9810fe5528346be33bcf71b37bb7ae13
  Flipper-DoubleConversion: 38631e41ef4f9b12861c67d17cb5518d06badc41
  Flipper-Folly: c12092ea368353b58e992843a990a3225d4533c3
  Flipper-Glog: 1dfd6abf1e922806c52ceb8701a3599a79a200a6
  Flipper-PeerTalk: 116d8f857dc6ef55c7a5a75ea3ceaafe878aadc9
  Flipper-RSocket: 64e7431a55835eb953b0bf984ef3b90ae9fdddd7
  FlipperKit: bc68102cd4952a258a23c9c1b316c7bec1fecf83
  Folly: b73c3869541e86821df3c387eb0af5f65addfab4
  glog: 40a13f7840415b9a77023fbcae0f1e6f43192af3
  JKBigInteger2: e91672035c42328c48b7dd015b66812ddf40ca9b
  JWT: 9b5c05abbcc1a0e69c3c91e1655b3387fc7e581d
  OpenSSL-Universal: 8b48cc0d10c1b2923617dfe5c178aa9ed2689355
  RCTRequired: d9b1a9e6fa097744ca3ede59f86a35096df7202b
  RCTTypeSafety: c227cd061983e9e964115afbc4e8730d6a6f1395
  React: 86e972a20967ee4137aa19dc48319405927c2e94
  React-callinvoker: 87ee376c25277d74e164ff036b27084e343f3e69
  React-Core: f5ec03baf7ed58d9f3ee04a8f84e4c97ee8bf4c9
  React-CoreModules: 958898aa8c069280e866e35a2f29480a81fcf335
  React-cxxreact: 90de76b9b51575668ad7fd4e33a5a8c143beecc2
  React-jsi: b32a31da32e030f30bbf9a8d3a9c8325df9e793f
  React-jsiexecutor: 7ab9cdcdd18d57652fb041f8a147fe9658d4e00a
  React-jsinspector: 2e28bb487e42dda6c94dbfa0c648d1343767a0fb
  react-native-image-picker: a6c3d644751a388b0fc8b56822ff7cbd398a3008
  react-native-keep-awake: eba3137546b10003361b37c761f6c429b59814ae
  react-native-netinfo: 7f3f3ed9e8f0e7ab3e7cac00cbfdc6997e25ecaf
  react-native-safe-area-context: 4c3249e4840225c61fcd215b136af0a737bccb79
  react-native-viewpager: ea4ba7fe5d3151b83166673730c4854f401a642f
  React-RCTActionSheet: 1702a1a85e550b5c36e2e03cb2bd3adea053de95
  React-RCTAnimation: ddda576010a878865a4eab83a78acd92176ef6a1
  React-RCTBlob: 34334384284c81577409d5205bd2b9ff594d8ab6
  React-RCTImage: e2a661266dca295cffb33909cc64675a2efedb26
  React-RCTLinking: cd39b9b5e9cbb9e827854e30dfa92d7db074cea8
  React-RCTNetwork: 16939b7e4058d6f662b304a1f61689e249a2bfcc
  React-RCTSettings: 24726a62de0c326f9ebfc3838898a501b87ce711
  React-RCTText: 4f95d322b7e6da72817284abf8a2cdcec18b9cd8
  React-RCTVibration: f3a9123c244f35c40d3c9f3ec3f0b9e5717bb292
  ReactCommon: 2905859f84a94a381bb0d8dd3921ccb1a0047cb8
  ReactNativeAutogrowTextinput: 67ccba730d624ed6b12aa04a0d423db286320b73
  rn-fetch-blob: f065bb7ab7fb48dd002629f8bdcb0336602d3cba
  RNAWSCognito: 08567d55159547e8ac2a1ce4350cd44a67f3db96
  RNCAsyncStorage: db711e29e5e0500d9bd21aa0c2e397efa45302b1
  RNCMaskedView: f5c7d14d6847b7b44853f7acb6284c1da30a3459
  RNGestureHandler: 8f09cd560f8d533eb36da5a6c5a843af9f056b38
  RNReanimated: b5ccb50650ba06f6e749c7c329a1bc3ae0c88b43
  RNScreens: c526239bbe0e957b988dacc8d75ac94ec9cb19da
  RNSVG: ce9d996113475209013317e48b05c21ee988d42e
  RNVectorIcons: da6fe858f5a65d7bbc3379540a889b0b12aa5976
  SSZipArchive: 62d4947b08730e4cda640473b0066d209ff033c9
  Yoga: d5bd05a2b6b94c52323745c2c2b64557c8c66f64
  YogaKit: f782866e155069a2cca2517aafea43200b01fd5a

PODFILE CHECKSUM: 322d4119cacb5f48e9899b827b8f1e7f79001c28

COCOAPODS: 1.9.3
