# THIS IS AN AUTOGENERATED FILE. DO NOT EDIT THIS FILE DIRECTLY.
# yarn lockfile v1


"@types/aws-lambda@^8.10.92":
  version "8.10.164"
  resolved "https://registry.yarnpkg.com/@types/aws-lambda/-/aws-lambda-8.10.164.tgz#baac93d5bd8aa395411aaf8791acda075d2703e6"
  integrity sha512-XOnrazWcOd6yWPnR7DxqCBPPYciDjHq+NN8LPwwqBCJNXLyPJgKo47fZpJ113+oyAn9Zti0Cf6H4k6yPcE3WFg==
