# THIS IS AN AUTOGENERATED FILE. DO NOT EDIT THIS FILE DIRECTLY.
# yarn lockfile v1


"@types/aws-lambda@^8.10.92":
  version "8.10.148"
  resolved "https://registry.yarnpkg.com/@types/aws-lambda/-/aws-lambda-8.10.148.tgz#3a31fc720670473c4d7de4b03d074e8bd97e36a3"
  integrity sha512-JL+2cfkY9ODQeE06hOxSFNkafjNk4JRBgY837kpoq1GHDttq2U3BA9IzKOWxS4DLjKoymGB4i9uBrlCkjUl1yg==
