# THIS IS AN AUTOGENERATED FILE. DO NOT EDIT THIS FILE DIRECTLY.
# yarn lockfile v1


"@types/aws-lambda@^8.10.92":
  version "8.10.163"
  resolved "https://registry.yarnpkg.com/@types/aws-lambda/-/aws-lambda-8.10.163.tgz#4639d5b950a56c37afe62f5525921f69017dcd82"
  integrity sha512-+4zuoEB3S8RIhimtOFT7zAEk2SbpwrKjjGl9CyYnQR6k08uynxfauIIB0pDU1ssr05F8oyGiETwpn+8eXZMqPw==
