# THIS IS AN AUTOGENERATED FILE. DO NOT EDIT THIS FILE DIRECTLY.
# yarn lockfile v1


"@aws-crypto/sha256-browser@5.2.0":
  version "5.2.0"
  resolved "https://registry.yarnpkg.com/@aws-crypto/sha256-browser/-/sha256-browser-5.2.0.tgz#153895ef1dba6f9fce38af550e0ef58988eb649e"
  integrity sha512-AXfN/lGotSQwu6HNcEsIASo7kWXZ5HYWvfOmSNKDsEqC4OashTp8alTmaz+F7TC2L083SFv5RdB+qU3Vs1kZqw==
  dependencies:
    "@aws-crypto/sha256-js" "^5.2.0"
    "@aws-crypto/supports-web-crypto" "^5.2.0"
    "@aws-crypto/util" "^5.2.0"
    "@aws-sdk/types" "^3.222.0"
    "@aws-sdk/util-locate-window" "^3.0.0"
    "@smithy/util-utf8" "^2.0.0"
    tslib "^2.6.2"

"@aws-crypto/sha256-js@5.2.0", "@aws-crypto/sha256-js@^5.2.0":
  version "5.2.0"
  resolved "https://registry.yarnpkg.com/@aws-crypto/sha256-js/-/sha256-js-5.2.0.tgz#c4fdb773fdbed9a664fc1a95724e206cf3860042"
  integrity sha512-FFQQyu7edu4ufvIZ+OadFpHHOt+eSTBaYaki44c+akjg7qZg9oOQeLlk77F6tSYqjDAFClrHJk9tMf0HdVyOvA==
  dependencies:
    "@aws-crypto/util" "^5.2.0"
    "@aws-sdk/types" "^3.222.0"
    tslib "^2.6.2"

"@aws-crypto/supports-web-crypto@^5.2.0":
  version "5.2.0"
  resolved "https://registry.yarnpkg.com/@aws-crypto/supports-web-crypto/-/supports-web-crypto-5.2.0.tgz#a1e399af29269be08e695109aa15da0a07b5b5fb"
  integrity sha512-iAvUotm021kM33eCdNfwIN//F77/IADDSs58i+MDaOqFrVjZo9bAal0NK7HurRuWLLpF1iLX7gbWrjHjeo+YFg==
  dependencies:
    tslib "^2.6.2"

"@aws-crypto/util@^5.2.0":
  version "5.2.0"
  resolved "https://registry.yarnpkg.com/@aws-crypto/util/-/util-5.2.0.tgz#71284c9cffe7927ddadac793c14f14886d3876da"
  integrity sha512-4RkU9EsI6ZpBve5fseQlGNUWKMa1RLPQ1dnjnQoe07ldfIzcsGb5hC5W0Dm7u423KWzawlrpbjXBrXCEv9zazQ==
  dependencies:
    "@aws-sdk/types" "^3.222.0"
    "@smithy/util-utf8" "^2.0.0"
    tslib "^2.6.2"

"@aws-sdk/client-secrets-manager@^3.0.0":
  version "3.984.0"
  resolved "https://registry.yarnpkg.com/@aws-sdk/client-secrets-manager/-/client-secrets-manager-3.984.0.tgz#87d834d1ac4f8dd5b69cbae3467f72f77d23c632"
  integrity sha512-zCJw4ly9LA/o51X2QX9A07qeaeFkUs8kiUWsmnpw9F+TLmKQm8fzTCLZG7vHjXSbL5EBvN1zNlKMsGkm+0YHmA==
  dependencies:
    "@aws-crypto/sha256-browser" "5.2.0"
    "@aws-crypto/sha256-js" "5.2.0"
    "@aws-sdk/core" "^3.973.6"
    "@aws-sdk/credential-provider-node" "^3.972.5"
    "@aws-sdk/middleware-host-header" "^3.972.3"
    "@aws-sdk/middleware-logger" "^3.972.3"
    "@aws-sdk/middleware-recursion-detection" "^3.972.3"
    "@aws-sdk/middleware-user-agent" "^3.972.6"
    "@aws-sdk/region-config-resolver" "^3.972.3"
    "@aws-sdk/types" "^3.973.1"
    "@aws-sdk/util-endpoints" "3.984.0"
    "@aws-sdk/util-user-agent-browser" "^3.972.3"
    "@aws-sdk/util-user-agent-node" "^3.972.4"
    "@smithy/config-resolver" "^4.4.6"
    "@smithy/core" "^3.22.0"
    "@smithy/fetch-http-handler" "^5.3.9"
    "@smithy/hash-node" "^4.2.8"
    "@smithy/invalid-dependency" "^4.2.8"
    "@smithy/middleware-content-length" "^4.2.8"
    "@smithy/middleware-endpoint" "^4.4.12"
    "@smithy/middleware-retry" "^4.4.29"
    "@smithy/middleware-serde" "^4.2.9"
    "@smithy/middleware-stack" "^4.2.8"
    "@smithy/node-config-provider" "^4.3.8"
    "@smithy/node-http-handler" "^4.4.8"
    "@smithy/protocol-http" "^5.3.8"
    "@smithy/smithy-client" "^4.11.1"
    "@smithy/types" "^4.12.0"
    "@smithy/url-parser" "^4.2.8"
    "@smithy/util-base64" "^4.3.0"
    "@smithy/util-body-length-browser" "^4.2.0"
    "@smithy/util-body-length-node" "^4.2.1"
    "@smithy/util-defaults-mode-browser" "^4.3.28"
    "@smithy/util-defaults-mode-node" "^4.2.31"
    "@smithy/util-endpoints" "^3.2.8"
    "@smithy/util-middleware" "^4.2.8"
    "@smithy/util-retry" "^4.2.8"
    "@smithy/util-utf8" "^4.2.0"
    tslib "^2.6.2"

"@aws-sdk/client-sso@3.982.0":
  version "3.982.0"
  resolved "https://registry.yarnpkg.com/@aws-sdk/client-sso/-/client-sso-3.982.0.tgz#36ea3868045c6d0ade03bf7a0119ac3a1abf79a8"
  integrity sha512-qJrIiivmvujdGqJ0ldSUvhN3k3N7GtPesoOI1BSt0fNXovVnMz4C/JmnkhZihU7hJhDvxJaBROLYTU+lpild4w==
  dependencies:
    "@aws-crypto/sha256-browser" "5.2.0"
    "@aws-crypto/sha256-js" "5.2.0"
    "@aws-sdk/core" "^3.973.6"
    "@aws-sdk/middleware-host-header" "^3.972.3"
    "@aws-sdk/middleware-logger" "^3.972.3"
    "@aws-sdk/middleware-recursion-detection" "^3.972.3"
    "@aws-sdk/middleware-user-agent" "^3.972.6"
    "@aws-sdk/region-config-resolver" "^3.972.3"
    "@aws-sdk/types" "^3.973.1"
    "@aws-sdk/util-endpoints" "3.982.0"
    "@aws-sdk/util-user-agent-browser" "^3.972.3"
    "@aws-sdk/util-user-agent-node" "^3.972.4"
    "@smithy/config-resolver" "^4.4.6"
    "@smithy/core" "^3.22.0"
    "@smithy/fetch-http-handler" "^5.3.9"
    "@smithy/hash-node" "^4.2.8"
    "@smithy/invalid-dependency" "^4.2.8"
    "@smithy/middleware-content-length" "^4.2.8"
    "@smithy/middleware-endpoint" "^4.4.12"
    "@smithy/middleware-retry" "^4.4.29"
    "@smithy/middleware-serde" "^4.2.9"
    "@smithy/middleware-stack" "^4.2.8"
    "@smithy/node-config-provider" "^4.3.8"
    "@smithy/node-http-handler" "^4.4.8"
    "@smithy/protocol-http" "^5.3.8"
    "@smithy/smithy-client" "^4.11.1"
    "@smithy/types" "^4.12.0"
    "@smithy/url-parser" "^4.2.8"
    "@smithy/util-base64" "^4.3.0"
    "@smithy/util-body-length-browser" "^4.2.0"
    "@smithy/util-body-length-node" "^4.2.1"
    "@smithy/util-defaults-mode-browser" "^4.3.28"
    "@smithy/util-defaults-mode-node" "^4.2.31"
    "@smithy/util-endpoints" "^3.2.8"
    "@smithy/util-middleware" "^4.2.8"
    "@smithy/util-retry" "^4.2.8"
    "@smithy/util-utf8" "^4.2.0"
    tslib "^2.6.2"

"@aws-sdk/core@^3.973.6":
  version "3.973.6"
  resolved "https://registry.yarnpkg.com/@aws-sdk/core/-/core-3.973.6.tgz#dd7ff2af60034da3e1af7926d2ce7efe0341ea64"
  integrity sha512-pz4ZOw3BLG0NdF25HoB9ymSYyPbMiIjwQJ2aROXRhAzt+b+EOxStfFv8s5iZyP6Kiw7aYhyWxj5G3NhmkoOTKw==
  dependencies:
    "@aws-sdk/types" "^3.973.1"
    "@aws-sdk/xml-builder" "^3.972.4"
    "@smithy/core" "^3.22.0"
    "@smithy/node-config-provider" "^4.3.8"
    "@smithy/property-provider" "^4.2.8"
    "@smithy/protocol-http" "^5.3.8"
    "@smithy/signature-v4" "^5.3.8"
    "@smithy/smithy-client" "^4.11.1"
    "@smithy/types" "^4.12.0"
    "@smithy/util-base64" "^4.3.0"
    "@smithy/util-middleware" "^4.2.8"
    "@smithy/util-utf8" "^4.2.0"
    tslib "^2.6.2"

"@aws-sdk/credential-provider-env@^3.972.4":
  version "3.972.4"
  resolved "https://registry.yarnpkg.com/@aws-sdk/credential-provider-env/-/credential-provider-env-3.972.4.tgz#33b5ad1169ce5b7ac313ce2c27b939277795b9d0"
  integrity sha512-/8dnc7+XNMmViEom2xsNdArQxQPSgy4Z/lm6qaFPTrMFesT1bV3PsBhb19n09nmxHdrtQskYmViddUIjUQElXg==
  dependencies:
    "@aws-sdk/core" "^3.973.6"
    "@aws-sdk/types" "^3.973.1"
    "@smithy/property-provider" "^4.2.8"
    "@smithy/types" "^4.12.0"
    tslib "^2.6.2"

"@aws-sdk/credential-provider-http@^3.972.6":
  version "3.972.6"
  resolved "https://registry.yarnpkg.com/@aws-sdk/credential-provider-http/-/credential-provider-http-3.972.6.tgz#3a6720826cff7620690fc4fdf522a81e299a2ebf"
  integrity sha512-5ERWqRljiZv44AIdvIRQ3k+EAV0Sq2WeJHvXuK7gL7bovSxOf8Al7MLH7Eh3rdovH4KHFnlIty7J71mzvQBl5Q==
  dependencies:
    "@aws-sdk/core" "^3.973.6"
    "@aws-sdk/types" "^3.973.1"
    "@smithy/fetch-http-handler" "^5.3.9"
    "@smithy/node-http-handler" "^4.4.8"
    "@smithy/property-provider" "^4.2.8"
    "@smithy/protocol-http" "^5.3.8"
    "@smithy/smithy-client" "^4.11.1"
    "@smithy/types" "^4.12.0"
    "@smithy/util-stream" "^4.5.10"
    tslib "^2.6.2"

"@aws-sdk/credential-provider-ini@^3.972.4":
  version "3.972.4"
  resolved "https://registry.yarnpkg.com/@aws-sdk/credential-provider-ini/-/credential-provider-ini-3.972.4.tgz#77df2d72984b51f51307914a543514414f780e19"
  integrity sha512-eRUg+3HaUKuXWn/lEMirdiA5HOKmEl8hEHVuszIDt2MMBUKgVX5XNGmb3XmbgU17h6DZ+RtjbxQpjhz3SbTjZg==
  dependencies:
    "@aws-sdk/core" "^3.973.6"
    "@aws-sdk/credential-provider-env" "^3.972.4"
    "@aws-sdk/credential-provider-http" "^3.972.6"
    "@aws-sdk/credential-provider-login" "^3.972.4"
    "@aws-sdk/credential-provider-process" "^3.972.4"
    "@aws-sdk/credential-provider-sso" "^3.972.4"
    "@aws-sdk/credential-provider-web-identity" "^3.972.4"
    "@aws-sdk/nested-clients" "3.982.0"
    "@aws-sdk/types" "^3.973.1"
    "@smithy/credential-provider-imds" "^4.2.8"
    "@smithy/property-provider" "^4.2.8"
    "@smithy/shared-ini-file-loader" "^4.4.3"
    "@smithy/types" "^4.12.0"
    tslib "^2.6.2"

"@aws-sdk/credential-provider-login@^3.972.4":
  version "3.972.4"
  resolved "https://registry.yarnpkg.com/@aws-sdk/credential-provider-login/-/credential-provider-login-3.972.4.tgz#dc656fbcb3206e5bebbdc44a571503a5ba4e0e6d"
  integrity sha512-nLGjXuvWWDlQAp505xIONI7Gam0vw2p7Qu3P6on/W2q7rjJXtYjtpHbcsaOjJ/pAju3eTvEQuSuRedcRHVQIAQ==
  dependencies:
    "@aws-sdk/core" "^3.973.6"
    "@aws-sdk/nested-clients" "3.982.0"
    "@aws-sdk/types" "^3.973.1"
    "@smithy/property-provider" "^4.2.8"
    "@smithy/protocol-http" "^5.3.8"
    "@smithy/shared-ini-file-loader" "^4.4.3"
    "@smithy/types" "^4.12.0"
    tslib "^2.6.2"

"@aws-sdk/credential-provider-node@^3.972.5":
  version "3.972.5"
  resolved "https://registry.yarnpkg.com/@aws-sdk/credential-provider-node/-/credential-provider-node-3.972.5.tgz#2f16620eee963c445a727d4a7b5e000df41fa7b6"
  integrity sha512-VWXKgSISQCI2GKN3zakTNHSiZ0+mux7v6YHmmbLQp/o3fvYUQJmKGcLZZzg2GFA+tGGBStplra9VFNf/WwxpYg==
  dependencies:
    "@aws-sdk/credential-provider-env" "^3.972.4"
    "@aws-sdk/credential-provider-http" "^3.972.6"
    "@aws-sdk/credential-provider-ini" "^3.972.4"
    "@aws-sdk/credential-provider-process" "^3.972.4"
    "@aws-sdk/credential-provider-sso" "^3.972.4"
    "@aws-sdk/credential-provider-web-identity" "^3.972.4"
    "@aws-sdk/types" "^3.973.1"
    "@smithy/credential-provider-imds" "^4.2.8"
    "@smithy/property-provider" "^4.2.8"
    "@smithy/shared-ini-file-loader" "^4.4.3"
    "@smithy/types" "^4.12.0"
    tslib "^2.6.2"

"@aws-sdk/credential-provider-process@^3.972.4":
  version "3.972.4"
  resolved "https://registry.yarnpkg.com/@aws-sdk/credential-provider-process/-/credential-provider-process-3.972.4.tgz#4918ba11b88e0bc96e488f199e6d5605f2449c49"
  integrity sha512-TCZpWUnBQN1YPk6grvd5x419OfXjHvhj5Oj44GYb84dOVChpg/+2VoEj+YVA4F4E/6huQPNnX7UYbTtxJqgihw==
  dependencies:
    "@aws-sdk/core" "^3.973.6"
    "@aws-sdk/types" "^3.973.1"
    "@smithy/property-provider" "^4.2.8"
    "@smithy/shared-ini-file-loader" "^4.4.3"
    "@smithy/types" "^4.12.0"
    tslib "^2.6.2"

"@aws-sdk/credential-provider-sso@^3.972.4":
  version "3.972.4"
  resolved "https://registry.yarnpkg.com/@aws-sdk/credential-provider-sso/-/credential-provider-sso-3.972.4.tgz#0a945243e26e76c7460e20ae6725e07aa03d75fb"
  integrity sha512-wzsGwv9mKlwJ3vHLyembBvGE/5nPUIwRR2I51B1cBV4Cb4ql9nIIfpmHzm050XYTY5fqTOKJQnhLj7zj89VG8g==
  dependencies:
    "@aws-sdk/client-sso" "3.982.0"
    "@aws-sdk/core" "^3.973.6"
    "@aws-sdk/token-providers" "3.982.0"
    "@aws-sdk/types" "^3.973.1"
    "@smithy/property-provider" "^4.2.8"
    "@smithy/shared-ini-file-loader" "^4.4.3"
    "@smithy/types" "^4.12.0"
    tslib "^2.6.2"

"@aws-sdk/credential-provider-web-identity@^3.972.4":
  version "3.972.4"
  resolved "https://registry.yarnpkg.com/@aws-sdk/credential-provider-web-identity/-/credential-provider-web-identity-3.972.4.tgz#8dd394a0d1e1663fe0dec5ae9f2688cc5d3de410"
  integrity sha512-hIzw2XzrG8jzsUSEatehmpkd5rWzASg5IHUfA+m01k/RtvfAML7ZJVVohuKdhAYx+wV2AThLiQJVzqn7F0khrw==
  dependencies:
    "@aws-sdk/core" "^3.973.6"
    "@aws-sdk/nested-clients" "3.982.0"
    "@aws-sdk/types" "^3.973.1"
    "@smithy/property-provider" "^4.2.8"
    "@smithy/shared-ini-file-loader" "^4.4.3"
    "@smithy/types" "^4.12.0"
    tslib "^2.6.2"

"@aws-sdk/middleware-host-header@^3.972.3":
  version "3.972.3"
  resolved "https://registry.yarnpkg.com/@aws-sdk/middleware-host-header/-/middleware-host-header-3.972.3.tgz#47c161dec62d89c66c89f4d17ff4434021e04af5"
  integrity sha512-aknPTb2M+G3s+0qLCx4Li/qGZH8IIYjugHMv15JTYMe6mgZO8VBpYgeGYsNMGCqCZOcWzuf900jFBG5bopfzmA==
  dependencies:
    "@aws-sdk/types" "^3.973.1"
    "@smithy/protocol-http" "^5.3.8"
    "@smithy/types" "^4.12.0"
    tslib "^2.6.2"

"@aws-sdk/middleware-logger@^3.972.3":
  version "3.972.3"
  resolved "https://registry.yarnpkg.com/@aws-sdk/middleware-logger/-/middleware-logger-3.972.3.tgz#ef1afd4a0b70fe72cf5f7c817f82da9f35c7e836"
  integrity sha512-Ftg09xNNRqaz9QNzlfdQWfpqMCJbsQdnZVJP55jfhbKi1+FTWxGuvfPoBhDHIovqWKjqbuiew3HuhxbJ0+OjgA==
  dependencies:
    "@aws-sdk/types" "^3.973.1"
    "@smithy/types" "^4.12.0"
    tslib "^2.6.2"

"@aws-sdk/middleware-recursion-detection@^3.972.3":
  version "3.972.3"
  resolved "https://registry.yarnpkg.com/@aws-sdk/middleware-recursion-detection/-/middleware-recursion-detection-3.972.3.tgz#5b95dcecff76a0d2963bd954bdef87700d1b1c8c"
  integrity sha512-PY57QhzNuXHnwbJgbWYTrqIDHYSeOlhfYERTAuc16LKZpTZRJUjzBFokp9hF7u1fuGeE3D70ERXzdbMBOqQz7Q==
  dependencies:
    "@aws-sdk/types" "^3.973.1"
    "@aws/lambda-invoke-store" "^0.2.2"
    "@smithy/protocol-http" "^5.3.8"
    "@smithy/types" "^4.12.0"
    tslib "^2.6.2"

"@aws-sdk/middleware-user-agent@^3.972.6":
  version "3.972.6"
  resolved "https://registry.yarnpkg.com/@aws-sdk/middleware-user-agent/-/middleware-user-agent-3.972.6.tgz#8abf3fae980f80834460d3345937e5843a59082d"
  integrity sha512-TehLN8W/kivl0U9HcS+keryElEWORROpghDXZBLfnb40DXM7hx/i+7OOjkogXQOF3QtUraJVRkHQ07bPhrWKlw==
  dependencies:
    "@aws-sdk/core" "^3.973.6"
    "@aws-sdk/types" "^3.973.1"
    "@aws-sdk/util-endpoints" "3.982.0"
    "@smithy/core" "^3.22.0"
    "@smithy/protocol-http" "^5.3.8"
    "@smithy/types" "^4.12.0"
    tslib "^2.6.2"

"@aws-sdk/nested-clients@3.982.0":
  version "3.982.0"
  resolved "https://registry.yarnpkg.com/@aws-sdk/nested-clients/-/nested-clients-3.982.0.tgz#b7d50bb7c273ed688fab0e52d5430dc6b0167d6d"
  integrity sha512-VVkaH27digrJfdVrT64rjkllvOp4oRiZuuJvrylLXAKl18ujToJR7AqpDldL/LS63RVne3QWIpkygIymxFtliQ==
  dependencies:
    "@aws-crypto/sha256-browser" "5.2.0"
    "@aws-crypto/sha256-js" "5.2.0"
    "@aws-sdk/core" "^3.973.6"
    "@aws-sdk/middleware-host-header" "^3.972.3"
    "@aws-sdk/middleware-logger" "^3.972.3"
    "@aws-sdk/middleware-recursion-detection" "^3.972.3"
    "@aws-sdk/middleware-user-agent" "^3.972.6"
    "@aws-sdk/region-config-resolver" "^3.972.3"
    "@aws-sdk/types" "^3.973.1"
    "@aws-sdk/util-endpoints" "3.982.0"
    "@aws-sdk/util-user-agent-browser" "^3.972.3"
    "@aws-sdk/util-user-agent-node" "^3.972.4"
    "@smithy/config-resolver" "^4.4.6"
    "@smithy/core" "^3.22.0"
    "@smithy/fetch-http-handler" "^5.3.9"
    "@smithy/hash-node" "^4.2.8"
    "@smithy/invalid-dependency" "^4.2.8"
    "@smithy/middleware-content-length" "^4.2.8"
    "@smithy/middleware-endpoint" "^4.4.12"
    "@smithy/middleware-retry" "^4.4.29"
    "@smithy/middleware-serde" "^4.2.9"
    "@smithy/middleware-stack" "^4.2.8"
    "@smithy/node-config-provider" "^4.3.8"
    "@smithy/node-http-handler" "^4.4.8"
    "@smithy/protocol-http" "^5.3.8"
    "@smithy/smithy-client" "^4.11.1"
    "@smithy/types" "^4.12.0"
    "@smithy/url-parser" "^4.2.8"
    "@smithy/util-base64" "^4.3.0"
    "@smithy/util-body-length-browser" "^4.2.0"
    "@smithy/util-body-length-node" "^4.2.1"
    "@smithy/util-defaults-mode-browser" "^4.3.28"
    "@smithy/util-defaults-mode-node" "^4.2.31"
    "@smithy/util-endpoints" "^3.2.8"
    "@smithy/util-middleware" "^4.2.8"
    "@smithy/util-retry" "^4.2.8"
    "@smithy/util-utf8" "^4.2.0"
    tslib "^2.6.2"

"@aws-sdk/region-config-resolver@^3.972.3":
  version "3.972.3"
  resolved "https://registry.yarnpkg.com/@aws-sdk/region-config-resolver/-/region-config-resolver-3.972.3.tgz#25af64235ca6f4b6b21f85d4b3c0b432efc4ae04"
  integrity sha512-v4J8qYAWfOMcZ4MJUyatntOicTzEMaU7j3OpkRCGGFSL2NgXQ5VbxauIyORA+pxdKZ0qQG2tCQjQjZDlXEC3Ow==
  dependencies:
    "@aws-sdk/types" "^3.973.1"
    "@smithy/config-resolver" "^4.4.6"
    "@smithy/node-config-provider" "^4.3.8"
    "@smithy/types" "^4.12.0"
    tslib "^2.6.2"

"@aws-sdk/token-providers@3.982.0":
  version "3.982.0"
  resolved "https://registry.yarnpkg.com/@aws-sdk/token-providers/-/token-providers-3.982.0.tgz#c7a65d4f286c69ef10918fe7758bbe8dc7a064e9"
  integrity sha512-v3M0KYp2TVHYHNBT7jHD9lLTWAdS9CaWJ2jboRKt0WAB65bA7iUEpR+k4VqKYtpQN4+8kKSc4w+K6kUNZkHKQw==
  dependencies:
    "@aws-sdk/core" "^3.973.6"
    "@aws-sdk/nested-clients" "3.982.0"
    "@aws-sdk/types" "^3.973.1"
    "@smithy/property-provider" "^4.2.8"
    "@smithy/shared-ini-file-loader" "^4.4.3"
    "@smithy/types" "^4.12.0"
    tslib "^2.6.2"

"@aws-sdk/types@^3.222.0", "@aws-sdk/types@^3.973.1":
  version "3.973.1"
  resolved "https://registry.yarnpkg.com/@aws-sdk/types/-/types-3.973.1.tgz#1b2992ec6c8380c3e74c9bd2c74703e9a807d6e0"
  integrity sha512-DwHBiMNOB468JiX6+i34c+THsKHErYUdNQ3HexeXZvVn4zouLjgaS4FejiGSi2HyBuzuyHg7SuOPmjSvoU9NRg==
  dependencies:
    "@smithy/types" "^4.12.0"
    tslib "^2.6.2"

"@aws-sdk/util-endpoints@3.982.0":
  version "3.982.0"
  resolved "https://registry.yarnpkg.com/@aws-sdk/util-endpoints/-/util-endpoints-3.982.0.tgz#65674c566a8aa2d35b27dcd4132873e75f58dc76"
  integrity sha512-M27u8FJP7O0Of9hMWX5dipp//8iglmV9jr7R8SR8RveU+Z50/8TqH68Tu6wUWBGMfXjzbVwn1INIAO5lZrlxXQ==
  dependencies:
    "@aws-sdk/types" "^3.973.1"
    "@smithy/types" "^4.12.0"
    "@smithy/url-parser" "^4.2.8"
    "@smithy/util-endpoints" "^3.2.8"
    tslib "^2.6.2"

"@aws-sdk/util-endpoints@3.984.0":
  version "3.984.0"
  resolved "https://registry.yarnpkg.com/@aws-sdk/util-endpoints/-/util-endpoints-3.984.0.tgz#a2cb22dbeee710be9558e8678370a44b75bbf162"
  integrity sha512-9ebjLA0hMKHeVvXEtTDCCOBtwjb0bOXiuUV06HNeVdgAjH6gj4x4Zwt4IBti83TiyTGOCl5YfZqGx4ehVsasbQ==
  dependencies:
    "@aws-sdk/types" "^3.973.1"
    "@smithy/types" "^4.12.0"
    "@smithy/url-parser" "^4.2.8"
    "@smithy/util-endpoints" "^3.2.8"
    tslib "^2.6.2"

"@aws-sdk/util-locate-window@^3.0.0":
  version "3.965.4"
  resolved "https://registry.yarnpkg.com/@aws-sdk/util-locate-window/-/util-locate-window-3.965.4.tgz#f62d279e1905f6939b6dffb0f76ab925440f72bf"
  integrity sha512-H1onv5SkgPBK2P6JR2MjGgbOnttoNzSPIRoeZTNPZYyaplwGg50zS3amXvXqF0/qfXpWEC9rLWU564QTB9bSog==
  dependencies:
    tslib "^2.6.2"

"@aws-sdk/util-user-agent-browser@^3.972.3":
  version "3.972.3"
  resolved "https://registry.yarnpkg.com/@aws-sdk/util-user-agent-browser/-/util-user-agent-browser-3.972.3.tgz#1363b388cb3af86c5322ef752c0cf8d7d25efa8a"
  integrity sha512-JurOwkRUcXD/5MTDBcqdyQ9eVedtAsZgw5rBwktsPTN7QtPiS2Ld1jkJepNgYoCufz1Wcut9iup7GJDoIHp8Fw==
  dependencies:
    "@aws-sdk/types" "^3.973.1"
    "@smithy/types" "^4.12.0"
    bowser "^2.11.0"
    tslib "^2.6.2"

"@aws-sdk/util-user-agent-node@^3.972.4":
  version "3.972.4"
  resolved "https://registry.yarnpkg.com/@aws-sdk/util-user-agent-node/-/util-user-agent-node-3.972.4.tgz#35cf669fa3e77973422da5a1df50b79b41d460b3"
  integrity sha512-3WFCBLiM8QiHDfosQq3Py+lIMgWlFWwFQliUHUqwEiRqLnKyhgbU3AKa7AWJF7lW2Oc/2kFNY4MlAYVnVc0i8A==
  dependencies:
    "@aws-sdk/middleware-user-agent" "^3.972.6"
    "@aws-sdk/types" "^3.973.1"
    "@smithy/node-config-provider" "^4.3.8"
    "@smithy/types" "^4.12.0"
    tslib "^2.6.2"

"@aws-sdk/xml-builder@^3.972.4":
  version "3.972.4"
  resolved "https://registry.yarnpkg.com/@aws-sdk/xml-builder/-/xml-builder-3.972.4.tgz#8115c8cf90c71cf484a52c82eac5344cd3a5e921"
  integrity sha512-0zJ05ANfYqI6+rGqj8samZBFod0dPPousBjLEqg8WdxSgbMAkRgLyn81lP215Do0rFJ/17LIXwr7q0yK24mP6Q==
  dependencies:
    "@smithy/types" "^4.12.0"
    fast-xml-parser "5.3.4"
    tslib "^2.6.2"

"@aws/lambda-invoke-store@^0.2.2":
  version "0.2.3"
  resolved "https://registry.yarnpkg.com/@aws/lambda-invoke-store/-/lambda-invoke-store-0.2.3.tgz#f1137f56209ccc69c15f826242cbf37f828617dd"
  integrity sha512-oLvsaPMTBejkkmHhjf09xTgk71mOqyr/409NKhRIL08If7AhVfUsJhVsx386uJaqNd42v9kWamQ9lFbkoC2dYw==

"@smithy/abort-controller@^4.2.8":
  version "4.2.8"
  resolved "https://registry.yarnpkg.com/@smithy/abort-controller/-/abort-controller-4.2.8.tgz#3bfd7a51acce88eaec9a65c3382542be9f3a053a"
  integrity sha512-peuVfkYHAmS5ybKxWcfraK7WBBP0J+rkfUcbHJJKQ4ir3UAUNQI+Y4Vt/PqSzGqgloJ5O1dk7+WzNL8wcCSXbw==
  dependencies:
    "@smithy/types" "^4.12.0"
    tslib "^2.6.2"

"@smithy/config-resolver@^4.4.6":
  version "4.4.6"
  resolved "https://registry.yarnpkg.com/@smithy/config-resolver/-/config-resolver-4.4.6.tgz#bd7f65b3da93f37f1c97a399ade0124635c02297"
  integrity sha512-qJpzYC64kaj3S0fueiu3kXm8xPrR3PcXDPEgnaNMRn0EjNSZFoFjvbUp0YUDsRhN1CB90EnHJtbxWKevnH99UQ==
  dependencies:
    "@smithy/node-config-provider" "^4.3.8"
    "@smithy/types" "^4.12.0"
    "@smithy/util-config-provider" "^4.2.0"
    "@smithy/util-endpoints" "^3.2.8"
    "@smithy/util-middleware" "^4.2.8"
    tslib "^2.6.2"

"@smithy/core@^3.22.0", "@smithy/core@^3.22.1":
  version "3.22.1"
  resolved "https://registry.yarnpkg.com/@smithy/core/-/core-3.22.1.tgz#c34180d541c9dc5d29412809a6aa497ea47d74f8"
  integrity sha512-x3ie6Crr58MWrm4viHqqy2Du2rHYZjwu8BekasrQx4ca+Y24dzVAwq3yErdqIbc2G3I0kLQA13PQ+/rde+u65g==
  dependencies:
    "@smithy/middleware-serde" "^4.2.9"
    "@smithy/protocol-http" "^5.3.8"
    "@smithy/types" "^4.12.0"
    "@smithy/util-base64" "^4.3.0"
    "@smithy/util-body-length-browser" "^4.2.0"
    "@smithy/util-middleware" "^4.2.8"
    "@smithy/util-stream" "^4.5.11"
    "@smithy/util-utf8" "^4.2.0"
    "@smithy/uuid" "^1.1.0"
    tslib "^2.6.2"

"@smithy/credential-provider-imds@^4.2.8":
  version "4.2.8"
  resolved "https://registry.yarnpkg.com/@smithy/credential-provider-imds/-/credential-provider-imds-4.2.8.tgz#b2f4bf759ab1c35c0dd00fa3470263c749ebf60f"
  integrity sha512-FNT0xHS1c/CPN8upqbMFP83+ul5YgdisfCfkZ86Jh2NSmnqw/AJ6x5pEogVCTVvSm7j9MopRU89bmDelxuDMYw==
  dependencies:
    "@smithy/node-config-provider" "^4.3.8"
    "@smithy/property-provider" "^4.2.8"
    "@smithy/types" "^4.12.0"
    "@smithy/url-parser" "^4.2.8"
    tslib "^2.6.2"

"@smithy/fetch-http-handler@^5.3.9":
  version "5.3.9"
  resolved "https://registry.yarnpkg.com/@smithy/fetch-http-handler/-/fetch-http-handler-5.3.9.tgz#edfc9e90e0c7538c81e22e748d62c0066cc91d58"
  integrity sha512-I4UhmcTYXBrct03rwzQX1Y/iqQlzVQaPxWjCjula++5EmWq9YGBrx6bbGqluGc1f0XEfhSkiY4jhLgbsJUMKRA==
  dependencies:
    "@smithy/protocol-http" "^5.3.8"
    "@smithy/querystring-builder" "^4.2.8"
    "@smithy/types" "^4.12.0"
    "@smithy/util-base64" "^4.3.0"
    tslib "^2.6.2"

"@smithy/hash-node@^4.2.8":
  version "4.2.8"
  resolved "https://registry.yarnpkg.com/@smithy/hash-node/-/hash-node-4.2.8.tgz#c21eb055041716cd492dda3a109852a94b6d47bb"
  integrity sha512-7ZIlPbmaDGxVoxErDZnuFG18WekhbA/g2/i97wGj+wUBeS6pcUeAym8u4BXh/75RXWhgIJhyC11hBzig6MljwA==
  dependencies:
    "@smithy/types" "^4.12.0"
    "@smithy/util-buffer-from" "^4.2.0"
    "@smithy/util-utf8" "^4.2.0"
    tslib "^2.6.2"

"@smithy/invalid-dependency@^4.2.8":
  version "4.2.8"
  resolved "https://registry.yarnpkg.com/@smithy/invalid-dependency/-/invalid-dependency-4.2.8.tgz#c578bc6d5540c877aaed5034b986b5f6bd896451"
  integrity sha512-N9iozRybwAQ2dn9Fot9kI6/w9vos2oTXLhtK7ovGqwZjlOcxu6XhPlpLpC+INsxktqHinn5gS2DXDjDF2kG5sQ==
  dependencies:
    "@smithy/types" "^4.12.0"
    tslib "^2.6.2"

"@smithy/is-array-buffer@^2.2.0":
  version "2.2.0"
  resolved "https://registry.yarnpkg.com/@smithy/is-array-buffer/-/is-array-buffer-2.2.0.tgz#f84f0d9f9a36601a9ca9381688bd1b726fd39111"
  integrity sha512-GGP3O9QFD24uGeAXYUjwSTXARoqpZykHadOmA8G5vfJPK0/DC67qa//0qvqrJzL1xc8WQWX7/yc7fwudjPHPhA==
  dependencies:
    tslib "^2.6.2"

"@smithy/is-array-buffer@^4.2.0":
  version "4.2.0"
  resolved "https://registry.yarnpkg.com/@smithy/is-array-buffer/-/is-array-buffer-4.2.0.tgz#b0f874c43887d3ad44f472a0f3f961bcce0550c2"
  integrity sha512-DZZZBvC7sjcYh4MazJSGiWMI2L7E0oCiRHREDzIxi/M2LY79/21iXt6aPLHge82wi5LsuRF5A06Ds3+0mlh6CQ==
  dependencies:
    tslib "^2.6.2"

"@smithy/middleware-content-length@^4.2.8":
  version "4.2.8"
  resolved "https://registry.yarnpkg.com/@smithy/middleware-content-length/-/middleware-content-length-4.2.8.tgz#82c1df578fa70fe5800cf305b8788b9d2836a3e4"
  integrity sha512-RO0jeoaYAB1qBRhfVyq0pMgBoUK34YEJxVxyjOWYZiOKOq2yMZ4MnVXMZCUDenpozHue207+9P5ilTV1zeda0A==
  dependencies:
    "@smithy/protocol-http" "^5.3.8"
    "@smithy/types" "^4.12.0"
    tslib "^2.6.2"

"@smithy/middleware-endpoint@^4.4.12", "@smithy/middleware-endpoint@^4.4.13":
  version "4.4.13"
  resolved "https://registry.yarnpkg.com/@smithy/middleware-endpoint/-/middleware-endpoint-4.4.13.tgz#8a5dda67cbf8e63155a908a724e7ae09b763baad"
  integrity sha512-x6vn0PjYmGdNuKh/juUJJewZh7MoQ46jYaJ2mvekF4EesMuFfrl4LaW/k97Zjf8PTCPQmPgMvwewg7eNoH9n5w==
  dependencies:
    "@smithy/core" "^3.22.1"
    "@smithy/middleware-serde" "^4.2.9"
    "@smithy/node-config-provider" "^4.3.8"
    "@smithy/shared-ini-file-loader" "^4.4.3"
    "@smithy/types" "^4.12.0"
    "@smithy/url-parser" "^4.2.8"
    "@smithy/util-middleware" "^4.2.8"
    tslib "^2.6.2"

"@smithy/middleware-retry@^4.4.29":
  version "4.4.30"
  resolved "https://registry.yarnpkg.com/@smithy/middleware-retry/-/middleware-retry-4.4.30.tgz#a0548803044069b53a332606d4b4f803f07f8963"
  integrity sha512-CBGyFvN0f8hlnqKH/jckRDz78Snrp345+PVk8Ux7pnkUCW97Iinse59lY78hBt04h1GZ6hjBN94BRwZy1xC8Bg==
  dependencies:
    "@smithy/node-config-provider" "^4.3.8"
    "@smithy/protocol-http" "^5.3.8"
    "@smithy/service-error-classification" "^4.2.8"
    "@smithy/smithy-client" "^4.11.2"
    "@smithy/types" "^4.12.0"
    "@smithy/util-middleware" "^4.2.8"
    "@smithy/util-retry" "^4.2.8"
    "@smithy/uuid" "^1.1.0"
    tslib "^2.6.2"

"@smithy/middleware-serde@^4.2.9":
  version "4.2.9"
  resolved "https://registry.yarnpkg.com/@smithy/middleware-serde/-/middleware-serde-4.2.9.tgz#fd9d9b02b265aef67c9a30f55c2a5038fc9ca791"
  integrity sha512-eMNiej0u/snzDvlqRGSN3Vl0ESn3838+nKyVfF2FKNXFbi4SERYT6PR392D39iczngbqqGG0Jl1DlCnp7tBbXQ==
  dependencies:
    "@smithy/protocol-http" "^5.3.8"
    "@smithy/types" "^4.12.0"
    tslib "^2.6.2"

"@smithy/middleware-stack@^4.2.8":
  version "4.2.8"
  resolved "https://registry.yarnpkg.com/@smithy/middleware-stack/-/middleware-stack-4.2.8.tgz#4fa9cfaaa05f664c9bb15d45608f3cb4f6da2b76"
  integrity sha512-w6LCfOviTYQjBctOKSwy6A8FIkQy7ICvglrZFl6Bw4FmcQ1Z420fUtIhxaUZZshRe0VCq4kvDiPiXrPZAe8oRA==
  dependencies:
    "@smithy/types" "^4.12.0"
    tslib "^2.6.2"

"@smithy/node-config-provider@^4.3.8":
  version "4.3.8"
  resolved "https://registry.yarnpkg.com/@smithy/node-config-provider/-/node-config-provider-4.3.8.tgz#85a0683448262b2eb822f64c14278d4887526377"
  integrity sha512-aFP1ai4lrbVlWjfpAfRSL8KFcnJQYfTl5QxLJXY32vghJrDuFyPZ6LtUL+JEGYiFRG1PfPLHLoxj107ulncLIg==
  dependencies:
    "@smithy/property-provider" "^4.2.8"
    "@smithy/shared-ini-file-loader" "^4.4.3"
    "@smithy/types" "^4.12.0"
    tslib "^2.6.2"

"@smithy/node-http-handler@^4.4.8", "@smithy/node-http-handler@^4.4.9":
  version "4.4.9"
  resolved "https://registry.yarnpkg.com/@smithy/node-http-handler/-/node-http-handler-4.4.9.tgz#c167e5b8aed33c5edaf25b903ed9866858499c93"
  integrity sha512-KX5Wml5mF+luxm1szW4QDz32e3NObgJ4Fyw+irhph4I/2geXwUy4jkIMUs5ZPGflRBeR6BUkC2wqIab4Llgm3w==
  dependencies:
    "@smithy/abort-controller" "^4.2.8"
    "@smithy/protocol-http" "^5.3.8"
    "@smithy/querystring-builder" "^4.2.8"
    "@smithy/types" "^4.12.0"
    tslib "^2.6.2"

"@smithy/property-provider@^4.2.8":
  version "4.2.8"
  resolved "https://registry.yarnpkg.com/@smithy/property-provider/-/property-provider-4.2.8.tgz#6e37b30923d2d31370c50ce303a4339020031472"
  integrity sha512-EtCTbyIveCKeOXDSWSdze3k612yCPq1YbXsbqX3UHhkOSW8zKsM9NOJG5gTIya0vbY2DIaieG8pKo1rITHYL0w==
  dependencies:
    "@smithy/types" "^4.12.0"
    tslib "^2.6.2"

"@smithy/protocol-http@^5.3.8":
  version "5.3.8"
  resolved "https://registry.yarnpkg.com/@smithy/protocol-http/-/protocol-http-5.3.8.tgz#0938f69a3c3673694c2f489a640fce468ce75006"
  integrity sha512-QNINVDhxpZ5QnP3aviNHQFlRogQZDfYlCkQT+7tJnErPQbDhysondEjhikuANxgMsZrkGeiAxXy4jguEGsDrWQ==
  dependencies:
    "@smithy/types" "^4.12.0"
    tslib "^2.6.2"

"@smithy/querystring-builder@^4.2.8":
  version "4.2.8"
  resolved "https://registry.yarnpkg.com/@smithy/querystring-builder/-/querystring-builder-4.2.8.tgz#2fa72d29eb1844a6a9933038bbbb14d6fe385e93"
  integrity sha512-Xr83r31+DrE8CP3MqPgMJl+pQlLLmOfiEUnoyAlGzzJIrEsbKsPy1hqH0qySaQm4oWrCBlUqRt+idEgunKB+iw==
  dependencies:
    "@smithy/types" "^4.12.0"
    "@smithy/util-uri-escape" "^4.2.0"
    tslib "^2.6.2"

"@smithy/querystring-parser@^4.2.8":
  version "4.2.8"
  resolved "https://registry.yarnpkg.com/@smithy/querystring-parser/-/querystring-parser-4.2.8.tgz#aa3f2456180ce70242e89018d0b1ebd4782a6347"
  integrity sha512-vUurovluVy50CUlazOiXkPq40KGvGWSdmusa3130MwrR1UNnNgKAlj58wlOe61XSHRpUfIIh6cE0zZ8mzKaDPA==
  dependencies:
    "@smithy/types" "^4.12.0"
    tslib "^2.6.2"

"@smithy/service-error-classification@^4.2.8":
  version "4.2.8"
  resolved "https://registry.yarnpkg.com/@smithy/service-error-classification/-/service-error-classification-4.2.8.tgz#6d89dbad4f4978d7b75a44af8c18c22455a16cdc"
  integrity sha512-mZ5xddodpJhEt3RkCjbmUQuXUOaPNTkbMGR0bcS8FE0bJDLMZlhmpgrvPNCYglVw5rsYTpSnv19womw9WWXKQQ==
  dependencies:
    "@smithy/types" "^4.12.0"

"@smithy/shared-ini-file-loader@^4.4.3":
  version "4.4.3"
  resolved "https://registry.yarnpkg.com/@smithy/shared-ini-file-loader/-/shared-ini-file-loader-4.4.3.tgz#6054215ecb3a6532b13aa49a9fbda640b63be50e"
  integrity sha512-DfQjxXQnzC5UbCUPeC3Ie8u+rIWZTvuDPAGU/BxzrOGhRvgUanaP68kDZA+jaT3ZI+djOf+4dERGlm9mWfFDrg==
  dependencies:
    "@smithy/types" "^4.12.0"
    tslib "^2.6.2"

"@smithy/signature-v4@^5.3.8":
  version "5.3.8"
  resolved "https://registry.yarnpkg.com/@smithy/signature-v4/-/signature-v4-5.3.8.tgz#796619b10b7cc9467d0625b0ebd263ae04fdfb76"
  integrity sha512-6A4vdGj7qKNRF16UIcO8HhHjKW27thsxYci+5r/uVRkdcBEkOEiY8OMPuydLX4QHSrJqGHPJzPRwwVTqbLZJhg==
  dependencies:
    "@smithy/is-array-buffer" "^4.2.0"
    "@smithy/protocol-http" "^5.3.8"
    "@smithy/types" "^4.12.0"
    "@smithy/util-hex-encoding" "^4.2.0"
    "@smithy/util-middleware" "^4.2.8"
    "@smithy/util-uri-escape" "^4.2.0"
    "@smithy/util-utf8" "^4.2.0"
    tslib "^2.6.2"

"@smithy/smithy-client@^4.11.1", "@smithy/smithy-client@^4.11.2":
  version "4.11.2"
  resolved "https://registry.yarnpkg.com/@smithy/smithy-client/-/smithy-client-4.11.2.tgz#1f6a4d75625dbaa16bafbe9b10cf6a41c98fe3da"
  integrity sha512-SCkGmFak/xC1n7hKRsUr6wOnBTJ3L22Qd4e8H1fQIuKTAjntwgU8lrdMe7uHdiT2mJAOWA/60qaW9tiMu69n1A==
  dependencies:
    "@smithy/core" "^3.22.1"
    "@smithy/middleware-endpoint" "^4.4.13"
    "@smithy/middleware-stack" "^4.2.8"
    "@smithy/protocol-http" "^5.3.8"
    "@smithy/types" "^4.12.0"
    "@smithy/util-stream" "^4.5.11"
    tslib "^2.6.2"

"@smithy/types@^4.12.0":
  version "4.12.0"
  resolved "https://registry.yarnpkg.com/@smithy/types/-/types-4.12.0.tgz#55d2479080922bda516092dbf31916991d9c6fee"
  integrity sha512-9YcuJVTOBDjg9LWo23Qp0lTQ3D7fQsQtwle0jVfpbUHy9qBwCEgKuVH4FqFB3VYu0nwdHKiEMA+oXz7oV8X1kw==
  dependencies:
    tslib "^2.6.2"

"@smithy/url-parser@^4.2.8":
  version "4.2.8"
  resolved "https://registry.yarnpkg.com/@smithy/url-parser/-/url-parser-4.2.8.tgz#b44267cd704abe114abcd00580acdd9e4acc1177"
  integrity sha512-NQho9U68TGMEU639YkXnVMV3GEFFULmmaWdlu1E9qzyIePOHsoSnagTGSDv1Zi8DCNN6btxOSdgmy5E/hsZwhA==
  dependencies:
    "@smithy/querystring-parser" "^4.2.8"
    "@smithy/types" "^4.12.0"
    tslib "^2.6.2"

"@smithy/util-base64@^4.3.0":
  version "4.3.0"
  resolved "https://registry.yarnpkg.com/@smithy/util-base64/-/util-base64-4.3.0.tgz#5e287b528793aa7363877c1a02cd880d2e76241d"
  integrity sha512-GkXZ59JfyxsIwNTWFnjmFEI8kZpRNIBfxKjv09+nkAWPt/4aGaEWMM04m4sxgNVWkbt2MdSvE3KF/PfX4nFedQ==
  dependencies:
    "@smithy/util-buffer-from" "^4.2.0"
    "@smithy/util-utf8" "^4.2.0"
    tslib "^2.6.2"

"@smithy/util-body-length-browser@^4.2.0":
  version "4.2.0"
  resolved "https://registry.yarnpkg.com/@smithy/util-body-length-browser/-/util-body-length-browser-4.2.0.tgz#04e9fc51ee7a3e7f648a4b4bcdf96c350cfa4d61"
  integrity sha512-Fkoh/I76szMKJnBXWPdFkQJl2r9SjPt3cMzLdOB6eJ4Pnpas8hVoWPYemX/peO0yrrvldgCUVJqOAjUrOLjbxg==
  dependencies:
    tslib "^2.6.2"

"@smithy/util-body-length-node@^4.2.1":
  version "4.2.1"
  resolved "https://registry.yarnpkg.com/@smithy/util-body-length-node/-/util-body-length-node-4.2.1.tgz#79c8a5d18e010cce6c42d5cbaf6c1958523e6fec"
  integrity sha512-h53dz/pISVrVrfxV1iqXlx5pRg3V2YWFcSQyPyXZRrZoZj4R4DeWRDo1a7dd3CPTcFi3kE+98tuNyD2axyZReA==
  dependencies:
    tslib "^2.6.2"

"@smithy/util-buffer-from@^2.2.0":
  version "2.2.0"
  resolved "https://registry.yarnpkg.com/@smithy/util-buffer-from/-/util-buffer-from-2.2.0.tgz#6fc88585165ec73f8681d426d96de5d402021e4b"
  integrity sha512-IJdWBbTcMQ6DA0gdNhh/BwrLkDR+ADW5Kr1aZmd4k3DIF6ezMV4R2NIAmT08wQJ3yUK82thHWmC/TnK/wpMMIA==
  dependencies:
    "@smithy/is-array-buffer" "^2.2.0"
    tslib "^2.6.2"

"@smithy/util-buffer-from@^4.2.0":
  version "4.2.0"
  resolved "https://registry.yarnpkg.com/@smithy/util-buffer-from/-/util-buffer-from-4.2.0.tgz#7abd12c4991b546e7cee24d1e8b4bfaa35c68a9d"
  integrity sha512-kAY9hTKulTNevM2nlRtxAG2FQ3B2OR6QIrPY3zE5LqJy1oxzmgBGsHLWTcNhWXKchgA0WHW+mZkQrng/pgcCew==
  dependencies:
    "@smithy/is-array-buffer" "^4.2.0"
    tslib "^2.6.2"

"@smithy/util-config-provider@^4.2.0":
  version "4.2.0"
  resolved "https://registry.yarnpkg.com/@smithy/util-config-provider/-/util-config-provider-4.2.0.tgz#2e4722937f8feda4dcb09672c59925a4e6286cfc"
  integrity sha512-YEjpl6XJ36FTKmD+kRJJWYvrHeUvm5ykaUS5xK+6oXffQPHeEM4/nXlZPe+Wu0lsgRUcNZiliYNh/y7q9c2y6Q==
  dependencies:
    tslib "^2.6.2"

"@smithy/util-defaults-mode-browser@^4.3.28":
  version "4.3.29"
  resolved "https://registry.yarnpkg.com/@smithy/util-defaults-mode-browser/-/util-defaults-mode-browser-4.3.29.tgz#fd4f9563ffd1fb49d092e5b86bacc7796170763e"
  integrity sha512-nIGy3DNRmOjaYaaKcQDzmWsro9uxlaqUOhZDHQed9MW/GmkBZPtnU70Pu1+GT9IBmUXwRdDuiyaeiy9Xtpn3+Q==
  dependencies:
    "@smithy/property-provider" "^4.2.8"
    "@smithy/smithy-client" "^4.11.2"
    "@smithy/types" "^4.12.0"
    tslib "^2.6.2"

"@smithy/util-defaults-mode-node@^4.2.31":
  version "4.2.32"
  resolved "https://registry.yarnpkg.com/@smithy/util-defaults-mode-node/-/util-defaults-mode-node-4.2.32.tgz#bc3e9ee1711a9ac3b1c29ea0bef0e785c1da30da"
  integrity sha512-7dtFff6pu5fsjqrVve0YMhrnzJtccCWDacNKOkiZjJ++fmjGExmmSu341x+WU6Oc1IccL7lDuaUj7SfrHpWc5Q==
  dependencies:
    "@smithy/config-resolver" "^4.4.6"
    "@smithy/credential-provider-imds" "^4.2.8"
    "@smithy/node-config-provider" "^4.3.8"
    "@smithy/property-provider" "^4.2.8"
    "@smithy/smithy-client" "^4.11.2"
    "@smithy/types" "^4.12.0"
    tslib "^2.6.2"

"@smithy/util-endpoints@^3.2.8":
  version "3.2.8"
  resolved "https://registry.yarnpkg.com/@smithy/util-endpoints/-/util-endpoints-3.2.8.tgz#5650bda2adac989ff2e562606088c5de3dcb1b36"
  integrity sha512-8JaVTn3pBDkhZgHQ8R0epwWt+BqPSLCjdjXXusK1onwJlRuN69fbvSK66aIKKO7SwVFM6x2J2ox5X8pOaWcUEw==
  dependencies:
    "@smithy/node-config-provider" "^4.3.8"
    "@smithy/types" "^4.12.0"
    tslib "^2.6.2"

"@smithy/util-hex-encoding@^4.2.0":
  version "4.2.0"
  resolved "https://registry.yarnpkg.com/@smithy/util-hex-encoding/-/util-hex-encoding-4.2.0.tgz#1c22ea3d1e2c3a81ff81c0a4f9c056a175068a7b"
  integrity sha512-CCQBwJIvXMLKxVbO88IukazJD9a4kQ9ZN7/UMGBjBcJYvatpWk+9g870El4cB8/EJxfe+k+y0GmR9CAzkF+Nbw==
  dependencies:
    tslib "^2.6.2"

"@smithy/util-middleware@^4.2.8":
  version "4.2.8"
  resolved "https://registry.yarnpkg.com/@smithy/util-middleware/-/util-middleware-4.2.8.tgz#1da33f29a74c7ebd9e584813cb7e12881600a80a"
  integrity sha512-PMqfeJxLcNPMDgvPbbLl/2Vpin+luxqTGPpW3NAQVLbRrFRzTa4rNAASYeIGjRV9Ytuhzny39SpyU04EQreF+A==
  dependencies:
    "@smithy/types" "^4.12.0"
    tslib "^2.6.2"

"@smithy/util-retry@^4.2.8":
  version "4.2.8"
  resolved "https://registry.yarnpkg.com/@smithy/util-retry/-/util-retry-4.2.8.tgz#23f3f47baf0681233fd0c37b259e60e268c73b11"
  integrity sha512-CfJqwvoRY0kTGe5AkQokpURNCT1u/MkRzMTASWMPPo2hNSnKtF1D45dQl3DE2LKLr4m+PW9mCeBMJr5mCAVThg==
  dependencies:
    "@smithy/service-error-classification" "^4.2.8"
    "@smithy/types" "^4.12.0"
    tslib "^2.6.2"

"@smithy/util-stream@^4.5.10", "@smithy/util-stream@^4.5.11":
  version "4.5.11"
  resolved "https://registry.yarnpkg.com/@smithy/util-stream/-/util-stream-4.5.11.tgz#69bf0816c2a396b389a48a64455dacdb57893984"
  integrity sha512-lKmZ0S/3Qj2OF5H1+VzvDLb6kRxGzZHq6f3rAsoSu5cTLGsn3v3VQBA8czkNNXlLjoFEtVu3OQT2jEeOtOE2CA==
  dependencies:
    "@smithy/fetch-http-handler" "^5.3.9"
    "@smithy/node-http-handler" "^4.4.9"
    "@smithy/types" "^4.12.0"
    "@smithy/util-base64" "^4.3.0"
    "@smithy/util-buffer-from" "^4.2.0"
    "@smithy/util-hex-encoding" "^4.2.0"
    "@smithy/util-utf8" "^4.2.0"
    tslib "^2.6.2"

"@smithy/util-uri-escape@^4.2.0":
  version "4.2.0"
  resolved "https://registry.yarnpkg.com/@smithy/util-uri-escape/-/util-uri-escape-4.2.0.tgz#096a4cec537d108ac24a68a9c60bee73fc7e3a9e"
  integrity sha512-igZpCKV9+E/Mzrpq6YacdTQ0qTiLm85gD6N/IrmyDvQFA4UnU3d5g3m8tMT/6zG/vVkWSU+VxeUyGonL62DuxA==
  dependencies:
    tslib "^2.6.2"

"@smithy/util-utf8@^2.0.0":
  version "2.3.0"
  resolved "https://registry.yarnpkg.com/@smithy/util-utf8/-/util-utf8-2.3.0.tgz#dd96d7640363259924a214313c3cf16e7dd329c5"
  integrity sha512-R8Rdn8Hy72KKcebgLiv8jQcQkXoLMOGGv5uI1/k0l+snqkOzQ1R0ChUBCxWMlBsFMekWjq0wRudIweFs7sKT5A==
  dependencies:
    "@smithy/util-buffer-from" "^2.2.0"
    tslib "^2.6.2"

"@smithy/util-utf8@^4.2.0":
  version "4.2.0"
  resolved "https://registry.yarnpkg.com/@smithy/util-utf8/-/util-utf8-4.2.0.tgz#8b19d1514f621c44a3a68151f3d43e51087fed9d"
  integrity sha512-zBPfuzoI8xyBtR2P6WQj63Rz8i3AmfAaJLuNG8dWsfvPe8lO4aCPYLn879mEgHndZH1zQ2oXmG8O1GGzzaoZiw==
  dependencies:
    "@smithy/util-buffer-from" "^4.2.0"
    tslib "^2.6.2"

"@smithy/uuid@^1.1.0":
  version "1.1.0"
  resolved "https://registry.yarnpkg.com/@smithy/uuid/-/uuid-1.1.0.tgz#9fd09d3f91375eab94f478858123387df1cda987"
  integrity sha512-4aUIteuyxtBUhVdiQqcDhKFitwfd9hqoSDYY2KRXiWtgoWJ9Bmise+KfEPDiVHWeJepvF8xJO9/9+WDIciMFFw==
  dependencies:
    tslib "^2.6.2"

"@types/aws-lambda@^8.10.92":
  version "8.10.160"
  resolved "https://registry.yarnpkg.com/@types/aws-lambda/-/aws-lambda-8.10.160.tgz#7a3afdd919d730e4e2be7239d0af5f36a8b0ce1e"
  integrity sha512-uoO4QVQNWFPJMh26pXtmtrRfGshPUSpMZGUyUQY20FhfHEElEBOPKgVmFs1z+kbpyBsRs2JnoOPT7++Z4GA9pA==

bowser@^2.11.0:
  version "2.13.1"
  resolved "https://registry.yarnpkg.com/bowser/-/bowser-2.13.1.tgz#5a4c652de1d002f847dd011819f5fc729f308a7e"
  integrity sha512-OHawaAbjwx6rqICCKgSG0SAnT05bzd7ppyKLVUITZpANBaaMFBAsaNkto3LoQ31tyFP5kNujE8Cdx85G9VzOkw==

fast-xml-parser@5.3.4:
  version "5.3.4"
  resolved "https://registry.yarnpkg.com/fast-xml-parser/-/fast-xml-parser-5.3.4.tgz#06f39aafffdbc97bef0321e626c7ddd06a043ecf"
  integrity sha512-EFd6afGmXlCx8H8WTZHhAoDaWaGyuIBoZJ2mknrNxug+aZKjkp0a0dlars9Izl+jF+7Gu1/5f/2h68cQpe0IiA==
  dependencies:
    strnum "^2.1.0"

strnum@^2.1.0:
  version "2.1.2"
  resolved "https://registry.yarnpkg.com/strnum/-/strnum-2.1.2.tgz#a5e00ba66ab25f9cafa3726b567ce7a49170937a"
  integrity sha512-l63NF9y/cLROq/yqKXSLtcMeeyOfnSQlfMSlzFt/K73oIaD8DGaQWd7Z34X9GPiKqP5rbSh84Hl4bOlLcjiSrQ==

tslib@^2.6.2:
  version "2.8.1"
  resolved "https://registry.yarnpkg.com/tslib/-/tslib-2.8.1.tgz#612efe4ed235d567e8aba5f2a5fab70280ade83f"
  integrity sha512-oJFu94HQb+KVduSUQL7wnpmqnfmLsOA/nAh6b6EH0wCEoK0/mPeXU6c3wKDV83MkOuHPRHtSXKKU99IBazS/2w==
