# THIS IS AN AUTOGENERATED FILE. DO NOT EDIT THIS FILE DIRECTLY.
# yarn lockfile v1


"@aws-crypto/crc32@3.0.0":
  version "3.0.0"
  resolved "https://registry.yarnpkg.com/@aws-crypto/crc32/-/crc32-3.0.0.tgz#07300eca214409c33e3ff769cd5697b57fdd38fa"
  integrity sha512-IzSgsrxUcsrejQbPVilIKy16kAT52EwB6zSaI+M3xxIhKh5+aldEyvI+z6erM7TCLB2BJsFrtHjp6/4/sr+3dA==
  dependencies:
    "@aws-crypto/util" "^3.0.0"
    "@aws-sdk/types" "^3.222.0"
    tslib "^1.11.1"

"@aws-crypto/ie11-detection@^3.0.0":
  version "3.0.0"
  resolved "https://registry.yarnpkg.com/@aws-crypto/ie11-detection/-/ie11-detection-3.0.0.tgz#640ae66b4ec3395cee6a8e94ebcd9f80c24cd688"
  integrity sha512-341lBBkiY1DfDNKai/wXM3aujNBkXR7tq1URPQDL9wi3AUbI80NR74uF1TXHMm7po1AcnFk8iu2S2IeU/+/A+Q==
  dependencies:
    tslib "^1.11.1"

"@aws-crypto/sha256-browser@3.0.0":
  version "3.0.0"
  resolved "https://registry.yarnpkg.com/@aws-crypto/sha256-browser/-/sha256-browser-3.0.0.tgz#05f160138ab893f1c6ba5be57cfd108f05827766"
  integrity sha512-8VLmW2B+gjFbU5uMeqtQM6Nj0/F1bro80xQXCW6CQBWgosFWXTx77aeOF5CAIAmbOK64SdMBJdNr6J41yP5mvQ==
  dependencies:
    "@aws-crypto/ie11-detection" "^3.0.0"
    "@aws-crypto/sha256-js" "^3.0.0"
    "@aws-crypto/supports-web-crypto" "^3.0.0"
    "@aws-crypto/util" "^3.0.0"
    "@aws-sdk/types" "^3.222.0"
    "@aws-sdk/util-locate-window" "^3.0.0"
    "@aws-sdk/util-utf8-browser" "^3.0.0"
    tslib "^1.11.1"

"@aws-crypto/sha256-js@3.0.0", "@aws-crypto/sha256-js@^3.0.0":
  version "3.0.0"
  resolved "https://registry.yarnpkg.com/@aws-crypto/sha256-js/-/sha256-js-3.0.0.tgz#f06b84d550d25521e60d2a0e2a90139341e007c2"
  integrity sha512-PnNN7os0+yd1XvXAy23CFOmTbMaDxgxXtTKHybrJ39Y8kGzBATgBFibWJKH6BhytLI/Zyszs87xCOBNyBig6vQ==
  dependencies:
    "@aws-crypto/util" "^3.0.0"
    "@aws-sdk/types" "^3.222.0"
    tslib "^1.11.1"

"@aws-crypto/sha256-js@^2.0.1":
  version "2.0.2"
  resolved "https://registry.yarnpkg.com/@aws-crypto/sha256-js/-/sha256-js-2.0.2.tgz#c81e5d378b8a74ff1671b58632779986e50f4c99"
  integrity sha512-iXLdKH19qPmIC73fVCrHWCSYjN/sxaAvZ3jNNyw6FclmHyjLKg0f69WlC9KTnyElxCR5MO9SKaG00VwlJwyAkQ==
  dependencies:
    "@aws-crypto/util" "^2.0.2"
    "@aws-sdk/types" "^3.110.0"
    tslib "^1.11.1"

"@aws-crypto/supports-web-crypto@^3.0.0":
  version "3.0.0"
  resolved "https://registry.yarnpkg.com/@aws-crypto/supports-web-crypto/-/supports-web-crypto-3.0.0.tgz#5d1bf825afa8072af2717c3e455f35cda0103ec2"
  integrity sha512-06hBdMwUAb2WFTuGG73LSC0wfPu93xWwo5vL2et9eymgmu3Id5vFAHBbajVWiGhPO37qcsdCap/FqXvJGJWPIg==
  dependencies:
    tslib "^1.11.1"

"@aws-crypto/util@^2.0.2":
  version "2.0.2"
  resolved "https://registry.yarnpkg.com/@aws-crypto/util/-/util-2.0.2.tgz#adf5ff5dfbc7713082f897f1d01e551ce0edb9c0"
  integrity sha512-Lgu5v/0e/BcrZ5m/IWqzPUf3UYFTy/PpeED+uc9SWUR1iZQL8XXbGQg10UfllwwBryO3hFF5dizK+78aoXC1eA==
  dependencies:
    "@aws-sdk/types" "^3.110.0"
    "@aws-sdk/util-utf8-browser" "^3.0.0"
    tslib "^1.11.1"

"@aws-crypto/util@^3.0.0":
  version "3.0.0"
  resolved "https://registry.yarnpkg.com/@aws-crypto/util/-/util-3.0.0.tgz#1c7ca90c29293f0883468ad48117937f0fe5bfb0"
  integrity sha512-2OJlpeJpCR48CC8r+uKVChzs9Iungj9wkZrl8Z041DWEWvyIHILYKCPNzJghKsivj+S3mLo6BVc7mBNzdxA46w==
  dependencies:
    "@aws-sdk/types" "^3.222.0"
    "@aws-sdk/util-utf8-browser" "^3.0.0"
    tslib "^1.11.1"

"@aws-sdk/client-sso@3.470.0":
  version "3.470.0"
  resolved "https://registry.yarnpkg.com/@aws-sdk/client-sso/-/client-sso-3.470.0.tgz#2fab6cc63af15a5dccbd985d784e49a3a3c634b4"
  integrity sha512-iMXqdXuypE3OK0rggbvSz7vBGlLDG418dNidHhdaeLluMTG/GfHbh1fLOlavhYxRwrsPrtYvFiVkxXFGzXva4w==
  dependencies:
    "@aws-crypto/sha256-browser" "3.0.0"
    "@aws-crypto/sha256-js" "3.0.0"
    "@aws-sdk/core" "3.468.0"
    "@aws-sdk/middleware-host-header" "3.468.0"
    "@aws-sdk/middleware-logger" "3.468.0"
    "@aws-sdk/middleware-recursion-detection" "3.468.0"
    "@aws-sdk/middleware-user-agent" "3.470.0"
    "@aws-sdk/region-config-resolver" "3.470.0"
    "@aws-sdk/types" "3.468.0"
    "@aws-sdk/util-endpoints" "3.470.0"
    "@aws-sdk/util-user-agent-browser" "3.468.0"
    "@aws-sdk/util-user-agent-node" "3.470.0"
    "@smithy/config-resolver" "^2.0.21"
    "@smithy/fetch-http-handler" "^2.3.1"
    "@smithy/hash-node" "^2.0.17"
    "@smithy/invalid-dependency" "^2.0.15"
    "@smithy/middleware-content-length" "^2.0.17"
    "@smithy/middleware-endpoint" "^2.2.3"
    "@smithy/middleware-retry" "^2.0.24"
    "@smithy/middleware-serde" "^2.0.15"
    "@smithy/middleware-stack" "^2.0.9"
    "@smithy/node-config-provider" "^2.1.8"
    "@smithy/node-http-handler" "^2.2.1"
    "@smithy/protocol-http" "^3.0.11"
    "@smithy/smithy-client" "^2.1.18"
    "@smithy/types" "^2.7.0"
    "@smithy/url-parser" "^2.0.15"
    "@smithy/util-base64" "^2.0.1"
    "@smithy/util-body-length-browser" "^2.0.1"
    "@smithy/util-body-length-node" "^2.1.0"
    "@smithy/util-defaults-mode-browser" "^2.0.22"
    "@smithy/util-defaults-mode-node" "^2.0.29"
    "@smithy/util-endpoints" "^1.0.7"
    "@smithy/util-retry" "^2.0.8"
    "@smithy/util-utf8" "^2.0.2"
    tslib "^2.5.0"

"@aws-sdk/core@3.468.0":
  version "3.468.0"
  resolved "https://registry.yarnpkg.com/@aws-sdk/core/-/core-3.468.0.tgz#1f356adedd63ef77042a3de10fc4c1fdcce4ad42"
  integrity sha512-ezUJR9VvknKoXzNZ4wvzGi1jdkmm+/1dUYQ9Sw4r8bzlJDTsUnWbyvaDlBQh81RuhLtVkaUfTnQKoec0cwlZKQ==
  dependencies:
    "@smithy/smithy-client" "^2.1.18"
    tslib "^2.5.0"

"@aws-sdk/credential-provider-env@3.468.0":
  version "3.468.0"
  resolved "https://registry.yarnpkg.com/@aws-sdk/credential-provider-env/-/credential-provider-env-3.468.0.tgz#4196d717d3f5485af863bd1fd84374ea3dcd6210"
  integrity sha512-k/1WHd3KZn0EQYjadooj53FC0z24/e4dUZhbSKTULgmxyO62pwh9v3Brvw4WRa/8o2wTffU/jo54tf4vGuP/ZA==
  dependencies:
    "@aws-sdk/types" "3.468.0"
    "@smithy/property-provider" "^2.0.0"
    "@smithy/types" "^2.7.0"
    tslib "^2.5.0"

"@aws-sdk/credential-provider-ini@3.470.0":
  version "3.470.0"
  resolved "https://registry.yarnpkg.com/@aws-sdk/credential-provider-ini/-/credential-provider-ini-3.470.0.tgz#d360d08f893d5d28a3e6a493bbef0989669c2f6a"
  integrity sha512-eF22iPO6J2jY+LbuTv5dW0hZBmi6ksRDFFd/zT6TLasrzH2Ex+gAfN3c7rFHF+XAubL0JXFUKFA3UAwoZpO9Zg==
  dependencies:
    "@aws-sdk/credential-provider-env" "3.468.0"
    "@aws-sdk/credential-provider-process" "3.468.0"
    "@aws-sdk/credential-provider-sso" "3.470.0"
    "@aws-sdk/credential-provider-web-identity" "3.468.0"
    "@aws-sdk/types" "3.468.0"
    "@smithy/credential-provider-imds" "^2.0.0"
    "@smithy/property-provider" "^2.0.0"
    "@smithy/shared-ini-file-loader" "^2.0.6"
    "@smithy/types" "^2.7.0"
    tslib "^2.5.0"

"@aws-sdk/credential-provider-node@^3.76.0":
  version "3.470.0"
  resolved "https://registry.yarnpkg.com/@aws-sdk/credential-provider-node/-/credential-provider-node-3.470.0.tgz#9236a27f451fef06e1cb6c744b6b8b3dc3d633a3"
  integrity sha512-paySXwzGxBVU+2cVUkRIXafKhYhtO2fJJ3MotR6euvRONK/dta+bhEc5Z4QnTo/gNLoELK/QUC0EGoF+oPfk8g==
  dependencies:
    "@aws-sdk/credential-provider-env" "3.468.0"
    "@aws-sdk/credential-provider-ini" "3.470.0"
    "@aws-sdk/credential-provider-process" "3.468.0"
    "@aws-sdk/credential-provider-sso" "3.470.0"
    "@aws-sdk/credential-provider-web-identity" "3.468.0"
    "@aws-sdk/types" "3.468.0"
    "@smithy/credential-provider-imds" "^2.0.0"
    "@smithy/property-provider" "^2.0.0"
    "@smithy/shared-ini-file-loader" "^2.0.6"
    "@smithy/types" "^2.7.0"
    tslib "^2.5.0"

"@aws-sdk/credential-provider-process@3.468.0":
  version "3.468.0"
  resolved "https://registry.yarnpkg.com/@aws-sdk/credential-provider-process/-/credential-provider-process-3.468.0.tgz#770ed72db036c5d011445e5abf4a4bcc4424c486"
  integrity sha512-OYSn1A/UsyPJ7Z8Q2cNhTf55O36shPmSsvOfND04nSfu1nPaR+VUvvsP7v+brhGpwC/GAKTIdGAo4blH31BS6A==
  dependencies:
    "@aws-sdk/types" "3.468.0"
    "@smithy/property-provider" "^2.0.0"
    "@smithy/shared-ini-file-loader" "^2.0.6"
    "@smithy/types" "^2.7.0"
    tslib "^2.5.0"

"@aws-sdk/credential-provider-sso@3.470.0":
  version "3.470.0"
  resolved "https://registry.yarnpkg.com/@aws-sdk/credential-provider-sso/-/credential-provider-sso-3.470.0.tgz#12f14557be50a01bc99166610d83ea5be79b154a"
  integrity sha512-biGDSh9S9KDR9Tl/8cCPn9g5KPNkXg/CIJIOk3X+6valktbJ2UVYBzi0ZX4vZiudt5ry/Hsu6Pgo+KN1AmBWdg==
  dependencies:
    "@aws-sdk/client-sso" "3.470.0"
    "@aws-sdk/token-providers" "3.470.0"
    "@aws-sdk/types" "3.468.0"
    "@smithy/property-provider" "^2.0.0"
    "@smithy/shared-ini-file-loader" "^2.0.6"
    "@smithy/types" "^2.7.0"
    tslib "^2.5.0"

"@aws-sdk/credential-provider-web-identity@3.468.0":
  version "3.468.0"
  resolved "https://registry.yarnpkg.com/@aws-sdk/credential-provider-web-identity/-/credential-provider-web-identity-3.468.0.tgz#5befcb593d99a84e16af9e9f285f0d59ed42771f"
  integrity sha512-rexymPmXjtkwCPfhnUq3EjO1rSkf39R4Jz9CqiM7OsqK2qlT5Y/V3gnMKn0ZMXsYaQOMfM3cT5xly5R+OKDHlw==
  dependencies:
    "@aws-sdk/types" "3.468.0"
    "@smithy/property-provider" "^2.0.0"
    "@smithy/types" "^2.7.0"
    tslib "^2.5.0"

"@aws-sdk/middleware-host-header@3.468.0":
  version "3.468.0"
  resolved "https://registry.yarnpkg.com/@aws-sdk/middleware-host-header/-/middleware-host-header-3.468.0.tgz#6da7b19032e9afccea54fbf8aa10cccd2f817bcf"
  integrity sha512-gwQ+/QhX+lhof304r6zbZ/V5l5cjhGRxLL3CjH1uJPMcOAbw9wUlMdl+ibr8UwBZ5elfKFGiB1cdW/0uMchw0w==
  dependencies:
    "@aws-sdk/types" "3.468.0"
    "@smithy/protocol-http" "^3.0.11"
    "@smithy/types" "^2.7.0"
    tslib "^2.5.0"

"@aws-sdk/middleware-logger@3.468.0":
  version "3.468.0"
  resolved "https://registry.yarnpkg.com/@aws-sdk/middleware-logger/-/middleware-logger-3.468.0.tgz#a1883fb7ad8e156444d30689de4ab897357ef1d8"
  integrity sha512-X5XHKV7DHRXI3f29SAhJPe/OxWRFgDWDMMCALfzhmJfCi6Jfh0M14cJKoC+nl+dk9lB+36+jKjhjETZaL2bPlA==
  dependencies:
    "@aws-sdk/types" "3.468.0"
    "@smithy/types" "^2.7.0"
    tslib "^2.5.0"

"@aws-sdk/middleware-recursion-detection@3.468.0":
  version "3.468.0"
  resolved "https://registry.yarnpkg.com/@aws-sdk/middleware-recursion-detection/-/middleware-recursion-detection-3.468.0.tgz#85b05636a5c2638bf9e15c8b6be17654757e1bf4"
  integrity sha512-vch9IQib2Ng9ucSyRW2eKNQXHUPb5jUPCLA5otTW/8nGjcOU37LxQG4WrxO7uaJ9Oe8hjHO+hViE3P0KISUhtA==
  dependencies:
    "@aws-sdk/types" "3.468.0"
    "@smithy/protocol-http" "^3.0.11"
    "@smithy/types" "^2.7.0"
    tslib "^2.5.0"

"@aws-sdk/middleware-user-agent@3.470.0":
  version "3.470.0"
  resolved "https://registry.yarnpkg.com/@aws-sdk/middleware-user-agent/-/middleware-user-agent-3.470.0.tgz#6cbb09fc8359acdb45c41f6fe5d6612c81f5ad92"
  integrity sha512-s0YRGgf4fT5KwwTefpoNUQfB5JghzXyvmPfY1QuFEMeVQNxv0OPuydzo3rY2oXPkZjkulKDtpm5jzIHwut75hA==
  dependencies:
    "@aws-sdk/types" "3.468.0"
    "@aws-sdk/util-endpoints" "3.470.0"
    "@smithy/protocol-http" "^3.0.11"
    "@smithy/types" "^2.7.0"
    tslib "^2.5.0"

"@aws-sdk/protocol-http@^3.58.0":
  version "3.374.0"
  resolved "https://registry.yarnpkg.com/@aws-sdk/protocol-http/-/protocol-http-3.374.0.tgz#e35e76096b995bbed803897a9f4587d11ca34088"
  integrity sha512-9WpRUbINdGroV3HiZZIBoJvL2ndoWk39OfwxWs2otxByppJZNN14bg/lvCx5e8ggHUti7IBk5rb0nqQZ4m05pg==
  dependencies:
    "@smithy/protocol-http" "^1.1.0"
    tslib "^2.5.0"

"@aws-sdk/region-config-resolver@3.470.0":
  version "3.470.0"
  resolved "https://registry.yarnpkg.com/@aws-sdk/region-config-resolver/-/region-config-resolver-3.470.0.tgz#74e5c5f7a5633ad8c482503bf940a9330bd1cd09"
  integrity sha512-C1o1J06iIw8cyAAOvHqT4Bbqf+PgQ/RDlSyjt2gFfP2OovDpc2o2S90dE8f8iZdSGpg70N5MikT1DBhW9NbhtQ==
  dependencies:
    "@smithy/node-config-provider" "^2.1.8"
    "@smithy/types" "^2.7.0"
    "@smithy/util-config-provider" "^2.0.0"
    "@smithy/util-middleware" "^2.0.8"
    tslib "^2.5.0"

"@aws-sdk/signature-v4@^3.58.0":
  version "3.374.0"
  resolved "https://registry.yarnpkg.com/@aws-sdk/signature-v4/-/signature-v4-3.374.0.tgz#bd727f4c392acb81bc667aa4cfceeba608250771"
  integrity sha512-2xLJvSdzcZZAg0lsDLUAuSQuihzK0dcxIK7WmfuJeF7DGKJFmp9czQmz5f3qiDz6IDQzvgK1M9vtJSVCslJbyQ==
  dependencies:
    "@smithy/signature-v4" "^1.0.1"
    tslib "^2.5.0"

"@aws-sdk/token-providers@3.470.0":
  version "3.470.0"
  resolved "https://registry.yarnpkg.com/@aws-sdk/token-providers/-/token-providers-3.470.0.tgz#635fa5db3f10919868a9f94be43241fbce206ede"
  integrity sha512-rzxnJxEUJiV69Cxsf0AHXTqJqTACITwcSH/PL4lWP4uvtzdrzSi3KA3u2aWHWpOcdE6+JFvdICscsbBSo3/TOg==
  dependencies:
    "@aws-crypto/sha256-browser" "3.0.0"
    "@aws-crypto/sha256-js" "3.0.0"
    "@aws-sdk/middleware-host-header" "3.468.0"
    "@aws-sdk/middleware-logger" "3.468.0"
    "@aws-sdk/middleware-recursion-detection" "3.468.0"
    "@aws-sdk/middleware-user-agent" "3.470.0"
    "@aws-sdk/region-config-resolver" "3.470.0"
    "@aws-sdk/types" "3.468.0"
    "@aws-sdk/util-endpoints" "3.470.0"
    "@aws-sdk/util-user-agent-browser" "3.468.0"
    "@aws-sdk/util-user-agent-node" "3.470.0"
    "@smithy/config-resolver" "^2.0.21"
    "@smithy/fetch-http-handler" "^2.3.1"
    "@smithy/hash-node" "^2.0.17"
    "@smithy/invalid-dependency" "^2.0.15"
    "@smithy/middleware-content-length" "^2.0.17"
    "@smithy/middleware-endpoint" "^2.2.3"
    "@smithy/middleware-retry" "^2.0.24"
    "@smithy/middleware-serde" "^2.0.15"
    "@smithy/middleware-stack" "^2.0.9"
    "@smithy/node-config-provider" "^2.1.8"
    "@smithy/node-http-handler" "^2.2.1"
    "@smithy/property-provider" "^2.0.0"
    "@smithy/protocol-http" "^3.0.11"
    "@smithy/shared-ini-file-loader" "^2.0.6"
    "@smithy/smithy-client" "^2.1.18"
    "@smithy/types" "^2.7.0"
    "@smithy/url-parser" "^2.0.15"
    "@smithy/util-base64" "^2.0.1"
    "@smithy/util-body-length-browser" "^2.0.1"
    "@smithy/util-body-length-node" "^2.1.0"
    "@smithy/util-defaults-mode-browser" "^2.0.22"
    "@smithy/util-defaults-mode-node" "^2.0.29"
    "@smithy/util-endpoints" "^1.0.7"
    "@smithy/util-retry" "^2.0.8"
    "@smithy/util-utf8" "^2.0.2"
    tslib "^2.5.0"

"@aws-sdk/types@3.468.0", "@aws-sdk/types@^3.110.0", "@aws-sdk/types@^3.222.0":
  version "3.468.0"
  resolved "https://registry.yarnpkg.com/@aws-sdk/types/-/types-3.468.0.tgz#f97b34fc92a800d1d8b866f47693ae8f3d46517b"
  integrity sha512-rx/9uHI4inRbp2tw3Y4Ih4PNZkVj32h7WneSg3MVgVjAoVD5Zti9KhS5hkvsBxfgmQmg0AQbE+b1sy5WGAgntA==
  dependencies:
    "@smithy/types" "^2.7.0"
    tslib "^2.5.0"

"@aws-sdk/util-endpoints@3.470.0":
  version "3.470.0"
  resolved "https://registry.yarnpkg.com/@aws-sdk/util-endpoints/-/util-endpoints-3.470.0.tgz#94338991804f24e0225636abd4215b3bb4338c15"
  integrity sha512-6N6VvPCmu+89p5Ez/+gLf+X620iQ9JpIs8p8ECZiCodirzFOe8NC1O2S7eov7YiG9IHSuodqn/0qNq+v+oLe0A==
  dependencies:
    "@aws-sdk/types" "3.468.0"
    "@smithy/util-endpoints" "^1.0.7"
    tslib "^2.5.0"

"@aws-sdk/util-locate-window@^3.0.0":
  version "3.465.0"
  resolved "https://registry.yarnpkg.com/@aws-sdk/util-locate-window/-/util-locate-window-3.465.0.tgz#0471428fb5eb749d4b72c427f5726f7b61fb90eb"
  integrity sha512-f+QNcWGswredzC1ExNAB/QzODlxwaTdXkNT5cvke2RLX8SFU5pYk6h4uCtWC0vWPELzOfMfloBrJefBzlarhsw==
  dependencies:
    tslib "^2.5.0"

"@aws-sdk/util-user-agent-browser@3.468.0":
  version "3.468.0"
  resolved "https://registry.yarnpkg.com/@aws-sdk/util-user-agent-browser/-/util-user-agent-browser-3.468.0.tgz#095caecb3fd75104ee38ae81ed78821de0f58e28"
  integrity sha512-OJyhWWsDEizR3L+dCgMXSUmaCywkiZ7HSbnQytbeKGwokIhD69HTiJcibF/sgcM5gk4k3Mq3puUhGnEZ46GIig==
  dependencies:
    "@aws-sdk/types" "3.468.0"
    "@smithy/types" "^2.7.0"
    bowser "^2.11.0"
    tslib "^2.5.0"

"@aws-sdk/util-user-agent-node@3.470.0":
  version "3.470.0"
  resolved "https://registry.yarnpkg.com/@aws-sdk/util-user-agent-node/-/util-user-agent-node-3.470.0.tgz#b78605f336859d6c3b5f573cff931ce41f83a27d"
  integrity sha512-QxsZ9iVHcBB/XRdYvwfM5AMvNp58HfqkIrH88mY0cmxuvtlIGDfWjczdDrZMJk9y0vIq+cuoCHsGXHu7PyiEAQ==
  dependencies:
    "@aws-sdk/types" "3.468.0"
    "@smithy/node-config-provider" "^2.1.8"
    "@smithy/types" "^2.7.0"
    tslib "^2.5.0"

"@aws-sdk/util-utf8-browser@^3.0.0":
  version "3.259.0"
  resolved "https://registry.yarnpkg.com/@aws-sdk/util-utf8-browser/-/util-utf8-browser-3.259.0.tgz#3275a6f5eb334f96ca76635b961d3c50259fd9ff"
  integrity sha512-UvFa/vR+e19XookZF8RzFZBrw2EUkQWxiBW0yYQAhvk3C+QVGl0H3ouca8LDBlBfQKXwmW3huo/59H8rwb1wJw==
  dependencies:
    tslib "^2.3.1"

"@smithy/abort-controller@^2.0.15":
  version "2.0.15"
  resolved "https://registry.yarnpkg.com/@smithy/abort-controller/-/abort-controller-2.0.15.tgz#fcec9193da8b86eef1eedc3e71139a99c061db32"
  integrity sha512-JkS36PIS3/UCbq/MaozzV7jECeL+BTt4R75bwY8i+4RASys4xOyUS1HsRyUNSqUXFP4QyCz5aNnh3ltuaxv+pw==
  dependencies:
    "@smithy/types" "^2.7.0"
    tslib "^2.5.0"

"@smithy/config-resolver@^2.0.21":
  version "2.0.21"
  resolved "https://registry.yarnpkg.com/@smithy/config-resolver/-/config-resolver-2.0.21.tgz#97cb1c71f3c8c453fb01169545f98414b3414d7f"
  integrity sha512-rlLIGT+BeqjnA6C2FWumPRJS1UW07iU5ZxDHtFuyam4W65gIaOFMjkB90ofKCIh+0mLVQrQFrl/VLtQT/6FWTA==
  dependencies:
    "@smithy/node-config-provider" "^2.1.8"
    "@smithy/types" "^2.7.0"
    "@smithy/util-config-provider" "^2.0.0"
    "@smithy/util-middleware" "^2.0.8"
    tslib "^2.5.0"

"@smithy/credential-provider-imds@^2.0.0", "@smithy/credential-provider-imds@^2.1.4":
  version "2.1.4"
  resolved "https://registry.yarnpkg.com/@smithy/credential-provider-imds/-/credential-provider-imds-2.1.4.tgz#126adf69eac333f23f8683edbfabdc2b3b2deb15"
  integrity sha512-cwPJN1fa1YOQzhBlTXRavABEYRRchci1X79QRwzaNLySnIMJfztyv1Zkst0iZPLMnpn8+CnHu3wOHS11J5Dr3A==
  dependencies:
    "@smithy/node-config-provider" "^2.1.8"
    "@smithy/property-provider" "^2.0.16"
    "@smithy/types" "^2.7.0"
    "@smithy/url-parser" "^2.0.15"
    tslib "^2.5.0"

"@smithy/eventstream-codec@^1.1.0":
  version "1.1.0"
  resolved "https://registry.yarnpkg.com/@smithy/eventstream-codec/-/eventstream-codec-1.1.0.tgz#bfe1308ba84ff3db3e79dc1ced8231c52ac0fc36"
  integrity sha512-3tEbUb8t8an226jKB6V/Q2XU/J53lCwCzULuBPEaF4JjSh+FlCMp7TmogE/Aij5J9DwlsZ4VAD/IRDuQ/0ZtMw==
  dependencies:
    "@aws-crypto/crc32" "3.0.0"
    "@smithy/types" "^1.2.0"
    "@smithy/util-hex-encoding" "^1.1.0"
    tslib "^2.5.0"

"@smithy/fetch-http-handler@^2.3.1":
  version "2.3.1"
  resolved "https://registry.yarnpkg.com/@smithy/fetch-http-handler/-/fetch-http-handler-2.3.1.tgz#aa055db5bf4d78acec97abe6ef24283fa2c18430"
  integrity sha512-6MNk16fqb8EwcYY8O8WxB3ArFkLZ2XppsSNo1h7SQcFdDDwIumiJeO6wRzm7iB68xvsOQzsdQKbdtTieS3hfSQ==
  dependencies:
    "@smithy/protocol-http" "^3.0.11"
    "@smithy/querystring-builder" "^2.0.15"
    "@smithy/types" "^2.7.0"
    "@smithy/util-base64" "^2.0.1"
    tslib "^2.5.0"

"@smithy/hash-node@^2.0.17":
  version "2.0.17"
  resolved "https://registry.yarnpkg.com/@smithy/hash-node/-/hash-node-2.0.17.tgz#9ce5e3f137143e3658759d31a16e068ef94a14fc"
  integrity sha512-Il6WuBcI1nD+e2DM7tTADMf01wEPGK8PAhz4D+YmDUVaoBqlA+CaH2uDJhiySifmuKBZj748IfygXty81znKhw==
  dependencies:
    "@smithy/types" "^2.7.0"
    "@smithy/util-buffer-from" "^2.0.0"
    "@smithy/util-utf8" "^2.0.2"
    tslib "^2.5.0"

"@smithy/invalid-dependency@^2.0.15":
  version "2.0.15"
  resolved "https://registry.yarnpkg.com/@smithy/invalid-dependency/-/invalid-dependency-2.0.15.tgz#7653490047bf0ab6042fb812adfbcce857aa2d06"
  integrity sha512-dlEKBFFwVfzA5QroHlBS94NpgYjXhwN/bFfun+7w3rgxNvVy79SK0w05iGc7UAeC5t+D7gBxrzdnD6hreZnDVQ==
  dependencies:
    "@smithy/types" "^2.7.0"
    tslib "^2.5.0"

"@smithy/is-array-buffer@^1.1.0":
  version "1.1.0"
  resolved "https://registry.yarnpkg.com/@smithy/is-array-buffer/-/is-array-buffer-1.1.0.tgz#29948072da2b57575aa9898cda863932e842ab11"
  integrity sha512-twpQ/n+3OWZJ7Z+xu43MJErmhB/WO/mMTnqR6PwWQShvSJ/emx5d1N59LQZk6ZpTAeuRWrc+eHhkzTp9NFjNRQ==
  dependencies:
    tslib "^2.5.0"

"@smithy/is-array-buffer@^2.0.0":
  version "2.0.0"
  resolved "https://registry.yarnpkg.com/@smithy/is-array-buffer/-/is-array-buffer-2.0.0.tgz#8fa9b8040651e7ba0b2f6106e636a91354ff7d34"
  integrity sha512-z3PjFjMyZNI98JFRJi/U0nGoLWMSJlDjAW4QUX2WNZLas5C0CmVV6LJ01JI0k90l7FvpmixjWxPFmENSClQ7ug==
  dependencies:
    tslib "^2.5.0"

"@smithy/middleware-content-length@^2.0.17":
  version "2.0.17"
  resolved "https://registry.yarnpkg.com/@smithy/middleware-content-length/-/middleware-content-length-2.0.17.tgz#13479173a15d1cd4224e3e21071a27c66a74b653"
  integrity sha512-OyadvMcKC7lFXTNBa8/foEv7jOaqshQZkjWS9coEXPRZnNnihU/Ls+8ZuJwGNCOrN2WxXZFmDWhegbnM4vak8w==
  dependencies:
    "@smithy/protocol-http" "^3.0.11"
    "@smithy/types" "^2.7.0"
    tslib "^2.5.0"

"@smithy/middleware-endpoint@^2.2.3":
  version "2.2.3"
  resolved "https://registry.yarnpkg.com/@smithy/middleware-endpoint/-/middleware-endpoint-2.2.3.tgz#4069ab6e8d1b485bc0d2384b30f7b37096111ec2"
  integrity sha512-nYfxuq0S/xoAjdLbyn1ixeVB6cyH9wYCMtbbOCpcCRYR5u2mMtqUtVjjPAZ/DIdlK3qe0tpB0Q76szFGNuz+kQ==
  dependencies:
    "@smithy/middleware-serde" "^2.0.15"
    "@smithy/node-config-provider" "^2.1.8"
    "@smithy/shared-ini-file-loader" "^2.2.7"
    "@smithy/types" "^2.7.0"
    "@smithy/url-parser" "^2.0.15"
    "@smithy/util-middleware" "^2.0.8"
    tslib "^2.5.0"

"@smithy/middleware-retry@^2.0.24":
  version "2.0.24"
  resolved "https://registry.yarnpkg.com/@smithy/middleware-retry/-/middleware-retry-2.0.24.tgz#556a39e7d2be32cc61862e020409d3f93e2c5be1"
  integrity sha512-q2SvHTYu96N7lYrn3VSuX3vRpxXHR/Cig6MJpGWxd0BWodUQUWlKvXpWQZA+lTaFJU7tUvpKhRd4p4MU3PbeJg==
  dependencies:
    "@smithy/node-config-provider" "^2.1.8"
    "@smithy/protocol-http" "^3.0.11"
    "@smithy/service-error-classification" "^2.0.8"
    "@smithy/smithy-client" "^2.1.18"
    "@smithy/types" "^2.7.0"
    "@smithy/util-middleware" "^2.0.8"
    "@smithy/util-retry" "^2.0.8"
    tslib "^2.5.0"
    uuid "^8.3.2"

"@smithy/middleware-serde@^2.0.15":
  version "2.0.15"
  resolved "https://registry.yarnpkg.com/@smithy/middleware-serde/-/middleware-serde-2.0.15.tgz#9deac4daad1f2a60d5c4e7097658f9ae2eb0a33f"
  integrity sha512-FOZRFk/zN4AT4wzGuBY+39XWe+ZnCFd0gZtyw3f9Okn2CJPixl9GyWe98TIaljeZdqWkgrzGyPre20AcW2UMHQ==
  dependencies:
    "@smithy/types" "^2.7.0"
    tslib "^2.5.0"

"@smithy/middleware-stack@^2.0.9":
  version "2.0.9"
  resolved "https://registry.yarnpkg.com/@smithy/middleware-stack/-/middleware-stack-2.0.9.tgz#60e51697c74258fac087bc739d940f524921a15f"
  integrity sha512-bCB5dUtGQ5wh7QNL2ELxmDc6g7ih7jWU3Kx6MYH1h4mZbv9xL3WyhKHojRltThCB1arLPyTUFDi+x6fB/oabtA==
  dependencies:
    "@smithy/types" "^2.7.0"
    tslib "^2.5.0"

"@smithy/node-config-provider@^2.1.8":
  version "2.1.8"
  resolved "https://registry.yarnpkg.com/@smithy/node-config-provider/-/node-config-provider-2.1.8.tgz#8cab8f1172c8cd1146e7997292786909abcae763"
  integrity sha512-+w26OKakaBUGp+UG+dxYZtFb5fs3tgHg3/QrRrmUZj+rl3cIuw840vFUXX35cVPTUCQIiTqmz7CpVF7+hdINdQ==
  dependencies:
    "@smithy/property-provider" "^2.0.16"
    "@smithy/shared-ini-file-loader" "^2.2.7"
    "@smithy/types" "^2.7.0"
    tslib "^2.5.0"

"@smithy/node-http-handler@^2.2.1":
  version "2.2.1"
  resolved "https://registry.yarnpkg.com/@smithy/node-http-handler/-/node-http-handler-2.2.1.tgz#23f6540e565edcae8c558a854fffde3d003451c0"
  integrity sha512-8iAKQrC8+VFHPAT8pg4/j6hlsTQh+NKOWlctJBrYtQa4ExcxX7aSg3vdQ2XLoYwJotFUurg/NLqFCmZaPRrogw==
  dependencies:
    "@smithy/abort-controller" "^2.0.15"
    "@smithy/protocol-http" "^3.0.11"
    "@smithy/querystring-builder" "^2.0.15"
    "@smithy/types" "^2.7.0"
    tslib "^2.5.0"

"@smithy/property-provider@^2.0.0", "@smithy/property-provider@^2.0.16":
  version "2.0.16"
  resolved "https://registry.yarnpkg.com/@smithy/property-provider/-/property-provider-2.0.16.tgz#0c15ea8a3e8c8e7012bf5877c79ce754f7d2c06e"
  integrity sha512-28Ky0LlOqtEjwg5CdHmwwaDRHcTWfPRzkT6HrhwOSRS2RryAvuDfJrZpM+BMcrdeCyEg1mbcgIMoqTla+rdL8Q==
  dependencies:
    "@smithy/types" "^2.7.0"
    tslib "^2.5.0"

"@smithy/protocol-http@^1.1.0":
  version "1.2.0"
  resolved "https://registry.yarnpkg.com/@smithy/protocol-http/-/protocol-http-1.2.0.tgz#a554e4dabb14508f0bc2cdef9c3710e2b294be04"
  integrity sha512-GfGfruksi3nXdFok5RhgtOnWe5f6BndzYfmEXISD+5gAGdayFGpjWu5pIqIweTudMtse20bGbc+7MFZXT1Tb8Q==
  dependencies:
    "@smithy/types" "^1.2.0"
    tslib "^2.5.0"

"@smithy/protocol-http@^3.0.11":
  version "3.0.11"
  resolved "https://registry.yarnpkg.com/@smithy/protocol-http/-/protocol-http-3.0.11.tgz#a9ea712fe7cc3375378ac68d9168a7b6cd0b6f65"
  integrity sha512-3ziB8fHuXIRamV/akp/sqiWmNPR6X+9SB8Xxnozzj+Nq7hSpyKdFHd1FLpBkgfGFUTzzcBJQlDZPSyxzmdcx5A==
  dependencies:
    "@smithy/types" "^2.7.0"
    tslib "^2.5.0"

"@smithy/querystring-builder@^2.0.15":
  version "2.0.15"
  resolved "https://registry.yarnpkg.com/@smithy/querystring-builder/-/querystring-builder-2.0.15.tgz#aa8c889bcaef274b8345be4ddabae3bfedf2cf33"
  integrity sha512-e1q85aT6HutvouOdN+dMsN0jcdshp50PSCvxDvo6aIM57LqeXimjfONUEgfqQ4IFpYWAtVixptyIRE5frMp/2A==
  dependencies:
    "@smithy/types" "^2.7.0"
    "@smithy/util-uri-escape" "^2.0.0"
    tslib "^2.5.0"

"@smithy/querystring-parser@^2.0.15":
  version "2.0.15"
  resolved "https://registry.yarnpkg.com/@smithy/querystring-parser/-/querystring-parser-2.0.15.tgz#46c8806a145f46636e4aee2a5d79e7ba68161a4c"
  integrity sha512-jbBvoK3cc81Cj1c1TH1qMYxNQKHrYQ2DoTntN9FBbtUWcGhc+T4FP6kCKYwRLXyU4AajwGIZstvNAmIEgUUNTQ==
  dependencies:
    "@smithy/types" "^2.7.0"
    tslib "^2.5.0"

"@smithy/service-error-classification@^2.0.8":
  version "2.0.8"
  resolved "https://registry.yarnpkg.com/@smithy/service-error-classification/-/service-error-classification-2.0.8.tgz#c9e421312a2def84da025c5efe6de06679c5be95"
  integrity sha512-jCw9+005im8tsfYvwwSc4TTvd29kXRFkH9peQBg5R/4DD03ieGm6v6Hpv9nIAh98GwgYg1KrztcINC1s4o7/hg==
  dependencies:
    "@smithy/types" "^2.7.0"

"@smithy/shared-ini-file-loader@^2.0.6", "@smithy/shared-ini-file-loader@^2.2.7":
  version "2.2.7"
  resolved "https://registry.yarnpkg.com/@smithy/shared-ini-file-loader/-/shared-ini-file-loader-2.2.7.tgz#4a3bd469703d02c3cc8e36dcba2238c06efa12cb"
  integrity sha512-0Qt5CuiogIuvQIfK+be7oVHcPsayLgfLJGkPlbgdbl0lD28nUKu4p11L+UG3SAEsqc9UsazO+nErPXw7+IgDpQ==
  dependencies:
    "@smithy/types" "^2.7.0"
    tslib "^2.5.0"

"@smithy/signature-v4@^1.0.1":
  version "1.1.0"
  resolved "https://registry.yarnpkg.com/@smithy/signature-v4/-/signature-v4-1.1.0.tgz#e85309995c2475d39598a4f56e68b7ed856bdfa6"
  integrity sha512-fDo3m7YqXBs7neciOePPd/X9LPm5QLlDMdIC4m1H6dgNLnXfLMFNIxEfPyohGA8VW9Wn4X8lygnPSGxDZSmp0Q==
  dependencies:
    "@smithy/eventstream-codec" "^1.1.0"
    "@smithy/is-array-buffer" "^1.1.0"
    "@smithy/types" "^1.2.0"
    "@smithy/util-hex-encoding" "^1.1.0"
    "@smithy/util-middleware" "^1.1.0"
    "@smithy/util-uri-escape" "^1.1.0"
    "@smithy/util-utf8" "^1.1.0"
    tslib "^2.5.0"

"@smithy/smithy-client@^2.1.18":
  version "2.1.18"
  resolved "https://registry.yarnpkg.com/@smithy/smithy-client/-/smithy-client-2.1.18.tgz#f8ce2c0e9614f207256ddcd992403aff40750546"
  integrity sha512-7FqdbaJiVaHJDD9IfDhmzhSDbpjyx+ZsfdYuOpDJF09rl8qlIAIlZNoSaflKrQ3cEXZN2YxGPaNWGhbYimyIRQ==
  dependencies:
    "@smithy/middleware-stack" "^2.0.9"
    "@smithy/types" "^2.7.0"
    "@smithy/util-stream" "^2.0.23"
    tslib "^2.5.0"

"@smithy/types@^1.2.0":
  version "1.2.0"
  resolved "https://registry.yarnpkg.com/@smithy/types/-/types-1.2.0.tgz#9dc65767b0ee3d6681704fcc67665d6fc9b6a34e"
  integrity sha512-z1r00TvBqF3dh4aHhya7nz1HhvCg4TRmw51fjMrh5do3h+ngSstt/yKlNbHeb9QxJmFbmN8KEVSWgb1bRvfEoA==
  dependencies:
    tslib "^2.5.0"

"@smithy/types@^2.7.0":
  version "2.7.0"
  resolved "https://registry.yarnpkg.com/@smithy/types/-/types-2.7.0.tgz#6ed9ba5bff7c4d28c980cff967e6d8456840a4f3"
  integrity sha512-1OIFyhK+vOkMbu4aN2HZz/MomREkrAC/HqY5mlJMUJfGrPRwijJDTeiN8Rnj9zUaB8ogXAfIOtZrrgqZ4w7Wnw==
  dependencies:
    tslib "^2.5.0"

"@smithy/url-parser@^2.0.15":
  version "2.0.15"
  resolved "https://registry.yarnpkg.com/@smithy/url-parser/-/url-parser-2.0.15.tgz#878d9b61f9eac8834cb611cf1a8a0e5d9a48038c"
  integrity sha512-sADUncUj9rNbOTrdDGm4EXlUs0eQ9dyEo+V74PJoULY4jSQxS+9gwEgsPYyiu8PUOv16JC/MpHonOgqP/IEDZA==
  dependencies:
    "@smithy/querystring-parser" "^2.0.15"
    "@smithy/types" "^2.7.0"
    tslib "^2.5.0"

"@smithy/util-base64@^2.0.1":
  version "2.0.1"
  resolved "https://registry.yarnpkg.com/@smithy/util-base64/-/util-base64-2.0.1.tgz#57f782dafc187eddea7c8a1ff2a7c188ed1a02c4"
  integrity sha512-DlI6XFYDMsIVN+GH9JtcRp3j02JEVuWIn/QOZisVzpIAprdsxGveFed0bjbMRCqmIFe8uetn5rxzNrBtIGrPIQ==
  dependencies:
    "@smithy/util-buffer-from" "^2.0.0"
    tslib "^2.5.0"

"@smithy/util-body-length-browser@^2.0.1":
  version "2.0.1"
  resolved "https://registry.yarnpkg.com/@smithy/util-body-length-browser/-/util-body-length-browser-2.0.1.tgz#424485cc81c640d18c17c683e0e6edb57e8e2ab9"
  integrity sha512-NXYp3ttgUlwkaug4bjBzJ5+yIbUbUx8VsSLuHZROQpoik+gRkIBeEG9MPVYfvPNpuXb/puqodeeUXcKFe7BLOQ==
  dependencies:
    tslib "^2.5.0"

"@smithy/util-body-length-node@^2.1.0":
  version "2.1.0"
  resolved "https://registry.yarnpkg.com/@smithy/util-body-length-node/-/util-body-length-node-2.1.0.tgz#313a5f7c5017947baf5fa018bfc22628904bbcfa"
  integrity sha512-/li0/kj/y3fQ3vyzn36NTLGmUwAICb7Jbe/CsWCktW363gh1MOcpEcSO3mJ344Gv2dqz8YJCLQpb6hju/0qOWw==
  dependencies:
    tslib "^2.5.0"

"@smithy/util-buffer-from@^1.1.0":
  version "1.1.0"
  resolved "https://registry.yarnpkg.com/@smithy/util-buffer-from/-/util-buffer-from-1.1.0.tgz#a000bd9f95c0e8d5b0edb0112f2a586daa5bed49"
  integrity sha512-9m6NXE0ww+ra5HKHCHig20T+FAwxBAm7DIdwc/767uGWbRcY720ybgPacQNB96JMOI7xVr/CDa3oMzKmW4a+kw==
  dependencies:
    "@smithy/is-array-buffer" "^1.1.0"
    tslib "^2.5.0"

"@smithy/util-buffer-from@^2.0.0":
  version "2.0.0"
  resolved "https://registry.yarnpkg.com/@smithy/util-buffer-from/-/util-buffer-from-2.0.0.tgz#7eb75d72288b6b3001bc5f75b48b711513091deb"
  integrity sha512-/YNnLoHsR+4W4Vf2wL5lGv0ksg8Bmk3GEGxn2vEQt52AQaPSCuaO5PM5VM7lP1K9qHRKHwrPGktqVoAHKWHxzw==
  dependencies:
    "@smithy/is-array-buffer" "^2.0.0"
    tslib "^2.5.0"

"@smithy/util-config-provider@^2.0.0":
  version "2.0.0"
  resolved "https://registry.yarnpkg.com/@smithy/util-config-provider/-/util-config-provider-2.0.0.tgz#4dd6a793605559d94267312fd06d0f58784b4c38"
  integrity sha512-xCQ6UapcIWKxXHEU4Mcs2s7LcFQRiU3XEluM2WcCjjBtQkUN71Tb+ydGmJFPxMUrW/GWMgQEEGipLym4XG0jZg==
  dependencies:
    tslib "^2.5.0"

"@smithy/util-defaults-mode-browser@^2.0.22":
  version "2.0.22"
  resolved "https://registry.yarnpkg.com/@smithy/util-defaults-mode-browser/-/util-defaults-mode-browser-2.0.22.tgz#8ef8c36b8c3c2f98f7a62278c3c684d659134269"
  integrity sha512-qcF20IHHH96FlktvBRICDXDhLPtpVmtksHmqNGtotb9B0DYWXsC6jWXrkhrrwF7tH26nj+npVTqh9isiFV1gdA==
  dependencies:
    "@smithy/property-provider" "^2.0.16"
    "@smithy/smithy-client" "^2.1.18"
    "@smithy/types" "^2.7.0"
    bowser "^2.11.0"
    tslib "^2.5.0"

"@smithy/util-defaults-mode-node@^2.0.29":
  version "2.0.29"
  resolved "https://registry.yarnpkg.com/@smithy/util-defaults-mode-node/-/util-defaults-mode-node-2.0.29.tgz#6b210aede145a6bf4bd83d9f465948fb300ca577"
  integrity sha512-+uG/15VoUh6JV2fdY9CM++vnSuMQ1VKZ6BdnkUM7R++C/vLjnlg+ToiSR1FqKZbMmKBXmsr8c/TsDWMAYvxbxQ==
  dependencies:
    "@smithy/config-resolver" "^2.0.21"
    "@smithy/credential-provider-imds" "^2.1.4"
    "@smithy/node-config-provider" "^2.1.8"
    "@smithy/property-provider" "^2.0.16"
    "@smithy/smithy-client" "^2.1.18"
    "@smithy/types" "^2.7.0"
    tslib "^2.5.0"

"@smithy/util-endpoints@^1.0.7":
  version "1.0.7"
  resolved "https://registry.yarnpkg.com/@smithy/util-endpoints/-/util-endpoints-1.0.7.tgz#5a258ac7838dea085660060b515cd2d19f19a4bc"
  integrity sha512-Q2gEind3jxoLk6hdKWyESMU7LnXz8aamVwM+VeVjOYzYT1PalGlY/ETa48hv2YpV4+YV604y93YngyzzzQ4IIA==
  dependencies:
    "@smithy/node-config-provider" "^2.1.8"
    "@smithy/types" "^2.7.0"
    tslib "^2.5.0"

"@smithy/util-hex-encoding@^1.1.0":
  version "1.1.0"
  resolved "https://registry.yarnpkg.com/@smithy/util-hex-encoding/-/util-hex-encoding-1.1.0.tgz#b5ba919aa076a3fd5e93e368e34ae2b732fa2090"
  integrity sha512-7UtIE9eH0u41zpB60Jzr0oNCQ3hMJUabMcKRUVjmyHTXiWDE4vjSqN6qlih7rCNeKGbioS7f/y2Jgym4QZcKFg==
  dependencies:
    tslib "^2.5.0"

"@smithy/util-hex-encoding@^2.0.0":
  version "2.0.0"
  resolved "https://registry.yarnpkg.com/@smithy/util-hex-encoding/-/util-hex-encoding-2.0.0.tgz#0aa3515acd2b005c6d55675e377080a7c513b59e"
  integrity sha512-c5xY+NUnFqG6d7HFh1IFfrm3mGl29lC+vF+geHv4ToiuJCBmIfzx6IeHLg+OgRdPFKDXIw6pvi+p3CsscaMcMA==
  dependencies:
    tslib "^2.5.0"

"@smithy/util-middleware@^1.1.0":
  version "1.1.0"
  resolved "https://registry.yarnpkg.com/@smithy/util-middleware/-/util-middleware-1.1.0.tgz#9f186489437ca2ef753c5e1de2930f76fd1edc14"
  integrity sha512-6hhckcBqVgjWAqLy2vqlPZ3rfxLDhFWEmM7oLh2POGvsi7j0tHkbN7w4DFhuBExVJAbJ/qqxqZdRY6Fu7/OezQ==
  dependencies:
    tslib "^2.5.0"

"@smithy/util-middleware@^2.0.8":
  version "2.0.8"
  resolved "https://registry.yarnpkg.com/@smithy/util-middleware/-/util-middleware-2.0.8.tgz#2ec1da1190d09b69512ce0248ebd5e819e3c8a92"
  integrity sha512-qkvqQjM8fRGGA8P2ydWylMhenCDP8VlkPn8kiNuFEaFz9xnUKC2irfqsBSJrfrOB9Qt6pQsI58r3zvvumhFMkw==
  dependencies:
    "@smithy/types" "^2.7.0"
    tslib "^2.5.0"

"@smithy/util-retry@^2.0.8":
  version "2.0.8"
  resolved "https://registry.yarnpkg.com/@smithy/util-retry/-/util-retry-2.0.8.tgz#61f8db11e4fe60975cb9fb2eada173f5024a06f3"
  integrity sha512-cQTPnVaVFMjjS6cb44WV2yXtHVyXDC5icKyIbejMarJEApYeJWpBU3LINTxHqp/tyLI+MZOUdosr2mZ3sdziNg==
  dependencies:
    "@smithy/service-error-classification" "^2.0.8"
    "@smithy/types" "^2.7.0"
    tslib "^2.5.0"

"@smithy/util-stream@^2.0.23":
  version "2.0.23"
  resolved "https://registry.yarnpkg.com/@smithy/util-stream/-/util-stream-2.0.23.tgz#468ad29913d091092317cfea2d8ac5b866326a07"
  integrity sha512-OJMWq99LAZJUzUwTk+00plyxX3ESktBaGPhqNIEVab+53gLULiWN9B/8bRABLg0K6R6Xg4t80uRdhk3B/LZqMQ==
  dependencies:
    "@smithy/fetch-http-handler" "^2.3.1"
    "@smithy/node-http-handler" "^2.2.1"
    "@smithy/types" "^2.7.0"
    "@smithy/util-base64" "^2.0.1"
    "@smithy/util-buffer-from" "^2.0.0"
    "@smithy/util-hex-encoding" "^2.0.0"
    "@smithy/util-utf8" "^2.0.2"
    tslib "^2.5.0"

"@smithy/util-uri-escape@^1.1.0":
  version "1.1.0"
  resolved "https://registry.yarnpkg.com/@smithy/util-uri-escape/-/util-uri-escape-1.1.0.tgz#a8c5edaf19c0efdb9b51661e840549cf600a1808"
  integrity sha512-/jL/V1xdVRt5XppwiaEU8Etp5WHZj609n0xMTuehmCqdoOFbId1M+aEeDWZsQ+8JbEB/BJ6ynY2SlYmOaKtt8w==
  dependencies:
    tslib "^2.5.0"

"@smithy/util-uri-escape@^2.0.0":
  version "2.0.0"
  resolved "https://registry.yarnpkg.com/@smithy/util-uri-escape/-/util-uri-escape-2.0.0.tgz#19955b1a0f517a87ae77ac729e0e411963dfda95"
  integrity sha512-ebkxsqinSdEooQduuk9CbKcI+wheijxEb3utGXkCoYQkJnwTnLbH1JXGimJtUkQwNQbsbuYwG2+aFVyZf5TLaw==
  dependencies:
    tslib "^2.5.0"

"@smithy/util-utf8@^1.1.0":
  version "1.1.0"
  resolved "https://registry.yarnpkg.com/@smithy/util-utf8/-/util-utf8-1.1.0.tgz#b791ab1e3f694374edfe22811e39dd8424a1be69"
  integrity sha512-p/MYV+JmqmPyjdgyN2UxAeYDj9cBqCjp0C/NsTWnnjoZUVqoeZ6IrW915L9CAKWVECgv9lVQGc4u/yz26/bI1A==
  dependencies:
    "@smithy/util-buffer-from" "^1.1.0"
    tslib "^2.5.0"

"@smithy/util-utf8@^2.0.2":
  version "2.0.2"
  resolved "https://registry.yarnpkg.com/@smithy/util-utf8/-/util-utf8-2.0.2.tgz#626b3e173ad137208e27ed329d6bea70f4a1a7f7"
  integrity sha512-qOiVORSPm6Ce4/Yu6hbSgNHABLP2VMv8QOC3tTDNHHlWY19pPyc++fBTbZPtx6egPXi4HQxKDnMxVxpbtX2GoA==
  dependencies:
    "@smithy/util-buffer-from" "^2.0.0"
    tslib "^2.5.0"

"@types/aws-lambda@^8.10.92":
  version "8.10.130"
  resolved "https://registry.yarnpkg.com/@types/aws-lambda/-/aws-lambda-8.10.130.tgz#d4a44201f0e47c8320a5868d845ad654f3b4adc2"
  integrity sha512-HxTfLeGvD1wTJqIGwcBCpNmHKenja+We1e0cuzeIDFfbEj3ixnlTInyPR/81zAe0Ss/Ip12rFK6XNeMLVucOSg==

bowser@^2.11.0:
  version "2.11.0"
  resolved "https://registry.yarnpkg.com/bowser/-/bowser-2.11.0.tgz#5ca3c35757a7aa5771500c70a73a9f91ef420a8f"
  integrity sha512-AlcaJBi/pqqJBIQ8U9Mcpc9i8Aqxn88Skv5d+xBX006BY5u8N3mGLHa5Lgppa7L/HfwgwLgZ6NYs+Ag6uUmJRA==

data-uri-to-buffer@^4.0.0:
  version "4.0.1"
  resolved "https://registry.yarnpkg.com/data-uri-to-buffer/-/data-uri-to-buffer-4.0.1.tgz#d8feb2b2881e6a4f58c2e08acfd0e2834e26222e"
  integrity sha512-0R9ikRb668HB7QDxT1vkpuUBtqc53YyAwMwGeUFKRojY/NWKvdZ+9UYtRfGmhqNbRkTSVpMbmyhXipFFv2cb/A==

fetch-blob@^3.1.2, fetch-blob@^3.1.4:
  version "3.2.0"
  resolved "https://registry.yarnpkg.com/fetch-blob/-/fetch-blob-3.2.0.tgz#f09b8d4bbd45adc6f0c20b7e787e793e309dcce9"
  integrity sha512-7yAQpD2UMJzLi1Dqv7qFYnPbaPx7ZfFK6PiIxQ4PfkGPyNyl2Ugx+a/umUonmKqjhM4DnfbMvdX6otXq83soQQ==
  dependencies:
    node-domexception "^1.0.0"
    web-streams-polyfill "^3.0.3"

formdata-polyfill@^4.0.10:
  version "4.0.10"
  resolved "https://registry.yarnpkg.com/formdata-polyfill/-/formdata-polyfill-4.0.10.tgz#24807c31c9d402e002ab3d8c720144ceb8848423"
  integrity sha512-buewHzMvYL29jdeQTVILecSaZKnt/RJWjoZCF5OW60Z67/GmSLBkOFM7qh1PI3zFNtJbaZL5eQu1vLfazOwj4g==
  dependencies:
    fetch-blob "^3.1.2"

node-domexception@^1.0.0:
  version "1.0.0"
  resolved "https://registry.yarnpkg.com/node-domexception/-/node-domexception-1.0.0.tgz#6888db46a1f71c0b76b3f7555016b63fe64766e5"
  integrity sha512-/jKZoMpw0F8GRwl4/eLROPA3cfcXtLApP0QzLmUT/HuPCZWyB7IY9ZrMeKw2O/nFIqPQB3PVM9aYm0F312AXDQ==

node-fetch@^3.2.3:
  version "3.3.2"
  resolved "https://registry.yarnpkg.com/node-fetch/-/node-fetch-3.3.2.tgz#d1e889bacdf733b4ff3b2b243eb7a12866a0b78b"
  integrity sha512-dRB78srN/l6gqWulah9SrxeYnxeddIG30+GOqK/9OlLVyLg3HPnr6SqOWTWOXKRwC2eGYCkZ59NNuSgvSrpgOA==
  dependencies:
    data-uri-to-buffer "^4.0.0"
    fetch-blob "^3.1.4"
    formdata-polyfill "^4.0.10"

tslib@^1.11.1:
  version "1.14.1"
  resolved "https://registry.yarnpkg.com/tslib/-/tslib-1.14.1.tgz#cf2d38bdc34a134bcaf1091c41f6619e2f672d00"
  integrity sha512-Xni35NKzjgMrwevysHTCArtLDpPvye8zV/0E4EyYn43P7/7qvQwPh9BGkHewbMulVntbigmcT7rdX3BNo9wRJg==

tslib@^2.3.1, tslib@^2.5.0:
  version "2.6.2"
  resolved "https://registry.yarnpkg.com/tslib/-/tslib-2.6.2.tgz#703ac29425e7b37cd6fd456e92404d46d1f3e4ae"
  integrity sha512-AEYxH93jGFPn/a2iVAwW87VuUIkR1FVUKB77NwMF7nBTDkDrrT/Hpt/IrCJ0QXhW27jTBDcf5ZY7w6RiqTMw2Q==

uuid@^8.3.2:
  version "8.3.2"
  resolved "https://registry.yarnpkg.com/uuid/-/uuid-8.3.2.tgz#80d5b5ced271bb9af6c445f21a1a04c606cefbe2"
  integrity sha512-+NYs2QeMWy+GWFOEm9xnn6HCDp0l7QBD7ml8zLUmJ+93Q5NF0NocErnwkTkXVFNiX3/fpC6afS8Dhb/gz7R7eg==

web-streams-polyfill@^3.0.3:
  version "3.2.1"
  resolved "https://registry.yarnpkg.com/web-streams-polyfill/-/web-streams-polyfill-3.2.1.tgz#71c2718c52b45fd49dbeee88634b3a60ceab42a6"
  integrity sha512-e0MO3wdXWKrLbL0DgGnUV7WHVuw9OUvL4hjgnPkIeEvESk74gAITi5G606JtZPp39cd8HA9VQzCIvA49LpPN5Q==
